// !$*UTF8*$!
{
	archiveVersion = 1;
	classes = {
	};
	objectVersion = 56;
	objects = {

/* Begin PBXBuildFile section */
		2FE6E8702BE0B37300F0CC00 /* AppDelegate.swift in Sources */ = {isa = PBXBuildFile; fileRef = 2FE6E86F2BE0B37300F0CC00 /* AppDelegate.swift */; };
		2FE6E8722BE0B37300F0CC00 /* SceneDelegate.swift in Sources */ = {isa = PBXBuildFile; fileRef = 2FE6E8712BE0B37300F0CC00 /* SceneDelegate.swift */; };
		2FE6E8742BE0B37300F0CC00 /* ViewController.swift in Sources */ = {isa = PBXBuildFile; fileRef = 2FE6E8732BE0B37300F0CC00 /* ViewController.swift */; };
		2FE6E8772BE0B37300F0CC00 /* Base in Resources */ = {isa = PBXBuildFile; fileRef = 2FE6E8762BE0B37300F0CC00 /* Base */; };
		2FE6E8792BE0B37400F0CC00 /* Assets.xcassets in Resources */ = {isa = PBXBuildFile; fileRef = 2FE6E8782BE0B37400F0CC00 /* Assets.xcassets */; };
		2FE6E87C2BE0B37400F0CC00 /* Base in Resources */ = {isa = PBXBuildFile; fileRef = 2FE6E87B2BE0B37400F0CC00 /* Base */; };
		320BAC868CA285380601CF65 /* Pods_FWFramework_Plugin.framework in Frameworks */ = {isa = PBXBuildFile; fileRef = C46677D5B4782A9604BF6A45 /* Pods_FWFramework_Plugin.framework */; };
/* End PBXBuildFile section */

/* Begin PBXFileReference section */
		11B1F3542319B17DBA4DC0F9 /* Pods-FWFramework_Plugin.debug.xcconfig */ = {isa = PBXFileReference; includeInIndex = 1; lastKnownFileType = text.xcconfig; name = "Pods-FWFramework_Plugin.debug.xcconfig"; path = "Target Support Files/Pods-FWFramework_Plugin/Pods-FWFramework_Plugin.debug.xcconfig"; sourceTree = "<group>"; };
		2FE6E86C2BE0B37300F0CC00 /* FWFramework_Plugin.app */ = {isa = PBXFileReference; explicitFileType = wrapper.application; includeInIndex = 0; path = FWFramework_Plugin.app; sourceTree = BUILT_PRODUCTS_DIR; };
		2FE6E86F2BE0B37300F0CC00 /* AppDelegate.swift */ = {isa = PBXFileReference; lastKnownFileType = sourcecode.swift; path = AppDelegate.swift; sourceTree = "<group>"; };
		2FE6E8712BE0B37300F0CC00 /* SceneDelegate.swift */ = {isa = PBXFileReference; lastKnownFileType = sourcecode.swift; path = SceneDelegate.swift; sourceTree = "<group>"; };
		2FE6E8732BE0B37300F0CC00 /* ViewController.swift */ = {isa = PBXFileReference; lastKnownFileType = sourcecode.swift; path = ViewController.swift; sourceTree = "<group>"; };
		2FE6E8762BE0B37300F0CC00 /* Base */ = {isa = PBXFileReference; lastKnownFileType = file.storyboard; name = Base; path = Base.lproj/Main.storyboard; sourceTree = "<group>"; };
		2FE6E8782BE0B37400F0CC00 /* Assets.xcassets */ = {isa = PBXFileReference; lastKnownFileType = folder.assetcatalog; path = Assets.xcassets; sourceTree = "<group>"; };
		2FE6E87B2BE0B37400F0CC00 /* Base */ = {isa = PBXFileReference; lastKnownFileType = file.storyboard; name = Base; path = Base.lproj/LaunchScreen.storyboard; sourceTree = "<group>"; };
		2FE6E87D2BE0B37400F0CC00 /* Info.plist */ = {isa = PBXFileReference; lastKnownFileType = text.plist.xml; path = Info.plist; sourceTree = "<group>"; };
		2FE6E8882BE0BB6F00F0CC00 /* FWFramework.podspec */ = {isa = PBXFileReference; lastKnownFileType = text; name = FWFramework.podspec; path = ../../FWFramework.podspec; sourceTree = "<group>"; xcLanguageSpecificationIdentifier = xcode.lang.ruby; };
		2FE6E8892BE0BB7000F0CC00 /* CHANGELOG.md */ = {isa = PBXFileReference; lastKnownFileType = net.daringfireball.markdown; name = CHANGELOG.md; path = ../../CHANGELOG.md; sourceTree = "<group>"; };
		2FE6E88A2BE0BB7000F0CC00 /* LICENSE */ = {isa = PBXFileReference; lastKnownFileType = text; name = LICENSE; path = ../../LICENSE; sourceTree = "<group>"; };
		2FE6E88B2BE0BB7000F0CC00 /* README_CN.md */ = {isa = PBXFileReference; lastKnownFileType = net.daringfireball.markdown; name = README_CN.md; path = ../../README_CN.md; sourceTree = "<group>"; };
		2FE6E88C2BE0BB7000F0CC00 /* README.md */ = {isa = PBXFileReference; lastKnownFileType = net.daringfireball.markdown; name = README.md; path = ../../README.md; sourceTree = "<group>"; };
		2FE6E88D2BE0BB7000F0CC00 /* CHANGELOG_CN.md */ = {isa = PBXFileReference; lastKnownFileType = net.daringfireball.markdown; name = CHANGELOG_CN.md; path = ../../CHANGELOG_CN.md; sourceTree = "<group>"; };
		2FE6E88E2BE0BB9700F0CC00 /* Package.swift */ = {isa = PBXFileReference; lastKnownFileType = sourcecode.swift; name = Package.swift; path = ../../Package.swift; sourceTree = "<group>"; };
		9209E8474A0B67D351986B05 /* Pods-FWFramework_Plugin.release.xcconfig */ = {isa = PBXFileReference; includeInIndex = 1; lastKnownFileType = text.xcconfig; name = "Pods-FWFramework_Plugin.release.xcconfig"; path = "Target Support Files/Pods-FWFramework_Plugin/Pods-FWFramework_Plugin.release.xcconfig"; sourceTree = "<group>"; };
		C46677D5B4782A9604BF6A45 /* Pods_FWFramework_Plugin.framework */ = {isa = PBXFileReference; explicitFileType = wrapper.framework; includeInIndex = 0; path = Pods_FWFramework_Plugin.framework; sourceTree = BUILT_PRODUCTS_DIR; };
/* End PBXFileReference section */

/* Begin PBXFrameworksBuildPhase section */
		2FE6E8692BE0B37300F0CC00 /* Frameworks */ = {
			isa = PBXFrameworksBuildPhase;
			buildActionMask = 2147483647;
			files = (
				320BAC868CA285380601CF65 /* Pods_FWFramework_Plugin.framework in Frameworks */,
			);
			runOnlyForDeploymentPostprocessing = 0;
		};
/* End PBXFrameworksBuildPhase section */

/* Begin PBXGroup section */
		2FE6E8632BE0B37300F0CC00 = {
			isa = PBXGroup;
			children = (
				2FE6E8872BE0BB5600F0CC00 /* Podspec Metadata */,
				2FE6E86E2BE0B37300F0CC00 /* Example for FWFramework */,
				2FE6E86D2BE0B37300F0CC00 /* Products */,
				E5DDC3622362BFE4E7BB9EEC /* Pods */,
				6BF3F749E381B1C0111C4A99 /* Frameworks */,
			);
			sourceTree = "<group>";
		};
		2FE6E86D2BE0B37300F0CC00 /* Products */ = {
			isa = PBXGroup;
			children = (
				2FE6E86C2BE0B37300F0CC00 /* FWFramework_Plugin.app */,
			);
			name = Products;
			sourceTree = "<group>";
		};
		2FE6E86E2BE0B37300F0CC00 /* Example for FWFramework */ = {
			isa = PBXGroup;
			children = (
				2FE6E86F2BE0B37300F0CC00 /* AppDelegate.swift */,
				2FE6E8712BE0B37300F0CC00 /* SceneDelegate.swift */,
				2FE6E8732BE0B37300F0CC00 /* ViewController.swift */,
				2FE6E8752BE0B37300F0CC00 /* Main.storyboard */,
				2FE6E8782BE0B37400F0CC00 /* Assets.xcassets */,
				2FE6E87A2BE0B37400F0CC00 /* LaunchScreen.storyboard */,
				2FE6E87D2BE0B37400F0CC00 /* Info.plist */,
			);
			name = "Example for FWFramework";
			path = FWPlugin;
			sourceTree = "<group>";
		};
		2FE6E8872BE0BB5600F0CC00 /* Podspec Metadata */ = {
			isa = PBXGroup;
			children = (
				2FE6E8882BE0BB6F00F0CC00 /* FWFramework.podspec */,
				2FE6E88E2BE0BB9700F0CC00 /* Package.swift */,
				2FE6E88C2BE0BB7000F0CC00 /* README.md */,
				2FE6E88B2BE0BB7000F0CC00 /* README_CN.md */,
				2FE6E8892BE0BB7000F0CC00 /* CHANGELOG.md */,
				2FE6E88D2BE0BB7000F0CC00 /* CHANGELOG_CN.md */,
				2FE6E88A2BE0BB7000F0CC00 /* LICENSE */,
			);
			name = "Podspec Metadata";
			sourceTree = "<group>";
		};
		6BF3F749E381B1C0111C4A99 /* Frameworks */ = {
			isa = PBXGroup;
			children = (
				C46677D5B4782A9604BF6A45 /* Pods_FWFramework_Plugin.framework */,
			);
			name = Frameworks;
			sourceTree = "<group>";
		};
		E5DDC3622362BFE4E7BB9EEC /* Pods */ = {
			isa = PBXGroup;
			children = (
				11B1F3542319B17DBA4DC0F9 /* Pods-FWFramework_Plugin.debug.xcconfig */,
				9209E8474A0B67D351986B05 /* Pods-FWFramework_Plugin.release.xcconfig */,
			);
			path = Pods;
			sourceTree = "<group>";
		};
/* End PBXGroup section */

/* Begin PBXNativeTarget section */
		2FE6E86B2BE0B37300F0CC00 /* FWFramework_Plugin */ = {
			isa = PBXNativeTarget;
			buildConfigurationList = 2FE6E8802BE0B37400F0CC00 /* Build configuration list for PBXNativeTarget "FWFramework_Plugin" */;
			buildPhases = (
				77D5639BB6281F7E73F95845 /* [CP] Check Pods Manifest.lock */,
				2FE6E8682BE0B37300F0CC00 /* Sources */,
				2FE6E8692BE0B37300F0CC00 /* Frameworks */,
				2FE6E86A2BE0B37300F0CC00 /* Resources */,
				72BCC38DED3164E48EB87799 /* [CP] Embed Pods Frameworks */,
				41BFFF6CD21C12065306624F /* [CP] Copy Pods Resources */,
			);
			buildRules = (
			);
			dependencies = (
			);
			name = FWFramework_Plugin;
			productName = FWComponent;
			productReference = 2FE6E86C2BE0B37300F0CC00 /* FWFramework_Plugin.app */;
			productType = "com.apple.product-type.application";
		};
/* End PBXNativeTarget section */

/* Begin PBXProject section */
		2FE6E8642BE0B37300F0CC00 /* Project object */ = {
			isa = PBXProject;
			attributes = {
				BuildIndependentTargetsInParallel = 1;
				LastSwiftUpdateCheck = 1530;
				LastUpgradeCheck = 1530;
				TargetAttributes = {
					2FE6E86B2BE0B37300F0CC00 = {
						CreatedOnToolsVersion = 15.3;
					};
				};
			};
			buildConfigurationList = 2FE6E8672BE0B37300F0CC00 /* Build configuration list for PBXProject "FWPlugin" */;
			compatibilityVersion = "Xcode 14.0";
			developmentRegion = en;
			hasScannedForEncodings = 0;
			knownRegions = (
				en,
				Base,
			);
			mainGroup = 2FE6E8632BE0B37300F0CC00;
			productRefGroup = 2FE6E86D2BE0B37300F0CC00 /* Products */;
			projectDirPath = "";
			projectRoot = "";
			targets = (
				2FE6E86B2BE0B37300F0CC00 /* FWFramework_Plugin */,
			);
		};
/* End PBXProject section */

/* Begin PBXResourcesBuildPhase section */
		2FE6E86A2BE0B37300F0CC00 /* Resources */ = {
			isa = PBXResourcesBuildPhase;
			buildActionMask = 2147483647;
			files = (
				2FE6E8792BE0B37400F0CC00 /* Assets.xcassets in Resources */,
				2FE6E87C2BE0B37400F0CC00 /* Base in Resources */,
				2FE6E8772BE0B37300F0CC00 /* Base in Resources */,
			);
			runOnlyForDeploymentPostprocessing = 0;
		};
/* End PBXResourcesBuildPhase section */

/* Begin PBXShellScriptBuildPhase section */
		41BFFF6CD21C12065306624F /* [CP] Copy Pods Resources */ = {
			isa = PBXShellScriptBuildPhase;
			buildActionMask = 2147483647;
			files = (
			);
			inputFileListPaths = (
				"${PODS_ROOT}/Target Support Files/Pods-FWFramework_Plugin/Pods-FWFramework_Plugin-resources-${CONFIGURATION}-input-files.xcfilelist",
			);
			name = "[CP] Copy Pods Resources";
			outputFileListPaths = (
				"${PODS_ROOT}/Target Support Files/Pods-FWFramework_Plugin/Pods-FWFramework_Plugin-resources-${CONFIGURATION}-output-files.xcfilelist",
			);
			runOnlyForDeploymentPostprocessing = 0;
			shellPath = /bin/sh;
			shellScript = "\"${PODS_ROOT}/Target Support Files/Pods-FWFramework_Plugin/Pods-FWFramework_Plugin-resources.sh\"\n";
			showEnvVarsInLog = 0;
		};
		72BCC38DED3164E48EB87799 /* [CP] Embed Pods Frameworks */ = {
			isa = PBXShellScriptBuildPhase;
			buildActionMask = 2147483647;
			files = (
			);
			inputFileListPaths = (
				"${PODS_ROOT}/Target Support Files/Pods-FWFramework_Plugin/Pods-FWFramework_Plugin-frameworks-${CONFIGURATION}-input-files.xcfilelist",
			);
			name = "[CP] Embed Pods Frameworks";
			outputFileListPaths = (
				"${PODS_ROOT}/Target Support Files/Pods-FWFramework_Plugin/Pods-FWFramework_Plugin-frameworks-${CONFIGURATION}-output-files.xcfilelist",
			);
			runOnlyForDeploymentPostprocessing = 0;
			shellPath = /bin/sh;
			shellScript = "\"${PODS_ROOT}/Target Support Files/Pods-FWFramework_Plugin/Pods-FWFramework_Plugin-frameworks.sh\"\n";
			showEnvVarsInLog = 0;
		};
		77D5639BB6281F7E73F95845 /* [CP] Check Pods Manifest.lock */ = {
			isa = PBXShellScriptBuildPhase;
			buildActionMask = 2147483647;
			files = (
			);
			inputFileListPaths = (
			);
			inputPaths = (
				"${PODS_PODFILE_DIR_PATH}/Podfile.lock",
				"${PODS_ROOT}/Manifest.lock",
			);
			name = "[CP] Check Pods Manifest.lock";
			outputFileListPaths = (
			);
			outputPaths = (
				"$(DERIVED_FILE_DIR)/Pods-FWFramework_Plugin-checkManifestLockResult.txt",
			);
			runOnlyForDeploymentPostprocessing = 0;
			shellPath = /bin/sh;
			shellScript = "diff \"${PODS_PODFILE_DIR_PATH}/Podfile.lock\" \"${PODS_ROOT}/Manifest.lock\" > /dev/null\nif [ $? != 0 ] ; then\n    # print error to STDERR\n    echo \"error: The sandbox is not in sync with the Podfile.lock. Run 'pod install' or update your CocoaPods installation.\" >&2\n    exit 1\nfi\n# This output is used by Xcode 'outputs' to avoid re-running this script phase.\necho \"SUCCESS\" > \"${SCRIPT_OUTPUT_FILE_0}\"\n";
			showEnvVarsInLog = 0;
		};
/* End PBXShellScriptBuildPhase section */

/* Begin PBXSourcesBuildPhase section */
		2FE6E8682BE0B37300F0CC00 /* Sources */ = {
			isa = PBXSourcesBuildPhase;
			buildActionMask = 2147483647;
			files = (
				2FE6E8742BE0B37300F0CC00 /* ViewController.swift in Sources */,
				2FE6E8702BE0B37300F0CC00 /* AppDelegate.swift in Sources */,
				2FE6E8722BE0B37300F0CC00 /* SceneDelegate.swift in Sources */,
			);
			runOnlyForDeploymentPostprocessing = 0;
		};
/* End PBXSourcesBuildPhase section */

/* Begin PBXVariantGroup section */
		2FE6E8752BE0B37300F0CC00 /* Main.storyboard */ = {
			isa = PBXVariantGroup;
			children = (
				2FE6E8762BE0B37300F0CC00 /* Base */,
			);
			name = Main.storyboard;
			sourceTree = "<group>";
		};
		2FE6E87A2BE0B37400F0CC00 /* LaunchScreen.storyboard */ = {
			isa = PBXVariantGroup;
			children = (
				2FE6E87B2BE0B37400F0CC00 /* Base */,
			);
			name = LaunchScreen.storyboard;
			sourceTree = "<group>";
		};
/* End PBXVariantGroup section */

/* Begin XCBuildConfiguration section */
		2FE6E87E2BE0B37400F0CC00 /* Debug */ = {
			isa = XCBuildConfiguration;
			buildSettings = {
				ALWAYS_SEARCH_USER_PATHS = NO;
				ASSETCATALOG_COMPILER_GENERATE_SWIFT_ASSET_SYMBOL_EXTENSIONS = YES;
				CLANG_ANALYZER_NONNULL = YES;
				CLANG_ANALYZER_NUMBER_OBJECT_CONVERSION = YES_AGGRESSIVE;
				CLANG_CXX_LANGUAGE_STANDARD = "gnu++20";
				CLANG_ENABLE_MODULES = YES;
				CLANG_ENABLE_OBJC_ARC = YES;
				CLANG_ENABLE_OBJC_WEAK = YES;
				CLANG_WARN_BLOCK_CAPTURE_AUTORELEASING = YES;
				CLANG_WARN_BOOL_CONVERSION = YES;
				CLANG_WARN_COMMA = YES;
				CLANG_WARN_CONSTANT_CONVERSION = YES;
				CLANG_WARN_DEPRECATED_OBJC_IMPLEMENTATIONS = YES;
				CLANG_WARN_DIRECT_OBJC_ISA_USAGE = YES_ERROR;
				CLANG_WARN_DOCUMENTATION_COMMENTS = YES;
				CLANG_WARN_EMPTY_BODY = YES;
				CLANG_WARN_ENUM_CONVERSION = YES;
				CLANG_WARN_INFINITE_RECURSION = YES;
				CLANG_WARN_INT_CONVERSION = YES;
				CLANG_WARN_NON_LITERAL_NULL_CONVERSION = YES;
				CLANG_WARN_OBJC_IMPLICIT_RETAIN_SELF = YES;
				CLANG_WARN_OBJC_LITERAL_CONVERSION = YES;
				CLANG_WARN_OBJC_ROOT_CLASS = YES_ERROR;
				CLANG_WARN_QUOTED_INCLUDE_IN_FRAMEWORK_HEADER = YES;
				CLANG_WARN_RANGE_LOOP_ANALYSIS = YES;
				CLANG_WARN_STRICT_PROTOTYPES = YES;
				CLANG_WARN_SUSPICIOUS_MOVE = YES;
				CLANG_WARN_UNGUARDED_AVAILABILITY = YES_AGGRESSIVE;
				CLANG_WARN_UNREACHABLE_CODE = YES;
				CLANG_WARN__DUPLICATE_METHOD_MATCH = YES;
				COPY_PHASE_STRIP = NO;
				DEBUG_INFORMATION_FORMAT = dwarf;
				ENABLE_STRICT_OBJC_MSGSEND = YES;
				ENABLE_TESTABILITY = YES;
				ENABLE_USER_SCRIPT_SANDBOXING = YES;
				GCC_C_LANGUAGE_STANDARD = gnu17;
				GCC_DYNAMIC_NO_PIC = NO;
				GCC_NO_COMMON_BLOCKS = YES;
				GCC_OPTIMIZATION_LEVEL = 0;
				GCC_PREPROCESSOR_DEFINITIONS = (
					"DEBUG=1",
					"$(inherited)",
				);
				GCC_WARN_64_TO_32_BIT_CONVERSION = YES;
				GCC_WARN_ABOUT_RETURN_TYPE = YES_ERROR;
				GCC_WARN_UNDECLARED_SELECTOR = YES;
				GCC_WARN_UNINITIALIZED_AUTOS = YES_AGGRESSIVE;
				GCC_WARN_UNUSED_FUNCTION = YES;
				GCC_WARN_UNUSED_VARIABLE = YES;
				IPHONEOS_DEPLOYMENT_TARGET = 13.0;
				LOCALIZATION_PREFERS_STRING_CATALOGS = YES;
				MTL_ENABLE_DEBUG_INFO = INCLUDE_SOURCE;
				MTL_FAST_MATH = YES;
				ONLY_ACTIVE_ARCH = YES;
				SDKROOT = iphoneos;
				SWIFT_ACTIVE_COMPILATION_CONDITIONS = "DEBUG $(inherited)";
				SWIFT_OPTIMIZATION_LEVEL = "-Onone";
			};
			name = Debug;
		};
		2FE6E87F2BE0B37400F0CC00 /* Release */ = {
			isa = XCBuildConfiguration;
			buildSettings = {
				ALWAYS_SEARCH_USER_PATHS = NO;
				ASSETCATALOG_COMPILER_GENERATE_SWIFT_ASSET_SYMBOL_EXTENSIONS = YES;
				CLANG_ANALYZER_NONNULL = YES;
				CLANG_ANALYZER_NUMBER_OBJECT_CONVERSION = YES_AGGRESSIVE;
				CLANG_CXX_LANGUAGE_STANDARD = "gnu++20";
				CLANG_ENABLE_MODULES = YES;
				CLANG_ENABLE_OBJC_ARC = YES;
				CLANG_ENABLE_OBJC_WEAK = YES;
				CLANG_WARN_BLOCK_CAPTURE_AUTORELEASING = YES;
				CLANG_WARN_BOOL_CONVERSION = YES;
				CLANG_WARN_COMMA = YES;
				CLANG_WARN_CONSTANT_CONVERSION = YES;
				CLANG_WARN_DEPRECATED_OBJC_IMPLEMENTATIONS = YES;
				CLANG_WARN_DIRECT_OBJC_ISA_USAGE = YES_ERROR;
				CLANG_WARN_DOCUMENTATION_COMMENTS = YES;
				CLANG_WARN_EMPTY_BODY = YES;
				CLANG_WARN_ENUM_CONVERSION = YES;
				CLANG_WARN_INFINITE_RECURSION = YES;
				CLANG_WARN_INT_CONVERSION = YES;
				CLANG_WARN_NON_LITERAL_NULL_CONVERSION = YES;
				CLANG_WARN_OBJC_IMPLICIT_RETAIN_SELF = YES;
				CLANG_WARN_OBJC_LITERAL_CONVERSION = YES;
				CLANG_WARN_OBJC_ROOT_CLASS = YES_ERROR;
				CLANG_WARN_QUOTED_INCLUDE_IN_FRAMEWORK_HEADER = YES;
				CLANG_WARN_RANGE_LOOP_ANALYSIS = YES;
				CLANG_WARN_STRICT_PROTOTYPES = YES;
				CLANG_WARN_SUSPICIOUS_MOVE = YES;
				CLANG_WARN_UNGUARDED_AVAILABILITY = YES_AGGRESSIVE;
				CLANG_WARN_UNREACHABLE_CODE = YES;
				CLANG_WARN__DUPLICATE_METHOD_MATCH = YES;
				COPY_PHASE_STRIP = NO;
				DEBUG_INFORMATION_FORMAT = "dwarf-with-dsym";
				ENABLE_NS_ASSERTIONS = NO;
				ENABLE_STRICT_OBJC_MSGSEND = YES;
				ENABLE_USER_SCRIPT_SANDBOXING = YES;
				GCC_C_LANGUAGE_STANDARD = gnu17;
				GCC_NO_COMMON_BLOCKS = YES;
				GCC_WARN_64_TO_32_BIT_CONVERSION = YES;
				GCC_WARN_ABOUT_RETURN_TYPE = YES_ERROR;
				GCC_WARN_UNDECLARED_SELECTOR = YES;
				GCC_WARN_UNINITIALIZED_AUTOS = YES_AGGRESSIVE;
				GCC_WARN_UNUSED_FUNCTION = YES;
				GCC_WARN_UNUSED_VARIABLE = YES;
				IPHONEOS_DEPLOYMENT_TARGET = 13.0;
				LOCALIZATION_PREFERS_STRING_CATALOGS = YES;
				MTL_ENABLE_DEBUG_INFO = NO;
				MTL_FAST_MATH = YES;
				SDKROOT = iphoneos;
				SWIFT_COMPILATION_MODE = wholemodule;
				VALIDATE_PRODUCT = YES;
			};
			name = Release;
		};
		2FE6E8812BE0B37400F0CC00 /* Debug */ = {
			isa = XCBuildConfiguration;
			baseConfigurationReference = 11B1F3542319B17DBA4DC0F9 /* Pods-FWFramework_Plugin.debug.xcconfig */;
			buildSettings = {
				ASSETCATALOG_COMPILER_APPICON_NAME = AppIcon;
				ASSETCATALOG_COMPILER_GLOBAL_ACCENT_COLOR_NAME = "";
				CODE_SIGN_STYLE = Automatic;
				CURRENT_PROJECT_VERSION = 1;
				DEVELOPMENT_TEAM = 3SPQYAJQY3;
				ENABLE_USER_SCRIPT_SANDBOXING = NO;
				GENERATE_INFOPLIST_FILE = YES;
				INFOPLIST_FILE = FWPlugin/Info.plist;
				INFOPLIST_KEY_UIApplicationSupportsIndirectInputEvents = YES;
				INFOPLIST_KEY_UILaunchStoryboardName = LaunchScreen;
				INFOPLIST_KEY_UIMainStoryboardFile = Main;
				INFOPLIST_KEY_UISupportedInterfaceOrientations_iPad = "UIInterfaceOrientationPortrait UIInterfaceOrientationPortraitUpsideDown UIInterfaceOrientationLandscapeLeft UIInterfaceOrientationLandscapeRight";
				INFOPLIST_KEY_UISupportedInterfaceOrientations_iPhone = "UIInterfaceOrientationPortrait UIInterfaceOrientationLandscapeLeft UIInterfaceOrientationLandscapeRight";
				LD_RUNPATH_SEARCH_PATHS = (
					"$(inherited)",
					"@executable_path/Frameworks",
				);
				MARKETING_VERSION = 1.0;
				PRODUCT_BUNDLE_IDENTIFIER = site.wuyong.FWFramework.ExampleApp.FWPlugin;
				PRODUCT_NAME = "$(TARGET_NAME)";
				SWIFT_EMIT_LOC_STRINGS = YES;
				SWIFT_VERSION = 5.0;
				TARGETED_DEVICE_FAMILY = "1,2";
			};
			name = Debug;
		};
		2FE6E8822BE0B37400F0CC00 /* Release */ = {
			isa = XCBuildConfiguration;
			baseConfigurationReference = 9209E8474A0B67D351986B05 /* Pods-FWFramework_Plugin.release.xcconfig */;
			buildSettings = {
				ASSETCATALOG_COMPILER_APPICON_NAME = AppIcon;
				ASSETCATALOG_COMPILER_GLOBAL_ACCENT_COLOR_NAME = "";
				CODE_SIGN_STYLE = Automatic;
				CURRENT_PROJECT_VERSION = 1;
				DEVELOPMENT_TEAM = 3SPQYAJQY3;
				ENABLE_USER_SCRIPT_SANDBOXING = NO;
				GENERATE_INFOPLIST_FILE = YES;
				INFOPLIST_FILE = FWPlugin/Info.plist;
				INFOPLIST_KEY_UIApplicationSupportsIndirectInputEvents = YES;
				INFOPLIST_KEY_UILaunchStoryboardName = LaunchScreen;
				INFOPLIST_KEY_UIMainStoryboardFile = Main;
				INFOPLIST_KEY_UISupportedInterfaceOrientations_iPad = "UIInterfaceOrientationPortrait UIInterfaceOrientationPortraitUpsideDown UIInterfaceOrientationLandscapeLeft UIInterfaceOrientationLandscapeRight";
				INFOPLIST_KEY_UISupportedInterfaceOrientations_iPhone = "UIInterfaceOrientationPortrait UIInterfaceOrientationLandscapeLeft UIInterfaceOrientationLandscapeRight";
				LD_RUNPATH_SEARCH_PATHS = (
					"$(inherited)",
					"@executable_path/Frameworks",
				);
				MARKETING_VERSION = 1.0;
				PRODUCT_BUNDLE_IDENTIFIER = site.wuyong.FWFramework.ExampleApp.FWPlugin;
				PRODUCT_NAME = "$(TARGET_NAME)";
				SWIFT_EMIT_LOC_STRINGS = YES;
				SWIFT_VERSION = 5.0;
				TARGETED_DEVICE_FAMILY = "1,2";
			};
			name = Release;
		};
/* End XCBuildConfiguration section */

/* Begin XCConfigurationList section */
		2FE6E8672BE0B37300F0CC00 /* Build configuration list for PBXProject "FWPlugin" */ = {
			isa = XCConfigurationList;
			buildConfigurations = (
				2FE6E87E2BE0B37400F0CC00 /* Debug */,
				2FE6E87F2BE0B37400F0CC00 /* Release */,
			);
			defaultConfigurationIsVisible = 0;
			defaultConfigurationName = Release;
		};
		2FE6E8802BE0B37400F0CC00 /* Build configuration list for PBXNativeTarget "FWFramework_Plugin" */ = {
			isa = XCConfigurationList;
			buildConfigurations = (
				2FE6E8812BE0B37400F0CC00 /* Debug */,
				2FE6E8822BE0B37400F0CC00 /* Release */,
			);
			defaultConfigurationIsVisible = 0;
			defaultConfigurationName = Release;
		};
/* End XCConfigurationList section */
	};
	rootObject = 2FE6E8642BE0B37300F0CC00 /* Project object */;
}
