// !$*UTF8*$!
{
	archiveVersion = 1;
	classes = {
	};
	objectVersion = 54;
	objects = {

/* Begin PBXBuildFile section */
		2F06D15728D31E52007E53EC /* TestToastController.swift in Sources */ = {isa = PBXBuildFile; fileRef = 2F06D15628D31E52007E53EC /* TestToastController.swift */; };
		2F06D15928D44934007E53EC /* TestPickerController.swift in Sources */ = {isa = PBXBuildFile; fileRef = 2F06D15828D44934007E53EC /* TestPickerController.swift */; };
		2F06D15B28D451E8007E53EC /* TestPreviewController.swift in Sources */ = {isa = PBXBuildFile; fileRef = 2F06D15A28D451E8007E53EC /* TestPreviewController.swift */; };
		2F06D15D28D46F81007E53EC /* TestPluginController.swift in Sources */ = {isa = PBXBuildFile; fileRef = 2F06D15C28D46F81007E53EC /* TestPluginController.swift */; };
		2F06D15F28D805DE007E53EC /* TestRefreshController.swift in Sources */ = {isa = PBXBuildFile; fileRef = 2F06D15E28D805DE007E53EC /* TestRefreshController.swift */; };
		2F06D16128D955B6007E53EC /* TestAdaptiveController.swift in Sources */ = {isa = PBXBuildFile; fileRef = 2F06D16028D955B6007E53EC /* TestAdaptiveController.swift */; };
		2F06D16328D965C9007E53EC /* TestButtonController.swift in Sources */ = {isa = PBXBuildFile; fileRef = 2F06D16228D965C9007E53EC /* TestButtonController.swift */; };
		2F0F09252B3186F4000C3F5E /* Audio1.mp3 in Resources */ = {isa = PBXBuildFile; fileRef = 2F0F09212B3186F4000C3F5E /* Audio1.mp3 */; };
		2F0F09262B3186F4000C3F5E /* Audio3.m4a in Resources */ = {isa = PBXBuildFile; fileRef = 2F0F09222B3186F4000C3F5E /* Audio3.m4a */; };
		2F0F09272B3186F4000C3F5E /* Video.mp4 in Resources */ = {isa = PBXBuildFile; fileRef = 2F0F09232B3186F4000C3F5E /* Video.mp4 */; };
		2F0F09292B328E24000C3F5E /* Audio2.m4a in Resources */ = {isa = PBXBuildFile; fileRef = 2F0F09282B328E24000C3F5E /* Audio2.m4a */; };
		2F2D997E2A72685F005C81BB /* TestDatabaseController.swift in Sources */ = {isa = PBXBuildFile; fileRef = 2F2D997D2A72685F005C81BB /* TestDatabaseController.swift */; };
		2F30926B2BF5B51100F64898 /* LoginViewModel.swift in Sources */ = {isa = PBXBuildFile; fileRef = 2F30926A2BF5B51100F64898 /* LoginViewModel.swift */; };
		2F30926E2BF5B60200F64898 /* UserModel.swift in Sources */ = {isa = PBXBuildFile; fileRef = 2F30926D2BF5B60200F64898 /* UserModel.swift */; };
		2F336D4929D71E5200553F48 /* TestTabbarViewController.swift in Sources */ = {isa = PBXBuildFile; fileRef = 2F336D4829D71E5200553F48 /* TestTabbarViewController.swift */; };
		2F36CBB9298B833300444127 /* TestRequestController.swift in Sources */ = {isa = PBXBuildFile; fileRef = 2F36CBB8298B833300444127 /* TestRequestController.swift */; };
		2F46A0AF2A8F2F6900E95F4D /* TestEncodeController.swift in Sources */ = {isa = PBXBuildFile; fileRef = 2F46A0AE2A8F2F6900E95F4D /* TestEncodeController.swift */; };
		2F49EE1A28FD3F0F00F229BB /* TestBarrageController.swift in Sources */ = {isa = PBXBuildFile; fileRef = 2F49EE1928FD3F0F00F229BB /* TestBarrageController.swift */; };
		2F49EE1C28FE595300F229BB /* TestPasscodeController.swift in Sources */ = {isa = PBXBuildFile; fileRef = 2F49EE1B28FE595300F229BB /* TestPasscodeController.swift */; };
		2F49EE1E28FE7B6E00F229BB /* TestPagingController.swift in Sources */ = {isa = PBXBuildFile; fileRef = 2F49EE1D28FE7B6E00F229BB /* TestPagingController.swift */; };
		2F49EE2028FE8A6F00F229BB /* TestSkeletonController.swift in Sources */ = {isa = PBXBuildFile; fileRef = 2F49EE1F28FE8A6F00F229BB /* TestSkeletonController.swift */; };
		2F49EE2228FFA25D00F229BB /* TestStatisticalController.swift in Sources */ = {isa = PBXBuildFile; fileRef = 2F49EE2128FFA25D00F229BB /* TestStatisticalController.swift */; };
		2F49EE2428FFB7D000F229BB /* TestTransitionController.swift in Sources */ = {isa = PBXBuildFile; fileRef = 2F49EE2328FFB7D000F229BB /* TestTransitionController.swift */; };
		2F6A411A28B5E2E7003719E7 /* AppIcon.swift in Sources */ = {isa = PBXBuildFile; fileRef = 2F6A411928B5E2E7003719E7 /* AppIcon.swift */; };
		2F6A411D28B5F84E003719E7 /* AppMediator.swift in Sources */ = {isa = PBXBuildFile; fileRef = 2F6A411C28B5F84E003719E7 /* AppMediator.swift */; };
		2F6A412028B5F913003719E7 /* TabController.swift in Sources */ = {isa = PBXBuildFile; fileRef = 2F6A411F28B5F913003719E7 /* TabController.swift */; };
		2F6A412328B5FF19003719E7 /* LoginController.swift in Sources */ = {isa = PBXBuildFile; fileRef = 2F6A412228B5FF19003719E7 /* LoginController.swift */; };
		2F6A412928B62207003719E7 /* TestSwiftUIController.swift in Sources */ = {isa = PBXBuildFile; fileRef = 2F6A412828B62207003719E7 /* TestSwiftUIController.swift */; };
		2F6A412B28B62711003719E7 /* TestSwiftController.swift in Sources */ = {isa = PBXBuildFile; fileRef = 2F6A412A28B62711003719E7 /* TestSwiftController.swift */; };
		2F6A412D28B64774003719E7 /* TestIconController.swift in Sources */ = {isa = PBXBuildFile; fileRef = 2F6A412C28B64774003719E7 /* TestIconController.swift */; };
		2F6A412F28B66919003719E7 /* TestAuthorizeController.swift in Sources */ = {isa = PBXBuildFile; fileRef = 2F6A412E28B66919003719E7 /* TestAuthorizeController.swift */; };
		2F6A414928B70BEC003719E7 /* TestAudioController.swift in Sources */ = {isa = PBXBuildFile; fileRef = 2F6A414828B70BEC003719E7 /* TestAudioController.swift */; };
		2F6A414B28B70E60003719E7 /* TestVideoController.swift in Sources */ = {isa = PBXBuildFile; fileRef = 2F6A414A28B70E60003719E7 /* TestVideoController.swift */; };
		2F6A415D28B71E12003719E7 /* TestCameraController.swift in Sources */ = {isa = PBXBuildFile; fileRef = 2F6A415C28B71E12003719E7 /* TestCameraController.swift */; };
		2F6A416828B721C9003719E7 /* Animation.png in Resources */ = {isa = PBXBuildFile; fileRef = 2F6A416228B721C9003719E7 /* Animation.png */; };
		2F6A416928B721C9003719E7 /* Qrcode.caf in Resources */ = {isa = PBXBuildFile; fileRef = 2F6A416328B721C9003719E7 /* Qrcode.caf */; };
		2F6A416A28B721C9003719E7 /* Loading.gif in Resources */ = {isa = PBXBuildFile; fileRef = 2F6A416428B721C9003719E7 /* Loading.gif */; };
		2F6A416B28B721C9003719E7 /* Material.ttf in Resources */ = {isa = PBXBuildFile; fileRef = 2F6A416528B721C9003719E7 /* Material.ttf */; };
		2F6A416C28B721C9003719E7 /* Lottie.json in Resources */ = {isa = PBXBuildFile; fileRef = 2F6A416628B721C9003719E7 /* Lottie.json */; };
		2F6A416D28B721C9003719E7 /* Bridge.html in Resources */ = {isa = PBXBuildFile; fileRef = 2F6A416728B721C9003719E7 /* Bridge.html */; };
		2F6A417528B72F7B003719E7 /* TestTabbarController.swift in Sources */ = {isa = PBXBuildFile; fileRef = 2F6A417428B72F7B003719E7 /* TestTabbarController.swift */; };
		2F6A417728B7319A003719E7 /* TestPromiseController.swift in Sources */ = {isa = PBXBuildFile; fileRef = 2F6A417628B7319A003719E7 /* TestPromiseController.swift */; };
		2F6A41DD28B9E8FF003719E7 /* TestSocketController.swift in Sources */ = {isa = PBXBuildFile; fileRef = 2F6A41DC28B9E8FF003719E7 /* TestSocketController.swift */; };
		2F6E0C4528E691D500C77153 /* TestCompatibleController.swift in Sources */ = {isa = PBXBuildFile; fileRef = 2F6E0C4428E691D500C77153 /* TestCompatibleController.swift */; };
		2F91AA2D28CDD876000A6FA2 /* WebController.swift in Sources */ = {isa = PBXBuildFile; fileRef = 2F91AA2C28CDD876000A6FA2 /* WebController.swift */; };
		2FB11EF128DAE16500DCB965 /* TestAnimationController.swift in Sources */ = {isa = PBXBuildFile; fileRef = 2FB11EF028DAE16500DCB965 /* TestAnimationController.swift */; };
		2FB11EF328DB023B00DCB965 /* TestFloatingController.swift in Sources */ = {isa = PBXBuildFile; fileRef = 2FB11EF228DB023B00DCB965 /* TestFloatingController.swift */; };
		2FB11EF528DB055C00DCB965 /* TestGridController.swift in Sources */ = {isa = PBXBuildFile; fileRef = 2FB11EF428DB055C00DCB965 /* TestGridController.swift */; };
		2FB11EF728DB090F00DCB965 /* TestBadgeController.swift in Sources */ = {isa = PBXBuildFile; fileRef = 2FB11EF628DB090F00DCB965 /* TestBadgeController.swift */; };
		2FB11EFB28E2999C00DCB965 /* TestCollectionController.swift in Sources */ = {isa = PBXBuildFile; fileRef = 2FB11EFA28E2999C00DCB965 /* TestCollectionController.swift */; };
		2FB11EFD28E2D73800DCB965 /* TestTableController.swift in Sources */ = {isa = PBXBuildFile; fileRef = 2FB11EFC28E2D73800DCB965 /* TestTableController.swift */; };
		2FB11EFF28E2E39E00DCB965 /* TestLayoutController.swift in Sources */ = {isa = PBXBuildFile; fileRef = 2FB11EFE28E2E39E00DCB965 /* TestLayoutController.swift */; };
		2FB11F0128E2FB0000DCB965 /* TestQrcodeController.swift in Sources */ = {isa = PBXBuildFile; fileRef = 2FB11F0028E2FB0000DCB965 /* TestQrcodeController.swift */; };
		2FB11F0328E3F5F700DCB965 /* TestThreadController.swift in Sources */ = {isa = PBXBuildFile; fileRef = 2FB11F0228E3F5F700DCB965 /* TestThreadController.swift */; };
		2FB11F0528E41C0700DCB965 /* TestKeyboardController.swift in Sources */ = {isa = PBXBuildFile; fileRef = 2FB11F0428E41C0700DCB965 /* TestKeyboardController.swift */; };
		2FB11F0728E441F400DCB965 /* TestDrawerController.swift in Sources */ = {isa = PBXBuildFile; fileRef = 2FB11F0628E441F400DCB965 /* TestDrawerController.swift */; };
		2FB11F0928E5325C00DCB965 /* TestToolbarController.swift in Sources */ = {isa = PBXBuildFile; fileRef = 2FB11F0828E5325B00DCB965 /* TestToolbarController.swift */; };
		2FB48E542B29E7E100F10AC6 /* TestConcurrencyController.swift in Sources */ = {isa = PBXBuildFile; fileRef = 2FB48E532B29E7E100F10AC6 /* TestConcurrencyController.swift */; };
		2FB9E30028C09D4D00C78850 /* TestWorkflowController.swift in Sources */ = {isa = PBXBuildFile; fileRef = 2FB9E2FF28C09D4D00C78850 /* TestWorkflowController.swift */; };
		2FB9E30228C09F2500C78850 /* TestStateController.swift in Sources */ = {isa = PBXBuildFile; fileRef = 2FB9E30128C09F2500C78850 /* TestStateController.swift */; };
		2FB9E30428C0A69B00C78850 /* TestCacheController.swift in Sources */ = {isa = PBXBuildFile; fileRef = 2FB9E30328C0A69B00C78850 /* TestCacheController.swift */; };
		2FB9E30628C1E5D000C78850 /* TestNotificationController.swift in Sources */ = {isa = PBXBuildFile; fileRef = 2FB9E30528C1E5D000C78850 /* TestNotificationController.swift */; };
		2FB9E30828C5A03800C78850 /* TestBridgeController.swift in Sources */ = {isa = PBXBuildFile; fileRef = 2FB9E30728C5A03800C78850 /* TestBridgeController.swift */; };
		2FB9E30A28C5AA5D00C78850 /* TestRouterController.swift in Sources */ = {isa = PBXBuildFile; fileRef = 2FB9E30928C5AA5D00C78850 /* TestRouterController.swift */; };
		2FCDB4FC28E543820079A56C /* TestBannerController.swift in Sources */ = {isa = PBXBuildFile; fileRef = 2FCDB4FB28E543810079A56C /* TestBannerController.swift */; };
		2FCDB4FE28E54B160079A56C /* TestPopupController.swift in Sources */ = {isa = PBXBuildFile; fileRef = 2FCDB4FD28E54B160079A56C /* TestPopupController.swift */; };
		2FCDB50028E571820079A56C /* TestSegmentController.swift in Sources */ = {isa = PBXBuildFile; fileRef = 2FCDB4FF28E571820079A56C /* TestSegmentController.swift */; };
		2FD9454129EF8248002C48F2 /* TestSwiftUIListController.swift in Sources */ = {isa = PBXBuildFile; fileRef = 2FD9454029EF8248002C48F2 /* TestSwiftUIListController.swift */; };
		2FDA141B28D2D42C00985FBD /* TestThemeController.swift in Sources */ = {isa = PBXBuildFile; fileRef = 2FDA141A28D2D42C00985FBD /* TestThemeController.swift */; };
		2FDA141D28D2FC5800985FBD /* TestAlertController.swift in Sources */ = {isa = PBXBuildFile; fileRef = 2FDA141C28D2FC5800985FBD /* TestAlertController.swift */; };
		2FDA141F28D30BCE00985FBD /* TestEmptyController.swift in Sources */ = {isa = PBXBuildFile; fileRef = 2FDA141E28D30BCE00985FBD /* TestEmptyController.swift */; };
		2FDA142128D30F3600985FBD /* TestImageController.swift in Sources */ = {isa = PBXBuildFile; fileRef = 2FDA142028D30F3600985FBD /* TestImageController.swift */; };
		2FE1E9C82BA16C5200D2C230 /* TestCodableController.swift in Sources */ = {isa = PBXBuildFile; fileRef = 2FE1E9C72BA16C5100D2C230 /* TestCodableController.swift */; };
		2FF08B3B28ADDC000074895A /* Localizable.strings in Resources */ = {isa = PBXBuildFile; fileRef = 2FF08B1028ADDC000074895A /* Localizable.strings */; };
		2FF08B3C28ADDC000074895A /* InfoPlist.strings in Resources */ = {isa = PBXBuildFile; fileRef = 2FF08B1228ADDC000074895A /* InfoPlist.strings */; };
		2FF08B3D28ADDC000074895A /* LaunchScreen.storyboard in Resources */ = {isa = PBXBuildFile; fileRef = 2FF08B1628ADDC000074895A /* LaunchScreen.storyboard */; };
		2FF08B3E28ADDC000074895A /* Assets.xcassets in Resources */ = {isa = PBXBuildFile; fileRef = 2FF08B1728ADDC000074895A /* Assets.xcassets */; };
		2FF08B5D28ADDD730074895A /* AppTheme.swift in Sources */ = {isa = PBXBuildFile; fileRef = 2FF08B4A28ADDD720074895A /* AppTheme.swift */; };
		2FF08B6228ADDD730074895A /* AppRouter.swift in Sources */ = {isa = PBXBuildFile; fileRef = 2FF08B5A28ADDD730074895A /* AppRouter.swift */; };
		2FF08B6328ADDD730074895A /* AppConfig.swift in Sources */ = {isa = PBXBuildFile; fileRef = 2FF08B5B28ADDD730074895A /* AppConfig.swift */; };
		2FF08B6428ADDD730074895A /* AppDelegate.swift in Sources */ = {isa = PBXBuildFile; fileRef = 2FF08B5C28ADDD730074895A /* AppDelegate.swift */; };
		2FF08B7628ADE7690074895A /* SettingsController.swift in Sources */ = {isa = PBXBuildFile; fileRef = 2FF08B6928ADE7690074895A /* SettingsController.swift */; };
		2FF08B7728ADE7690074895A /* HomeController.swift in Sources */ = {isa = PBXBuildFile; fileRef = 2FF08B6D28ADE7690074895A /* HomeController.swift */; };
		2FF08B7828ADE7690074895A /* TestController.swift in Sources */ = {isa = PBXBuildFile; fileRef = 2FF08B7128ADE7690074895A /* TestController.swift */; };
		2FF08B7928ADE7690074895A /* UserService.swift in Sources */ = {isa = PBXBuildFile; fileRef = 2FF08B7528ADE7690074895A /* UserService.swift */; };
		B9719F10F5B17714B420B90A /* Pods_FWFramework_Example.framework in Frameworks */ = {isa = PBXBuildFile; fileRef = F82F6D7DFD5759C81B36F2BB /* Pods_FWFramework_Example.framework */; };
/* End PBXBuildFile section */

/* Begin PBXFileReference section */
		2F06D15628D31E52007E53EC /* TestToastController.swift */ = {isa = PBXFileReference; lastKnownFileType = sourcecode.swift; path = TestToastController.swift; sourceTree = "<group>"; };
		2F06D15828D44934007E53EC /* TestPickerController.swift */ = {isa = PBXFileReference; lastKnownFileType = sourcecode.swift; path = TestPickerController.swift; sourceTree = "<group>"; };
		2F06D15A28D451E8007E53EC /* TestPreviewController.swift */ = {isa = PBXFileReference; lastKnownFileType = sourcecode.swift; path = TestPreviewController.swift; sourceTree = "<group>"; };
		2F06D15C28D46F81007E53EC /* TestPluginController.swift */ = {isa = PBXFileReference; lastKnownFileType = sourcecode.swift; path = TestPluginController.swift; sourceTree = "<group>"; };
		2F06D15E28D805DE007E53EC /* TestRefreshController.swift */ = {isa = PBXFileReference; lastKnownFileType = sourcecode.swift; path = TestRefreshController.swift; sourceTree = "<group>"; };
		2F06D16028D955B6007E53EC /* TestAdaptiveController.swift */ = {isa = PBXFileReference; lastKnownFileType = sourcecode.swift; path = TestAdaptiveController.swift; sourceTree = "<group>"; };
		2F06D16228D965C9007E53EC /* TestButtonController.swift */ = {isa = PBXFileReference; lastKnownFileType = sourcecode.swift; path = TestButtonController.swift; sourceTree = "<group>"; };
		2F0F09212B3186F4000C3F5E /* Audio1.mp3 */ = {isa = PBXFileReference; lastKnownFileType = audio.mp3; path = Audio1.mp3; sourceTree = "<group>"; };
		2F0F09222B3186F4000C3F5E /* Audio3.m4a */ = {isa = PBXFileReference; lastKnownFileType = file; path = Audio3.m4a; sourceTree = "<group>"; };
		2F0F09232B3186F4000C3F5E /* Video.mp4 */ = {isa = PBXFileReference; lastKnownFileType = file; path = Video.mp4; sourceTree = "<group>"; };
		2F0F09282B328E24000C3F5E /* Audio2.m4a */ = {isa = PBXFileReference; lastKnownFileType = file; path = Audio2.m4a; sourceTree = "<group>"; };
		2F2969772BD11D6C00F23645 /* zh-Hant */ = {isa = PBXFileReference; lastKnownFileType = text.plist.strings; name = "zh-Hant"; path = "zh-Hant.lproj/Localizable.strings"; sourceTree = "<group>"; };
		2F2969782BD11D6C00F23645 /* zh-Hant */ = {isa = PBXFileReference; lastKnownFileType = text.plist.strings; name = "zh-Hant"; path = "zh-Hant.lproj/InfoPlist.strings"; sourceTree = "<group>"; };
		2F2D997D2A72685F005C81BB /* TestDatabaseController.swift */ = {isa = PBXFileReference; lastKnownFileType = sourcecode.swift; path = TestDatabaseController.swift; sourceTree = "<group>"; };
		2F30926A2BF5B51100F64898 /* LoginViewModel.swift */ = {isa = PBXFileReference; lastKnownFileType = sourcecode.swift; path = LoginViewModel.swift; sourceTree = "<group>"; };
		2F30926D2BF5B60200F64898 /* UserModel.swift */ = {isa = PBXFileReference; lastKnownFileType = sourcecode.swift; path = UserModel.swift; sourceTree = "<group>"; };
		2F336D4829D71E5200553F48 /* TestTabbarViewController.swift */ = {isa = PBXFileReference; fileEncoding = 4; lastKnownFileType = sourcecode.swift; path = TestTabbarViewController.swift; sourceTree = "<group>"; };
		2F36CBB8298B833300444127 /* TestRequestController.swift */ = {isa = PBXFileReference; lastKnownFileType = sourcecode.swift; path = TestRequestController.swift; sourceTree = "<group>"; };
		2F46A0AE2A8F2F6900E95F4D /* TestEncodeController.swift */ = {isa = PBXFileReference; fileEncoding = 4; lastKnownFileType = sourcecode.swift; path = TestEncodeController.swift; sourceTree = "<group>"; };
		2F49EE1928FD3F0F00F229BB /* TestBarrageController.swift */ = {isa = PBXFileReference; lastKnownFileType = sourcecode.swift; path = TestBarrageController.swift; sourceTree = "<group>"; };
		2F49EE1B28FE595300F229BB /* TestPasscodeController.swift */ = {isa = PBXFileReference; lastKnownFileType = sourcecode.swift; path = TestPasscodeController.swift; sourceTree = "<group>"; };
		2F49EE1D28FE7B6E00F229BB /* TestPagingController.swift */ = {isa = PBXFileReference; lastKnownFileType = sourcecode.swift; path = TestPagingController.swift; sourceTree = "<group>"; };
		2F49EE1F28FE8A6F00F229BB /* TestSkeletonController.swift */ = {isa = PBXFileReference; lastKnownFileType = sourcecode.swift; path = TestSkeletonController.swift; sourceTree = "<group>"; };
		2F49EE2128FFA25D00F229BB /* TestStatisticalController.swift */ = {isa = PBXFileReference; lastKnownFileType = sourcecode.swift; path = TestStatisticalController.swift; sourceTree = "<group>"; };
		2F49EE2328FFB7D000F229BB /* TestTransitionController.swift */ = {isa = PBXFileReference; lastKnownFileType = sourcecode.swift; path = TestTransitionController.swift; sourceTree = "<group>"; };
		2F6A411928B5E2E7003719E7 /* AppIcon.swift */ = {isa = PBXFileReference; lastKnownFileType = sourcecode.swift; path = AppIcon.swift; sourceTree = "<group>"; };
		2F6A411C28B5F84E003719E7 /* AppMediator.swift */ = {isa = PBXFileReference; lastKnownFileType = sourcecode.swift; path = AppMediator.swift; sourceTree = "<group>"; };
		2F6A411F28B5F913003719E7 /* TabController.swift */ = {isa = PBXFileReference; lastKnownFileType = sourcecode.swift; path = TabController.swift; sourceTree = "<group>"; };
		2F6A412228B5FF19003719E7 /* LoginController.swift */ = {isa = PBXFileReference; lastKnownFileType = sourcecode.swift; path = LoginController.swift; sourceTree = "<group>"; };
		2F6A412828B62207003719E7 /* TestSwiftUIController.swift */ = {isa = PBXFileReference; lastKnownFileType = sourcecode.swift; path = TestSwiftUIController.swift; sourceTree = "<group>"; };
		2F6A412A28B62711003719E7 /* TestSwiftController.swift */ = {isa = PBXFileReference; lastKnownFileType = sourcecode.swift; path = TestSwiftController.swift; sourceTree = "<group>"; };
		2F6A412C28B64774003719E7 /* TestIconController.swift */ = {isa = PBXFileReference; lastKnownFileType = sourcecode.swift; path = TestIconController.swift; sourceTree = "<group>"; };
		2F6A412E28B66919003719E7 /* TestAuthorizeController.swift */ = {isa = PBXFileReference; lastKnownFileType = sourcecode.swift; path = TestAuthorizeController.swift; sourceTree = "<group>"; };
		2F6A414828B70BEC003719E7 /* TestAudioController.swift */ = {isa = PBXFileReference; lastKnownFileType = sourcecode.swift; path = TestAudioController.swift; sourceTree = "<group>"; };
		2F6A414A28B70E60003719E7 /* TestVideoController.swift */ = {isa = PBXFileReference; lastKnownFileType = sourcecode.swift; path = TestVideoController.swift; sourceTree = "<group>"; };
		2F6A415C28B71E12003719E7 /* TestCameraController.swift */ = {isa = PBXFileReference; lastKnownFileType = sourcecode.swift; path = TestCameraController.swift; sourceTree = "<group>"; };
		2F6A416228B721C9003719E7 /* Animation.png */ = {isa = PBXFileReference; lastKnownFileType = image.png; path = Animation.png; sourceTree = "<group>"; };
		2F6A416328B721C9003719E7 /* Qrcode.caf */ = {isa = PBXFileReference; lastKnownFileType = file; path = Qrcode.caf; sourceTree = "<group>"; };
		2F6A416428B721C9003719E7 /* Loading.gif */ = {isa = PBXFileReference; lastKnownFileType = image.gif; path = Loading.gif; sourceTree = "<group>"; };
		2F6A416528B721C9003719E7 /* Material.ttf */ = {isa = PBXFileReference; lastKnownFileType = file; path = Material.ttf; sourceTree = "<group>"; };
		2F6A416628B721C9003719E7 /* Lottie.json */ = {isa = PBXFileReference; fileEncoding = 4; lastKnownFileType = text.json; path = Lottie.json; sourceTree = "<group>"; };
		2F6A416728B721C9003719E7 /* Bridge.html */ = {isa = PBXFileReference; fileEncoding = 4; lastKnownFileType = text.html; path = Bridge.html; sourceTree = "<group>"; };
		2F6A417428B72F7B003719E7 /* TestTabbarController.swift */ = {isa = PBXFileReference; lastKnownFileType = sourcecode.swift; path = TestTabbarController.swift; sourceTree = "<group>"; };
		2F6A417628B7319A003719E7 /* TestPromiseController.swift */ = {isa = PBXFileReference; lastKnownFileType = sourcecode.swift; path = TestPromiseController.swift; sourceTree = "<group>"; };
		2F6A41DC28B9E8FF003719E7 /* TestSocketController.swift */ = {isa = PBXFileReference; lastKnownFileType = sourcecode.swift; path = TestSocketController.swift; sourceTree = "<group>"; };
		2F6E0C4428E691D500C77153 /* TestCompatibleController.swift */ = {isa = PBXFileReference; lastKnownFileType = sourcecode.swift; path = TestCompatibleController.swift; sourceTree = "<group>"; };
		2F7312B32C6B253C00516AC6 /* Package@Swift-5.8.swift */ = {isa = PBXFileReference; lastKnownFileType = sourcecode.swift; name = "Package@Swift-5.8.swift"; path = "../Package@Swift-5.8.swift"; sourceTree = "<group>"; };
		2F7312B42C6B253C00516AC6 /* Package@Swift-5.9.swift */ = {isa = PBXFileReference; lastKnownFileType = sourcecode.swift; name = "Package@Swift-5.9.swift"; path = "../Package@Swift-5.9.swift"; sourceTree = "<group>"; };
		2F7312B52C6B253C00516AC6 /* Package@Swift-5.10.swift */ = {isa = PBXFileReference; lastKnownFileType = sourcecode.swift; name = "Package@Swift-5.10.swift"; path = "../Package@Swift-5.10.swift"; sourceTree = "<group>"; };
		2F91AA2C28CDD876000A6FA2 /* WebController.swift */ = {isa = PBXFileReference; lastKnownFileType = sourcecode.swift; path = WebController.swift; sourceTree = "<group>"; };
		2FB11EF028DAE16500DCB965 /* TestAnimationController.swift */ = {isa = PBXFileReference; lastKnownFileType = sourcecode.swift; path = TestAnimationController.swift; sourceTree = "<group>"; };
		2FB11EF228DB023B00DCB965 /* TestFloatingController.swift */ = {isa = PBXFileReference; lastKnownFileType = sourcecode.swift; path = TestFloatingController.swift; sourceTree = "<group>"; };
		2FB11EF428DB055C00DCB965 /* TestGridController.swift */ = {isa = PBXFileReference; lastKnownFileType = sourcecode.swift; path = TestGridController.swift; sourceTree = "<group>"; };
		2FB11EF628DB090F00DCB965 /* TestBadgeController.swift */ = {isa = PBXFileReference; lastKnownFileType = sourcecode.swift; path = TestBadgeController.swift; sourceTree = "<group>"; };
		2FB11EFA28E2999C00DCB965 /* TestCollectionController.swift */ = {isa = PBXFileReference; lastKnownFileType = sourcecode.swift; path = TestCollectionController.swift; sourceTree = "<group>"; };
		2FB11EFC28E2D73800DCB965 /* TestTableController.swift */ = {isa = PBXFileReference; lastKnownFileType = sourcecode.swift; path = TestTableController.swift; sourceTree = "<group>"; };
		2FB11EFE28E2E39E00DCB965 /* TestLayoutController.swift */ = {isa = PBXFileReference; lastKnownFileType = sourcecode.swift; path = TestLayoutController.swift; sourceTree = "<group>"; };
		2FB11F0028E2FB0000DCB965 /* TestQrcodeController.swift */ = {isa = PBXFileReference; lastKnownFileType = sourcecode.swift; path = TestQrcodeController.swift; sourceTree = "<group>"; };
		2FB11F0228E3F5F700DCB965 /* TestThreadController.swift */ = {isa = PBXFileReference; lastKnownFileType = sourcecode.swift; path = TestThreadController.swift; sourceTree = "<group>"; };
		2FB11F0428E41C0700DCB965 /* TestKeyboardController.swift */ = {isa = PBXFileReference; lastKnownFileType = sourcecode.swift; path = TestKeyboardController.swift; sourceTree = "<group>"; };
		2FB11F0628E441F400DCB965 /* TestDrawerController.swift */ = {isa = PBXFileReference; lastKnownFileType = sourcecode.swift; path = TestDrawerController.swift; sourceTree = "<group>"; };
		2FB11F0828E5325B00DCB965 /* TestToolbarController.swift */ = {isa = PBXFileReference; lastKnownFileType = sourcecode.swift; path = TestToolbarController.swift; sourceTree = "<group>"; };
		2FB48E532B29E7E100F10AC6 /* TestConcurrencyController.swift */ = {isa = PBXFileReference; fileEncoding = 4; lastKnownFileType = sourcecode.swift; path = TestConcurrencyController.swift; sourceTree = "<group>"; };
		2FB9E2FF28C09D4D00C78850 /* TestWorkflowController.swift */ = {isa = PBXFileReference; lastKnownFileType = sourcecode.swift; path = TestWorkflowController.swift; sourceTree = "<group>"; };
		2FB9E30128C09F2500C78850 /* TestStateController.swift */ = {isa = PBXFileReference; lastKnownFileType = sourcecode.swift; path = TestStateController.swift; sourceTree = "<group>"; };
		2FB9E30328C0A69B00C78850 /* TestCacheController.swift */ = {isa = PBXFileReference; lastKnownFileType = sourcecode.swift; path = TestCacheController.swift; sourceTree = "<group>"; };
		2FB9E30528C1E5D000C78850 /* TestNotificationController.swift */ = {isa = PBXFileReference; lastKnownFileType = sourcecode.swift; path = TestNotificationController.swift; sourceTree = "<group>"; };
		2FB9E30728C5A03800C78850 /* TestBridgeController.swift */ = {isa = PBXFileReference; lastKnownFileType = sourcecode.swift; path = TestBridgeController.swift; sourceTree = "<group>"; };
		2FB9E30928C5AA5D00C78850 /* TestRouterController.swift */ = {isa = PBXFileReference; lastKnownFileType = sourcecode.swift; path = TestRouterController.swift; sourceTree = "<group>"; };
		2FCDB4FB28E543810079A56C /* TestBannerController.swift */ = {isa = PBXFileReference; lastKnownFileType = sourcecode.swift; path = TestBannerController.swift; sourceTree = "<group>"; };
		2FCDB4FD28E54B160079A56C /* TestPopupController.swift */ = {isa = PBXFileReference; lastKnownFileType = sourcecode.swift; path = TestPopupController.swift; sourceTree = "<group>"; };
		2FCDB4FF28E571820079A56C /* TestSegmentController.swift */ = {isa = PBXFileReference; lastKnownFileType = sourcecode.swift; path = TestSegmentController.swift; sourceTree = "<group>"; };
		2FD9454029EF8248002C48F2 /* TestSwiftUIListController.swift */ = {isa = PBXFileReference; fileEncoding = 4; lastKnownFileType = sourcecode.swift; path = TestSwiftUIListController.swift; sourceTree = "<group>"; };
		2FDA141A28D2D42C00985FBD /* TestThemeController.swift */ = {isa = PBXFileReference; lastKnownFileType = sourcecode.swift; path = TestThemeController.swift; sourceTree = "<group>"; };
		2FDA141C28D2FC5800985FBD /* TestAlertController.swift */ = {isa = PBXFileReference; lastKnownFileType = sourcecode.swift; path = TestAlertController.swift; sourceTree = "<group>"; };
		2FDA141E28D30BCE00985FBD /* TestEmptyController.swift */ = {isa = PBXFileReference; lastKnownFileType = sourcecode.swift; path = TestEmptyController.swift; sourceTree = "<group>"; };
		2FDA142028D30F3600985FBD /* TestImageController.swift */ = {isa = PBXFileReference; lastKnownFileType = sourcecode.swift; path = TestImageController.swift; sourceTree = "<group>"; };
		2FE1E9C72BA16C5100D2C230 /* TestCodableController.swift */ = {isa = PBXFileReference; fileEncoding = 4; lastKnownFileType = sourcecode.swift; path = TestCodableController.swift; sourceTree = "<group>"; };
		2FE6E8832BE0B97700F0CC00 /* README_CN.md */ = {isa = PBXFileReference; lastKnownFileType = net.daringfireball.markdown; name = README_CN.md; path = ../README_CN.md; sourceTree = "<group>"; };
		2FE6E8842BE0B97700F0CC00 /* CHANGELOG_CN.md */ = {isa = PBXFileReference; lastKnownFileType = net.daringfireball.markdown; name = CHANGELOG_CN.md; path = ../CHANGELOG_CN.md; sourceTree = "<group>"; };
		2FE6E8852BE0B97700F0CC00 /* CHANGELOG.md */ = {isa = PBXFileReference; lastKnownFileType = net.daringfireball.markdown; name = CHANGELOG.md; path = ../CHANGELOG.md; sourceTree = "<group>"; };
		2FE6E88F2BE0BBCC00F0CC00 /* Package.swift */ = {isa = PBXFileReference; lastKnownFileType = sourcecode.swift; name = Package.swift; path = ../Package.swift; sourceTree = "<group>"; };
		2FF08B1128ADDC000074895A /* zh-Hans */ = {isa = PBXFileReference; lastKnownFileType = text.plist.strings; name = "zh-Hans"; path = "zh-Hans.lproj/Localizable.strings"; sourceTree = "<group>"; };
		2FF08B1328ADDC000074895A /* zh-Hans */ = {isa = PBXFileReference; lastKnownFileType = text.plist.strings; name = "zh-Hans"; path = "zh-Hans.lproj/InfoPlist.strings"; sourceTree = "<group>"; };
		2FF08B1428ADDC000074895A /* en */ = {isa = PBXFileReference; lastKnownFileType = text.plist.strings; name = en; path = en.lproj/Localizable.strings; sourceTree = "<group>"; };
		2FF08B1528ADDC000074895A /* en */ = {isa = PBXFileReference; lastKnownFileType = text.plist.strings; name = en; path = en.lproj/InfoPlist.strings; sourceTree = "<group>"; };
		2FF08B1628ADDC000074895A /* LaunchScreen.storyboard */ = {isa = PBXFileReference; fileEncoding = 4; lastKnownFileType = file.storyboard; path = LaunchScreen.storyboard; sourceTree = "<group>"; };
		2FF08B1728ADDC000074895A /* Assets.xcassets */ = {isa = PBXFileReference; lastKnownFileType = folder.assetcatalog; path = Assets.xcassets; sourceTree = "<group>"; };
		2FF08B4A28ADDD720074895A /* AppTheme.swift */ = {isa = PBXFileReference; fileEncoding = 4; lastKnownFileType = sourcecode.swift; path = AppTheme.swift; sourceTree = "<group>"; };
		2FF08B5A28ADDD730074895A /* AppRouter.swift */ = {isa = PBXFileReference; fileEncoding = 4; lastKnownFileType = sourcecode.swift; path = AppRouter.swift; sourceTree = "<group>"; };
		2FF08B5B28ADDD730074895A /* AppConfig.swift */ = {isa = PBXFileReference; fileEncoding = 4; lastKnownFileType = sourcecode.swift; path = AppConfig.swift; sourceTree = "<group>"; };
		2FF08B5C28ADDD730074895A /* AppDelegate.swift */ = {isa = PBXFileReference; fileEncoding = 4; lastKnownFileType = sourcecode.swift; path = AppDelegate.swift; sourceTree = "<group>"; };
		2FF08B6928ADE7690074895A /* SettingsController.swift */ = {isa = PBXFileReference; fileEncoding = 4; lastKnownFileType = sourcecode.swift; path = SettingsController.swift; sourceTree = "<group>"; };
		2FF08B6D28ADE7690074895A /* HomeController.swift */ = {isa = PBXFileReference; fileEncoding = 4; lastKnownFileType = sourcecode.swift; path = HomeController.swift; sourceTree = "<group>"; };
		2FF08B7128ADE7690074895A /* TestController.swift */ = {isa = PBXFileReference; fileEncoding = 4; lastKnownFileType = sourcecode.swift; path = TestController.swift; sourceTree = "<group>"; };
		2FF08B7528ADE7690074895A /* UserService.swift */ = {isa = PBXFileReference; fileEncoding = 4; lastKnownFileType = sourcecode.swift; path = UserService.swift; sourceTree = "<group>"; };
		607FACD01AFB9204008FA782 /* FWFramework_Example.app */ = {isa = PBXFileReference; explicitFileType = wrapper.application; includeInIndex = 0; path = FWFramework_Example.app; sourceTree = BUILT_PRODUCTS_DIR; };
		607FACD41AFB9204008FA782 /* Info.plist */ = {isa = PBXFileReference; lastKnownFileType = text.plist.xml; path = Info.plist; sourceTree = "<group>"; };
		7A72EA107313090F52B58E48 /* Pods-FWFramework_Example.testing.xcconfig */ = {isa = PBXFileReference; includeInIndex = 1; lastKnownFileType = text.xcconfig; name = "Pods-FWFramework_Example.testing.xcconfig"; path = "Target Support Files/Pods-FWFramework_Example/Pods-FWFramework_Example.testing.xcconfig"; sourceTree = "<group>"; };
		894F9EFB46FE2777B54B5F13 /* Pods-FWFramework_Example.debug.xcconfig */ = {isa = PBXFileReference; includeInIndex = 1; lastKnownFileType = text.xcconfig; name = "Pods-FWFramework_Example.debug.xcconfig"; path = "Target Support Files/Pods-FWFramework_Example/Pods-FWFramework_Example.debug.xcconfig"; sourceTree = "<group>"; };
		8EB5F58C73F2C8AFAAED3254 /* Pods-FWFramework_Example.staging.xcconfig */ = {isa = PBXFileReference; includeInIndex = 1; lastKnownFileType = text.xcconfig; name = "Pods-FWFramework_Example.staging.xcconfig"; path = "Target Support Files/Pods-FWFramework_Example/Pods-FWFramework_Example.staging.xcconfig"; sourceTree = "<group>"; };
		9A618471107F1D6CF1E47FF0 /* README.md */ = {isa = PBXFileReference; includeInIndex = 1; lastKnownFileType = net.daringfireball.markdown; name = README.md; path = ../README.md; sourceTree = "<group>"; };
		D478E69E86FD0C491E56F20A /* Pods-FWFramework_Example.release.xcconfig */ = {isa = PBXFileReference; includeInIndex = 1; lastKnownFileType = text.xcconfig; name = "Pods-FWFramework_Example.release.xcconfig"; path = "Target Support Files/Pods-FWFramework_Example/Pods-FWFramework_Example.release.xcconfig"; sourceTree = "<group>"; };
		E91AE76AA686014704EDE554 /* LICENSE */ = {isa = PBXFileReference; includeInIndex = 1; lastKnownFileType = text; name = LICENSE; path = ../LICENSE; sourceTree = "<group>"; };
		EC90FC77F34167CC32F0CE6B /* FWFramework.podspec */ = {isa = PBXFileReference; includeInIndex = 1; lastKnownFileType = text; name = FWFramework.podspec; path = ../FWFramework.podspec; sourceTree = "<group>"; xcLanguageSpecificationIdentifier = xcode.lang.ruby; };
		F82F6D7DFD5759C81B36F2BB /* Pods_FWFramework_Example.framework */ = {isa = PBXFileReference; explicitFileType = wrapper.framework; includeInIndex = 0; path = Pods_FWFramework_Example.framework; sourceTree = BUILT_PRODUCTS_DIR; };
/* End PBXFileReference section */

/* Begin PBXFrameworksBuildPhase section */
		607FACCD1AFB9204008FA782 /* Frameworks */ = {
			isa = PBXFrameworksBuildPhase;
			buildActionMask = 2147483647;
			files = (
				B9719F10F5B17714B420B90A /* Pods_FWFramework_Example.framework in Frameworks */,
			);
			runOnlyForDeploymentPostprocessing = 0;
		};
/* End PBXFrameworksBuildPhase section */

/* Begin PBXGroup section */
		2F3092692BF5B4BA00F64898 /* ViewModel */ = {
			isa = PBXGroup;
			children = (
				2F30926A2BF5B51100F64898 /* LoginViewModel.swift */,
			);
			path = ViewModel;
			sourceTree = "<group>";
		};
		2F30926C2BF5B5E600F64898 /* Model */ = {
			isa = PBXGroup;
			children = (
				2F30926D2BF5B60200F64898 /* UserModel.swift */,
			);
			path = Model;
			sourceTree = "<group>";
		};
		2F6A411B28B5F80A003719E7 /* Router */ = {
			isa = PBXGroup;
			children = (
				2FF08B5A28ADDD730074895A /* AppRouter.swift */,
				2F6A411C28B5F84E003719E7 /* AppMediator.swift */,
			);
			path = Router;
			sourceTree = "<group>";
		};
		2F6A411E28B5F891003719E7 /* Tab */ = {
			isa = PBXGroup;
			children = (
				2F6A411F28B5F913003719E7 /* TabController.swift */,
			);
			path = Tab;
			sourceTree = "<group>";
		};
		2F6A412128B5FF07003719E7 /* Controller */ = {
			isa = PBXGroup;
			children = (
				2F6A412228B5FF19003719E7 /* LoginController.swift */,
			);
			path = Controller;
			sourceTree = "<group>";
		};
		2F6A412528B620CB003719E7 /* Service */ = {
			isa = PBXGroup;
			children = (
				2F6A414828B70BEC003719E7 /* TestAudioController.swift */,
				2F6A412E28B66919003719E7 /* TestAuthorizeController.swift */,
				2FB9E30328C0A69B00C78850 /* TestCacheController.swift */,
				2F2D997D2A72685F005C81BB /* TestDatabaseController.swift */,
				2F46A0AE2A8F2F6900E95F4D /* TestEncodeController.swift */,
				2FE1E9C72BA16C5100D2C230 /* TestCodableController.swift */,
				2FB9E30528C1E5D000C78850 /* TestNotificationController.swift */,
				2F6A41DC28B9E8FF003719E7 /* TestSocketController.swift */,
				2F36CBB8298B833300444127 /* TestRequestController.swift */,
				2FDA141A28D2D42C00985FBD /* TestThemeController.swift */,
				2F6A414A28B70E60003719E7 /* TestVideoController.swift */,
			);
			path = Service;
			sourceTree = "<group>";
		};
		2F6A412628B620D2003719E7 /* Toolkit */ = {
			isa = PBXGroup;
			children = (
				2F06D16028D955B6007E53EC /* TestAdaptiveController.swift */,
				2FB11EF028DAE16500DCB965 /* TestAnimationController.swift */,
				2F06D16228D965C9007E53EC /* TestButtonController.swift */,
				2FB11EFA28E2999C00DCB965 /* TestCollectionController.swift */,
				2F6E0C4428E691D500C77153 /* TestCompatibleController.swift */,
				2F6A412C28B64774003719E7 /* TestIconController.swift */,
				2FB11F0428E41C0700DCB965 /* TestKeyboardController.swift */,
				2FB11EFE28E2E39E00DCB965 /* TestLayoutController.swift */,
				2FB11EFC28E2D73800DCB965 /* TestTableController.swift */,
				2FB11F0228E3F5F700DCB965 /* TestThreadController.swift */,
			);
			path = Toolkit;
			sourceTree = "<group>";
		};
		2F6A412728B620D7003719E7 /* Module */ = {
			isa = PBXGroup;
			children = (
				2FB11EF628DB090F00DCB965 /* TestBadgeController.swift */,
				2FCDB4FB28E543810079A56C /* TestBannerController.swift */,
				2F49EE1928FD3F0F00F229BB /* TestBarrageController.swift */,
				2FB9E30728C5A03800C78850 /* TestBridgeController.swift */,
				2FB11F0628E441F400DCB965 /* TestDrawerController.swift */,
				2FB11EF228DB023B00DCB965 /* TestFloatingController.swift */,
				2FB11EF428DB055C00DCB965 /* TestGridController.swift */,
				2F49EE1D28FE7B6E00F229BB /* TestPagingController.swift */,
				2F49EE1B28FE595300F229BB /* TestPasscodeController.swift */,
				2FCDB4FD28E54B160079A56C /* TestPopupController.swift */,
				2FB11F0028E2FB0000DCB965 /* TestQrcodeController.swift */,
				2FCDB4FF28E571820079A56C /* TestSegmentController.swift */,
				2F49EE1F28FE8A6F00F229BB /* TestSkeletonController.swift */,
				2F49EE2128FFA25D00F229BB /* TestStatisticalController.swift */,
				2F6A412A28B62711003719E7 /* TestSwiftController.swift */,
				2F6A412828B62207003719E7 /* TestSwiftUIController.swift */,
				2FD9454029EF8248002C48F2 /* TestSwiftUIListController.swift */,
				2F6A417428B72F7B003719E7 /* TestTabbarController.swift */,
				2F336D4829D71E5200553F48 /* TestTabbarViewController.swift */,
				2FB11F0828E5325B00DCB965 /* TestToolbarController.swift */,
				2F49EE2328FFB7D000F229BB /* TestTransitionController.swift */,
			);
			path = Module;
			sourceTree = "<group>";
		};
		2F6A413A28B67C48003719E7 /* Web */ = {
			isa = PBXGroup;
			children = (
				2F91AA2C28CDD876000A6FA2 /* WebController.swift */,
			);
			path = Web;
			sourceTree = "<group>";
		};
		2F6A414028B68BC0003719E7 /* Kernel */ = {
			isa = PBXGroup;
			children = (
				2F6A417628B7319A003719E7 /* TestPromiseController.swift */,
				2FB48E532B29E7E100F10AC6 /* TestConcurrencyController.swift */,
				2FB9E30928C5AA5D00C78850 /* TestRouterController.swift */,
				2FB9E30128C09F2500C78850 /* TestStateController.swift */,
				2FB9E2FF28C09D4D00C78850 /* TestWorkflowController.swift */,
			);
			path = Kernel;
			sourceTree = "<group>";
		};
		2F6A414128B68BD7003719E7 /* Plugin */ = {
			isa = PBXGroup;
			children = (
				2FDA141C28D2FC5800985FBD /* TestAlertController.swift */,
				2F6A415C28B71E12003719E7 /* TestCameraController.swift */,
				2FDA141E28D30BCE00985FBD /* TestEmptyController.swift */,
				2FDA142028D30F3600985FBD /* TestImageController.swift */,
				2F06D15828D44934007E53EC /* TestPickerController.swift */,
				2F06D15C28D46F81007E53EC /* TestPluginController.swift */,
				2F06D15A28D451E8007E53EC /* TestPreviewController.swift */,
				2F06D15E28D805DE007E53EC /* TestRefreshController.swift */,
				2F06D15628D31E52007E53EC /* TestToastController.swift */,
			);
			path = Plugin;
			sourceTree = "<group>";
		};
		2F6A416128B721C9003719E7 /* Resources */ = {
			isa = PBXGroup;
			children = (
				2F6A416228B721C9003719E7 /* Animation.png */,
				2F6A416328B721C9003719E7 /* Qrcode.caf */,
				2F6A416428B721C9003719E7 /* Loading.gif */,
				2F6A416528B721C9003719E7 /* Material.ttf */,
				2F6A416628B721C9003719E7 /* Lottie.json */,
				2F6A416728B721C9003719E7 /* Bridge.html */,
				2F0F09212B3186F4000C3F5E /* Audio1.mp3 */,
				2F0F09282B328E24000C3F5E /* Audio2.m4a */,
				2F0F09222B3186F4000C3F5E /* Audio3.m4a */,
				2F0F09232B3186F4000C3F5E /* Video.mp4 */,
			);
			path = Resources;
			sourceTree = "<group>";
		};
		2FF08B0F28ADDC000074895A /* Assets */ = {
			isa = PBXGroup;
			children = (
				2FF08B1728ADDC000074895A /* Assets.xcassets */,
				2F6A416128B721C9003719E7 /* Resources */,
				2FF08B1028ADDC000074895A /* Localizable.strings */,
				2FF08B1228ADDC000074895A /* InfoPlist.strings */,
				2FF08B1628ADDC000074895A /* LaunchScreen.storyboard */,
			);
			path = Assets;
			sourceTree = "<group>";
		};
		2FF08B1828ADDC000074895A /* Classes */ = {
			isa = PBXGroup;
			children = (
				2FF08B5828ADDD730074895A /* App */,
				2FF08B4828ADDD720074895A /* Library */,
				2FF08B6528ADE7690074895A /* Module */,
			);
			path = Classes;
			sourceTree = "<group>";
		};
		2FF08B4828ADDD720074895A /* Library */ = {
			isa = PBXGroup;
			children = (
				2FF08B4928ADDD720074895A /* Standard */,
			);
			path = Library;
			sourceTree = "<group>";
		};
		2FF08B4928ADDD720074895A /* Standard */ = {
			isa = PBXGroup;
			children = (
				2FF08B4A28ADDD720074895A /* AppTheme.swift */,
				2F6A411928B5E2E7003719E7 /* AppIcon.swift */,
			);
			path = Standard;
			sourceTree = "<group>";
		};
		2FF08B5828ADDD730074895A /* App */ = {
			isa = PBXGroup;
			children = (
				2FF08B5C28ADDD730074895A /* AppDelegate.swift */,
				2FF08B5928ADDD730074895A /* Config */,
				2F6A411B28B5F80A003719E7 /* Router */,
			);
			path = App;
			sourceTree = "<group>";
		};
		2FF08B5928ADDD730074895A /* Config */ = {
			isa = PBXGroup;
			children = (
				2FF08B5B28ADDD730074895A /* AppConfig.swift */,
			);
			path = Config;
			sourceTree = "<group>";
		};
		2FF08B6528ADE7690074895A /* Module */ = {
			isa = PBXGroup;
			children = (
				2FF08B6A28ADE7690074895A /* Home */,
				2FF08B6E28ADE7690074895A /* Test */,
				2FF08B7228ADE7690074895A /* User */,
				2FF08B6628ADE7690074895A /* Settings */,
			);
			path = Module;
			sourceTree = "<group>";
		};
		2FF08B6628ADE7690074895A /* Settings */ = {
			isa = PBXGroup;
			children = (
				2FF08B6728ADE7690074895A /* Index */,
			);
			path = Settings;
			sourceTree = "<group>";
		};
		2FF08B6728ADE7690074895A /* Index */ = {
			isa = PBXGroup;
			children = (
				2FF08B6928ADE7690074895A /* SettingsController.swift */,
			);
			path = Index;
			sourceTree = "<group>";
		};
		2FF08B6A28ADE7690074895A /* Home */ = {
			isa = PBXGroup;
			children = (
				2F6A411E28B5F891003719E7 /* Tab */,
				2FF08B6B28ADE7690074895A /* Index */,
				2F6A413A28B67C48003719E7 /* Web */,
			);
			path = Home;
			sourceTree = "<group>";
		};
		2FF08B6B28ADE7690074895A /* Index */ = {
			isa = PBXGroup;
			children = (
				2FF08B6D28ADE7690074895A /* HomeController.swift */,
			);
			path = Index;
			sourceTree = "<group>";
		};
		2FF08B6E28ADE7690074895A /* Test */ = {
			isa = PBXGroup;
			children = (
				2FF08B6F28ADE7690074895A /* Index */,
				2F6A414028B68BC0003719E7 /* Kernel */,
				2F6A412528B620CB003719E7 /* Service */,
				2F6A412628B620D2003719E7 /* Toolkit */,
				2F6A414128B68BD7003719E7 /* Plugin */,
				2F6A412728B620D7003719E7 /* Module */,
			);
			path = Test;
			sourceTree = "<group>";
		};
		2FF08B6F28ADE7690074895A /* Index */ = {
			isa = PBXGroup;
			children = (
				2FF08B7128ADE7690074895A /* TestController.swift */,
			);
			path = Index;
			sourceTree = "<group>";
		};
		2FF08B7228ADE7690074895A /* User */ = {
			isa = PBXGroup;
			children = (
				2FF08B7328ADE7690074895A /* Login */,
			);
			path = User;
			sourceTree = "<group>";
		};
		2FF08B7328ADE7690074895A /* Login */ = {
			isa = PBXGroup;
			children = (
				2F6A412128B5FF07003719E7 /* Controller */,
				2F3092692BF5B4BA00F64898 /* ViewModel */,
				2F30926C2BF5B5E600F64898 /* Model */,
				2FF08B7428ADE7690074895A /* Service */,
			);
			path = Login;
			sourceTree = "<group>";
		};
		2FF08B7428ADE7690074895A /* Service */ = {
			isa = PBXGroup;
			children = (
				2FF08B7528ADE7690074895A /* UserService.swift */,
			);
			path = Service;
			sourceTree = "<group>";
		};
		607FACC71AFB9204008FA782 = {
			isa = PBXGroup;
			children = (
				607FACF51AFB993E008FA782 /* Podspec Metadata */,
				607FACD21AFB9204008FA782 /* Example for FWFramework */,
				607FACD11AFB9204008FA782 /* Products */,
				F15C1F2012471EC6D365909F /* Pods */,
				CC290B93FD55144897997DA5 /* Frameworks */,
			);
			sourceTree = "<group>";
		};
		607FACD11AFB9204008FA782 /* Products */ = {
			isa = PBXGroup;
			children = (
				607FACD01AFB9204008FA782 /* FWFramework_Example.app */,
			);
			name = Products;
			sourceTree = "<group>";
		};
		607FACD21AFB9204008FA782 /* Example for FWFramework */ = {
			isa = PBXGroup;
			children = (
				2FF08B0F28ADDC000074895A /* Assets */,
				2FF08B1828ADDC000074895A /* Classes */,
				607FACD31AFB9204008FA782 /* Supporting Files */,
			);
			name = "Example for FWFramework";
			path = FWFramework;
			sourceTree = "<group>";
		};
		607FACD31AFB9204008FA782 /* Supporting Files */ = {
			isa = PBXGroup;
			children = (
				607FACD41AFB9204008FA782 /* Info.plist */,
			);
			name = "Supporting Files";
			sourceTree = "<group>";
		};
		607FACF51AFB993E008FA782 /* Podspec Metadata */ = {
			isa = PBXGroup;
			children = (
				EC90FC77F34167CC32F0CE6B /* FWFramework.podspec */,
				2FE6E88F2BE0BBCC00F0CC00 /* Package.swift */,
				2F7312B32C6B253C00516AC6 /* Package@Swift-5.8.swift */,
				2F7312B42C6B253C00516AC6 /* Package@Swift-5.9.swift */,
				2F7312B52C6B253C00516AC6 /* Package@Swift-5.10.swift */,
				9A618471107F1D6CF1E47FF0 /* README.md */,
				2FE6E8832BE0B97700F0CC00 /* README_CN.md */,
				2FE6E8852BE0B97700F0CC00 /* CHANGELOG.md */,
				2FE6E8842BE0B97700F0CC00 /* CHANGELOG_CN.md */,
				E91AE76AA686014704EDE554 /* LICENSE */,
			);
			name = "Podspec Metadata";
			sourceTree = "<group>";
		};
		CC290B93FD55144897997DA5 /* Frameworks */ = {
			isa = PBXGroup;
			children = (
				F82F6D7DFD5759C81B36F2BB /* Pods_FWFramework_Example.framework */,
			);
			name = Frameworks;
			sourceTree = "<group>";
		};
		F15C1F2012471EC6D365909F /* Pods */ = {
			isa = PBXGroup;
			children = (
				894F9EFB46FE2777B54B5F13 /* Pods-FWFramework_Example.debug.xcconfig */,
				D478E69E86FD0C491E56F20A /* Pods-FWFramework_Example.release.xcconfig */,
				7A72EA107313090F52B58E48 /* Pods-FWFramework_Example.testing.xcconfig */,
				8EB5F58C73F2C8AFAAED3254 /* Pods-FWFramework_Example.staging.xcconfig */,
			);
			path = Pods;
			sourceTree = "<group>";
		};
/* End PBXGroup section */

/* Begin PBXNativeTarget section */
		607FACCF1AFB9204008FA782 /* FWFramework_Example */ = {
			isa = PBXNativeTarget;
			buildConfigurationList = 607FACEF1AFB9204008FA782 /* Build configuration list for PBXNativeTarget "FWFramework_Example" */;
			buildPhases = (
				52B43255B82D4D14A6195DF4 /* [CP] Check Pods Manifest.lock */,
				607FACCC1AFB9204008FA782 /* Sources */,
				607FACCD1AFB9204008FA782 /* Frameworks */,
				607FACCE1AFB9204008FA782 /* Resources */,
				024A7844FB4A6C03BC2926C8 /* [CP] Embed Pods Frameworks */,
			);
			buildRules = (
			);
			dependencies = (
			);
			name = FWFramework_Example;
			productName = FWFramework;
			productReference = 607FACD01AFB9204008FA782 /* FWFramework_Example.app */;
			productType = "com.apple.product-type.application";
		};
/* End PBXNativeTarget section */

/* Begin PBXProject section */
		607FACC81AFB9204008FA782 /* Project object */ = {
			isa = PBXProject;
			attributes = {
				BuildIndependentTargetsInParallel = YES;
				LastSwiftUpdateCheck = 1530;
				LastUpgradeCheck = 1530;
				ORGANIZATIONNAME = CocoaPods;
				TargetAttributes = {
					607FACCF1AFB9204008FA782 = {
						CreatedOnToolsVersion = 6.3.1;
						LastSwiftMigration = 1340;
					};
				};
			};
			buildConfigurationList = 607FACCB1AFB9204008FA782 /* Build configuration list for PBXProject "FWFramework" */;
			compatibilityVersion = "Xcode 3.2";
			developmentRegion = en;
			hasScannedForEncodings = 0;
			knownRegions = (
				en,
				Base,
				"zh-Hans",
				"zh-Hant",
			);
			mainGroup = 607FACC71AFB9204008FA782;
			productRefGroup = 607FACD11AFB9204008FA782 /* Products */;
			projectDirPath = "";
			projectRoot = "";
			targets = (
				607FACCF1AFB9204008FA782 /* FWFramework_Example */,
			);
		};
/* End PBXProject section */

/* Begin PBXResourcesBuildPhase section */
		607FACCE1AFB9204008FA782 /* Resources */ = {
			isa = PBXResourcesBuildPhase;
			buildActionMask = 2147483647;
			files = (
				2FF08B3D28ADDC000074895A /* LaunchScreen.storyboard in Resources */,
				2F0F09292B328E24000C3F5E /* Audio2.m4a in Resources */,
				2F6A416828B721C9003719E7 /* Animation.png in Resources */,
				2F6A416928B721C9003719E7 /* Qrcode.caf in Resources */,
				2F0F09252B3186F4000C3F5E /* Audio1.mp3 in Resources */,
				2FF08B3B28ADDC000074895A /* Localizable.strings in Resources */,
				2FF08B3E28ADDC000074895A /* Assets.xcassets in Resources */,
				2F0F09272B3186F4000C3F5E /* Video.mp4 in Resources */,
				2F6A416D28B721C9003719E7 /* Bridge.html in Resources */,
				2FF08B3C28ADDC000074895A /* InfoPlist.strings in Resources */,
				2F6A416C28B721C9003719E7 /* Lottie.json in Resources */,
				2F6A416A28B721C9003719E7 /* Loading.gif in Resources */,
				2F6A416B28B721C9003719E7 /* Material.ttf in Resources */,
				2F0F09262B3186F4000C3F5E /* Audio3.m4a in Resources */,
			);
			runOnlyForDeploymentPostprocessing = 0;
		};
/* End PBXResourcesBuildPhase section */

/* Begin PBXShellScriptBuildPhase section */
		024A7844FB4A6C03BC2926C8 /* [CP] Embed Pods Frameworks */ = {
			isa = PBXShellScriptBuildPhase;
			buildActionMask = 2147483647;
			files = (
			);
			inputPaths = (
				"${PODS_ROOT}/Target Support Files/Pods-FWFramework_Example/Pods-FWFramework_Example-frameworks.sh",
				"${BUILT_PRODUCTS_DIR}/Alamofire/Alamofire.framework",
				"${BUILT_PRODUCTS_DIR}/FWDebug/FWDebug.framework",
				"${BUILT_PRODUCTS_DIR}/FWFramework/FWFramework.framework",
				"${BUILT_PRODUCTS_DIR}/SDWebImage/SDWebImage.framework",
				"${BUILT_PRODUCTS_DIR}/lottie-ios/Lottie.framework",
			);
			name = "[CP] Embed Pods Frameworks";
			outputPaths = (
				"${TARGET_BUILD_DIR}/${FRAMEWORKS_FOLDER_PATH}/Alamofire.framework",
				"${TARGET_BUILD_DIR}/${FRAMEWORKS_FOLDER_PATH}/FWDebug.framework",
				"${TARGET_BUILD_DIR}/${FRAMEWORKS_FOLDER_PATH}/FWFramework.framework",
				"${TARGET_BUILD_DIR}/${FRAMEWORKS_FOLDER_PATH}/SDWebImage.framework",
				"${TARGET_BUILD_DIR}/${FRAMEWORKS_FOLDER_PATH}/Lottie.framework",
			);
			runOnlyForDeploymentPostprocessing = 0;
			shellPath = /bin/sh;
			shellScript = "\"${PODS_ROOT}/Target Support Files/Pods-FWFramework_Example/Pods-FWFramework_Example-frameworks.sh\"\n";
			showEnvVarsInLog = 0;
		};
		52B43255B82D4D14A6195DF4 /* [CP] Check Pods Manifest.lock */ = {
			isa = PBXShellScriptBuildPhase;
			buildActionMask = 2147483647;
			files = (
			);
			inputFileListPaths = (
			);
			inputPaths = (
				"${PODS_PODFILE_DIR_PATH}/Podfile.lock",
				"${PODS_ROOT}/Manifest.lock",
			);
			name = "[CP] Check Pods Manifest.lock";
			outputFileListPaths = (
			);
			outputPaths = (
				"$(DERIVED_FILE_DIR)/Pods-FWFramework_Example-checkManifestLockResult.txt",
			);
			runOnlyForDeploymentPostprocessing = 0;
			shellPath = /bin/sh;
			shellScript = "diff \"${PODS_PODFILE_DIR_PATH}/Podfile.lock\" \"${PODS_ROOT}/Manifest.lock\" > /dev/null\nif [ $? != 0 ] ; then\n    # print error to STDERR\n    echo \"error: The sandbox is not in sync with the Podfile.lock. Run 'pod install' or update your CocoaPods installation.\" >&2\n    exit 1\nfi\n# This output is used by Xcode 'outputs' to avoid re-running this script phase.\necho \"SUCCESS\" > \"${SCRIPT_OUTPUT_FILE_0}\"\n";
			showEnvVarsInLog = 0;
		};
/* End PBXShellScriptBuildPhase section */

/* Begin PBXSourcesBuildPhase section */
		607FACCC1AFB9204008FA782 /* Sources */ = {
			isa = PBXSourcesBuildPhase;
			buildActionMask = 2147483647;
			files = (
				2FB9E30228C09F2500C78850 /* TestStateController.swift in Sources */,
				2FD9454129EF8248002C48F2 /* TestSwiftUIListController.swift in Sources */,
				2FF08B6428ADDD730074895A /* AppDelegate.swift in Sources */,
				2F6A412328B5FF19003719E7 /* LoginController.swift in Sources */,
				2F6A417528B72F7B003719E7 /* TestTabbarController.swift in Sources */,
				2FF08B7628ADE7690074895A /* SettingsController.swift in Sources */,
				2F6A412028B5F913003719E7 /* TabController.swift in Sources */,
				2F6A411A28B5E2E7003719E7 /* AppIcon.swift in Sources */,
				2F49EE1C28FE595300F229BB /* TestPasscodeController.swift in Sources */,
				2FCDB4FC28E543820079A56C /* TestBannerController.swift in Sources */,
				2FCDB4FE28E54B160079A56C /* TestPopupController.swift in Sources */,
				2FB11EFD28E2D73800DCB965 /* TestTableController.swift in Sources */,
				2F49EE1E28FE7B6E00F229BB /* TestPagingController.swift in Sources */,
				2FB11EF128DAE16500DCB965 /* TestAnimationController.swift in Sources */,
				2FB11EFB28E2999C00DCB965 /* TestCollectionController.swift in Sources */,
				2FB11F0128E2FB0000DCB965 /* TestQrcodeController.swift in Sources */,
				2F06D15F28D805DE007E53EC /* TestRefreshController.swift in Sources */,
				2F49EE2228FFA25D00F229BB /* TestStatisticalController.swift in Sources */,
				2F30926E2BF5B60200F64898 /* UserModel.swift in Sources */,
				2F2D997E2A72685F005C81BB /* TestDatabaseController.swift in Sources */,
				2FB9E30A28C5AA5D00C78850 /* TestRouterController.swift in Sources */,
				2FF08B7728ADE7690074895A /* HomeController.swift in Sources */,
				2FDA141B28D2D42C00985FBD /* TestThemeController.swift in Sources */,
				2F91AA2D28CDD876000A6FA2 /* WebController.swift in Sources */,
				2F6A412D28B64774003719E7 /* TestIconController.swift in Sources */,
				2F6E0C4528E691D500C77153 /* TestCompatibleController.swift in Sources */,
				2F49EE2028FE8A6F00F229BB /* TestSkeletonController.swift in Sources */,
				2FB11F0728E441F400DCB965 /* TestDrawerController.swift in Sources */,
				2FCDB50028E571820079A56C /* TestSegmentController.swift in Sources */,
				2F6A417728B7319A003719E7 /* TestPromiseController.swift in Sources */,
				2FB11EFF28E2E39E00DCB965 /* TestLayoutController.swift in Sources */,
				2F6A412F28B66919003719E7 /* TestAuthorizeController.swift in Sources */,
				2F6A415D28B71E12003719E7 /* TestCameraController.swift in Sources */,
				2F6A414928B70BEC003719E7 /* TestAudioController.swift in Sources */,
				2F6A411D28B5F84E003719E7 /* AppMediator.swift in Sources */,
				2FF08B6228ADDD730074895A /* AppRouter.swift in Sources */,
				2FE1E9C82BA16C5200D2C230 /* TestCodableController.swift in Sources */,
				2FB9E30028C09D4D00C78850 /* TestWorkflowController.swift in Sources */,
				2FB11F0928E5325C00DCB965 /* TestToolbarController.swift in Sources */,
				2FB48E542B29E7E100F10AC6 /* TestConcurrencyController.swift in Sources */,
				2F49EE1A28FD3F0F00F229BB /* TestBarrageController.swift in Sources */,
				2F336D4929D71E5200553F48 /* TestTabbarViewController.swift in Sources */,
				2F06D15B28D451E8007E53EC /* TestPreviewController.swift in Sources */,
				2FB9E30428C0A69B00C78850 /* TestCacheController.swift in Sources */,
				2F06D16128D955B6007E53EC /* TestAdaptiveController.swift in Sources */,
				2FB11F0528E41C0700DCB965 /* TestKeyboardController.swift in Sources */,
				2FF08B7928ADE7690074895A /* UserService.swift in Sources */,
				2FDA142128D30F3600985FBD /* TestImageController.swift in Sources */,
				2F46A0AF2A8F2F6900E95F4D /* TestEncodeController.swift in Sources */,
				2F30926B2BF5B51100F64898 /* LoginViewModel.swift in Sources */,
				2F06D15928D44934007E53EC /* TestPickerController.swift in Sources */,
				2F6A412B28B62711003719E7 /* TestSwiftController.swift in Sources */,
				2F6A412928B62207003719E7 /* TestSwiftUIController.swift in Sources */,
				2FDA141D28D2FC5800985FBD /* TestAlertController.swift in Sources */,
				2FB9E30628C1E5D000C78850 /* TestNotificationController.swift in Sources */,
				2F36CBB9298B833300444127 /* TestRequestController.swift in Sources */,
				2F06D16328D965C9007E53EC /* TestButtonController.swift in Sources */,
				2FB11EF528DB055C00DCB965 /* TestGridController.swift in Sources */,
				2F6A414B28B70E60003719E7 /* TestVideoController.swift in Sources */,
				2FF08B6328ADDD730074895A /* AppConfig.swift in Sources */,
				2FF08B5D28ADDD730074895A /* AppTheme.swift in Sources */,
				2F06D15728D31E52007E53EC /* TestToastController.swift in Sources */,
				2FF08B7828ADE7690074895A /* TestController.swift in Sources */,
				2FDA141F28D30BCE00985FBD /* TestEmptyController.swift in Sources */,
				2FB11F0328E3F5F700DCB965 /* TestThreadController.swift in Sources */,
				2F6A41DD28B9E8FF003719E7 /* TestSocketController.swift in Sources */,
				2F06D15D28D46F81007E53EC /* TestPluginController.swift in Sources */,
				2FB11EF728DB090F00DCB965 /* TestBadgeController.swift in Sources */,
				2FB11EF328DB023B00DCB965 /* TestFloatingController.swift in Sources */,
				2FB9E30828C5A03800C78850 /* TestBridgeController.swift in Sources */,
				2F49EE2428FFB7D000F229BB /* TestTransitionController.swift in Sources */,
			);
			runOnlyForDeploymentPostprocessing = 0;
		};
/* End PBXSourcesBuildPhase section */

/* Begin PBXVariantGroup section */
		2FF08B1028ADDC000074895A /* Localizable.strings */ = {
			isa = PBXVariantGroup;
			children = (
				2FF08B1128ADDC000074895A /* zh-Hans */,
				2FF08B1428ADDC000074895A /* en */,
				2F2969772BD11D6C00F23645 /* zh-Hant */,
			);
			name = Localizable.strings;
			sourceTree = "<group>";
		};
		2FF08B1228ADDC000074895A /* InfoPlist.strings */ = {
			isa = PBXVariantGroup;
			children = (
				2FF08B1328ADDC000074895A /* zh-Hans */,
				2FF08B1528ADDC000074895A /* en */,
				2F2969782BD11D6C00F23645 /* zh-Hant */,
			);
			name = InfoPlist.strings;
			sourceTree = "<group>";
		};
/* End PBXVariantGroup section */

/* Begin XCBuildConfiguration section */
		2FF08B0628ADDA710074895A /* Staging */ = {
			isa = XCBuildConfiguration;
			buildSettings = {
				ALWAYS_SEARCH_USER_PATHS = NO;
				CLANG_ANALYZER_LOCALIZABILITY_NONLOCALIZED = YES;
				CLANG_CXX_LANGUAGE_STANDARD = "gnu++0x";
				CLANG_CXX_LIBRARY = "libc++";
				CLANG_ENABLE_MODULES = YES;
				CLANG_ENABLE_OBJC_ARC = YES;
				CLANG_WARN_BLOCK_CAPTURE_AUTORELEASING = YES;
				CLANG_WARN_BOOL_CONVERSION = YES;
				CLANG_WARN_COMMA = YES;
				CLANG_WARN_CONSTANT_CONVERSION = YES;
				CLANG_WARN_DEPRECATED_OBJC_IMPLEMENTATIONS = YES;
				CLANG_WARN_DIRECT_OBJC_ISA_USAGE = YES_ERROR;
				CLANG_WARN_EMPTY_BODY = YES;
				CLANG_WARN_ENUM_CONVERSION = YES;
				CLANG_WARN_INFINITE_RECURSION = YES;
				CLANG_WARN_INT_CONVERSION = YES;
				CLANG_WARN_NON_LITERAL_NULL_CONVERSION = YES;
				CLANG_WARN_OBJC_IMPLICIT_RETAIN_SELF = YES;
				CLANG_WARN_OBJC_LITERAL_CONVERSION = YES;
				CLANG_WARN_OBJC_ROOT_CLASS = YES_ERROR;
				CLANG_WARN_QUOTED_INCLUDE_IN_FRAMEWORK_HEADER = YES;
				CLANG_WARN_RANGE_LOOP_ANALYSIS = YES;
				CLANG_WARN_STRICT_PROTOTYPES = YES;
				CLANG_WARN_SUSPICIOUS_MOVE = YES;
				CLANG_WARN_UNREACHABLE_CODE = YES;
				CLANG_WARN__DUPLICATE_METHOD_MATCH = YES;
				"CODE_SIGN_IDENTITY[sdk=iphoneos*]" = "iPhone Developer";
				COPY_PHASE_STRIP = NO;
				DEBUG_INFORMATION_FORMAT = "dwarf-with-dsym";
				ENABLE_NS_ASSERTIONS = NO;
				ENABLE_STRICT_OBJC_MSGSEND = YES;
				GCC_C_LANGUAGE_STANDARD = gnu99;
				GCC_NO_COMMON_BLOCKS = YES;
				GCC_PREPROCESSOR_DEFINITIONS = "STAGING=1";
				GCC_WARN_64_TO_32_BIT_CONVERSION = YES;
				GCC_WARN_ABOUT_RETURN_TYPE = YES_ERROR;
				GCC_WARN_UNDECLARED_SELECTOR = YES;
				GCC_WARN_UNINITIALIZED_AUTOS = YES_AGGRESSIVE;
				GCC_WARN_UNUSED_FUNCTION = YES;
				GCC_WARN_UNUSED_VARIABLE = YES;
				IPHONEOS_DEPLOYMENT_TARGET = 13.0;
				MTL_ENABLE_DEBUG_INFO = NO;
				SDKROOT = iphoneos;
				SWIFT_ACTIVE_COMPILATION_CONDITIONS = STAGING;
				SWIFT_COMPILATION_MODE = wholemodule;
				SWIFT_OPTIMIZATION_LEVEL = "-O";
				SWIFT_VERSION = 5.0;
				VALIDATE_PRODUCT = YES;
			};
			name = Staging;
		};
		2FF08B0728ADDA710074895A /* Staging */ = {
			isa = XCBuildConfiguration;
			baseConfigurationReference = 8EB5F58C73F2C8AFAAED3254 /* Pods-FWFramework_Example.staging.xcconfig */;
			buildSettings = {
				ASSETCATALOG_COMPILER_APPICON_NAME = AppIcon;
				CLANG_ENABLE_MODULES = YES;
				CURRENT_PROJECT_VERSION = 1.0.0.1;
				DEVELOPMENT_TEAM = 3SPQYAJQY3;
				EXCLUDED_ARCHS = "";
				INFOPLIST_FILE = FWFramework/Info.plist;
				LD_RUNPATH_SEARCH_PATHS = (
					"$(inherited)",
					"@executable_path/Frameworks",
				);
				MARKETING_VERSION = 1.0.0;
				MODULE_NAME = ExampleApp;
				PRODUCT_BUNDLE_IDENTIFIER = site.wuyong.FWFramework.Example;
				PRODUCT_NAME = "$(TARGET_NAME)";
				SUPPORTED_PLATFORMS = "iphoneos iphonesimulator";
				SUPPORTS_MACCATALYST = NO;
				SUPPORTS_MAC_DESIGNED_FOR_IPHONE_IPAD = YES;
				SWIFT_OBJC_BRIDGING_HEADER = "";
				SWIFT_SWIFT3_OBJC_INFERENCE = Default;
				SWIFT_VERSION = 5.0;
				TARGETED_DEVICE_FAMILY = "1,2";
			};
			name = Staging;
		};
		2FF08B0C28ADDA830074895A /* Testing */ = {
			isa = XCBuildConfiguration;
			buildSettings = {
				ALWAYS_SEARCH_USER_PATHS = NO;
				CLANG_ANALYZER_LOCALIZABILITY_NONLOCALIZED = YES;
				CLANG_CXX_LANGUAGE_STANDARD = "gnu++0x";
				CLANG_CXX_LIBRARY = "libc++";
				CLANG_ENABLE_MODULES = YES;
				CLANG_ENABLE_OBJC_ARC = YES;
				CLANG_WARN_BLOCK_CAPTURE_AUTORELEASING = YES;
				CLANG_WARN_BOOL_CONVERSION = YES;
				CLANG_WARN_COMMA = YES;
				CLANG_WARN_CONSTANT_CONVERSION = YES;
				CLANG_WARN_DEPRECATED_OBJC_IMPLEMENTATIONS = YES;
				CLANG_WARN_DIRECT_OBJC_ISA_USAGE = YES_ERROR;
				CLANG_WARN_EMPTY_BODY = YES;
				CLANG_WARN_ENUM_CONVERSION = YES;
				CLANG_WARN_INFINITE_RECURSION = YES;
				CLANG_WARN_INT_CONVERSION = YES;
				CLANG_WARN_NON_LITERAL_NULL_CONVERSION = YES;
				CLANG_WARN_OBJC_IMPLICIT_RETAIN_SELF = YES;
				CLANG_WARN_OBJC_LITERAL_CONVERSION = YES;
				CLANG_WARN_OBJC_ROOT_CLASS = YES_ERROR;
				CLANG_WARN_QUOTED_INCLUDE_IN_FRAMEWORK_HEADER = YES;
				CLANG_WARN_RANGE_LOOP_ANALYSIS = YES;
				CLANG_WARN_STRICT_PROTOTYPES = YES;
				CLANG_WARN_SUSPICIOUS_MOVE = YES;
				CLANG_WARN_UNREACHABLE_CODE = YES;
				CLANG_WARN__DUPLICATE_METHOD_MATCH = YES;
				"CODE_SIGN_IDENTITY[sdk=iphoneos*]" = "iPhone Developer";
				COPY_PHASE_STRIP = NO;
				DEBUG_INFORMATION_FORMAT = "dwarf-with-dsym";
				ENABLE_NS_ASSERTIONS = NO;
				ENABLE_STRICT_OBJC_MSGSEND = YES;
				GCC_C_LANGUAGE_STANDARD = gnu99;
				GCC_NO_COMMON_BLOCKS = YES;
				GCC_PREPROCESSOR_DEFINITIONS = "TESTING=1";
				GCC_WARN_64_TO_32_BIT_CONVERSION = YES;
				GCC_WARN_ABOUT_RETURN_TYPE = YES_ERROR;
				GCC_WARN_UNDECLARED_SELECTOR = YES;
				GCC_WARN_UNINITIALIZED_AUTOS = YES_AGGRESSIVE;
				GCC_WARN_UNUSED_FUNCTION = YES;
				GCC_WARN_UNUSED_VARIABLE = YES;
				IPHONEOS_DEPLOYMENT_TARGET = 13.0;
				MTL_ENABLE_DEBUG_INFO = NO;
				SDKROOT = iphoneos;
				SWIFT_ACTIVE_COMPILATION_CONDITIONS = TESTING;
				SWIFT_COMPILATION_MODE = wholemodule;
				SWIFT_OPTIMIZATION_LEVEL = "-O";
				SWIFT_VERSION = 5.0;
				VALIDATE_PRODUCT = YES;
			};
			name = Testing;
		};
		2FF08B0D28ADDA830074895A /* Testing */ = {
			isa = XCBuildConfiguration;
			baseConfigurationReference = 7A72EA107313090F52B58E48 /* Pods-FWFramework_Example.testing.xcconfig */;
			buildSettings = {
				ASSETCATALOG_COMPILER_APPICON_NAME = AppIcon;
				CLANG_ENABLE_MODULES = YES;
				CURRENT_PROJECT_VERSION = 1.0.0.1;
				DEVELOPMENT_TEAM = 3SPQYAJQY3;
				EXCLUDED_ARCHS = "";
				INFOPLIST_FILE = FWFramework/Info.plist;
				LD_RUNPATH_SEARCH_PATHS = (
					"$(inherited)",
					"@executable_path/Frameworks",
				);
				MARKETING_VERSION = 1.0.0;
				MODULE_NAME = ExampleApp;
				PRODUCT_BUNDLE_IDENTIFIER = site.wuyong.FWFramework.Example;
				PRODUCT_NAME = "$(TARGET_NAME)";
				SUPPORTED_PLATFORMS = "iphoneos iphonesimulator";
				SUPPORTS_MACCATALYST = NO;
				SUPPORTS_MAC_DESIGNED_FOR_IPHONE_IPAD = YES;
				SWIFT_OBJC_BRIDGING_HEADER = "";
				SWIFT_SWIFT3_OBJC_INFERENCE = Default;
				SWIFT_VERSION = 5.0;
				TARGETED_DEVICE_FAMILY = "1,2";
			};
			name = Testing;
		};
		607FACED1AFB9204008FA782 /* Debug */ = {
			isa = XCBuildConfiguration;
			buildSettings = {
				ALWAYS_SEARCH_USER_PATHS = NO;
				CLANG_ANALYZER_LOCALIZABILITY_NONLOCALIZED = YES;
				CLANG_CXX_LANGUAGE_STANDARD = "gnu++0x";
				CLANG_CXX_LIBRARY = "libc++";
				CLANG_ENABLE_MODULES = YES;
				CLANG_ENABLE_OBJC_ARC = YES;
				CLANG_WARN_BLOCK_CAPTURE_AUTORELEASING = YES;
				CLANG_WARN_BOOL_CONVERSION = YES;
				CLANG_WARN_COMMA = YES;
				CLANG_WARN_CONSTANT_CONVERSION = YES;
				CLANG_WARN_DEPRECATED_OBJC_IMPLEMENTATIONS = YES;
				CLANG_WARN_DIRECT_OBJC_ISA_USAGE = YES_ERROR;
				CLANG_WARN_EMPTY_BODY = YES;
				CLANG_WARN_ENUM_CONVERSION = YES;
				CLANG_WARN_INFINITE_RECURSION = YES;
				CLANG_WARN_INT_CONVERSION = YES;
				CLANG_WARN_NON_LITERAL_NULL_CONVERSION = YES;
				CLANG_WARN_OBJC_IMPLICIT_RETAIN_SELF = YES;
				CLANG_WARN_OBJC_LITERAL_CONVERSION = YES;
				CLANG_WARN_OBJC_ROOT_CLASS = YES_ERROR;
				CLANG_WARN_QUOTED_INCLUDE_IN_FRAMEWORK_HEADER = YES;
				CLANG_WARN_RANGE_LOOP_ANALYSIS = YES;
				CLANG_WARN_STRICT_PROTOTYPES = YES;
				CLANG_WARN_SUSPICIOUS_MOVE = YES;
				CLANG_WARN_UNREACHABLE_CODE = YES;
				CLANG_WARN__DUPLICATE_METHOD_MATCH = YES;
				"CODE_SIGN_IDENTITY[sdk=iphoneos*]" = "iPhone Developer";
				COPY_PHASE_STRIP = NO;
				DEBUG_INFORMATION_FORMAT = "dwarf-with-dsym";
				ENABLE_STRICT_OBJC_MSGSEND = YES;
				ENABLE_TESTABILITY = YES;
				GCC_C_LANGUAGE_STANDARD = gnu99;
				GCC_DYNAMIC_NO_PIC = NO;
				GCC_NO_COMMON_BLOCKS = YES;
				GCC_OPTIMIZATION_LEVEL = 0;
				GCC_PREPROCESSOR_DEFINITIONS = (
					"DEBUG=1",
					"$(inherited)",
				);
				GCC_SYMBOLS_PRIVATE_EXTERN = NO;
				GCC_WARN_64_TO_32_BIT_CONVERSION = YES;
				GCC_WARN_ABOUT_RETURN_TYPE = YES_ERROR;
				GCC_WARN_UNDECLARED_SELECTOR = YES;
				GCC_WARN_UNINITIALIZED_AUTOS = YES_AGGRESSIVE;
				GCC_WARN_UNUSED_FUNCTION = YES;
				GCC_WARN_UNUSED_VARIABLE = YES;
				IPHONEOS_DEPLOYMENT_TARGET = 13.0;
				MTL_ENABLE_DEBUG_INFO = YES;
				ONLY_ACTIVE_ARCH = YES;
				SDKROOT = iphoneos;
				SWIFT_ACTIVE_COMPILATION_CONDITIONS = DEBUG;
				SWIFT_OPTIMIZATION_LEVEL = "-Onone";
				SWIFT_VERSION = 5.0;
			};
			name = Debug;
		};
		607FACEE1AFB9204008FA782 /* Release */ = {
			isa = XCBuildConfiguration;
			buildSettings = {
				ALWAYS_SEARCH_USER_PATHS = NO;
				CLANG_ANALYZER_LOCALIZABILITY_NONLOCALIZED = YES;
				CLANG_CXX_LANGUAGE_STANDARD = "gnu++0x";
				CLANG_CXX_LIBRARY = "libc++";
				CLANG_ENABLE_MODULES = YES;
				CLANG_ENABLE_OBJC_ARC = YES;
				CLANG_WARN_BLOCK_CAPTURE_AUTORELEASING = YES;
				CLANG_WARN_BOOL_CONVERSION = YES;
				CLANG_WARN_COMMA = YES;
				CLANG_WARN_CONSTANT_CONVERSION = YES;
				CLANG_WARN_DEPRECATED_OBJC_IMPLEMENTATIONS = YES;
				CLANG_WARN_DIRECT_OBJC_ISA_USAGE = YES_ERROR;
				CLANG_WARN_EMPTY_BODY = YES;
				CLANG_WARN_ENUM_CONVERSION = YES;
				CLANG_WARN_INFINITE_RECURSION = YES;
				CLANG_WARN_INT_CONVERSION = YES;
				CLANG_WARN_NON_LITERAL_NULL_CONVERSION = YES;
				CLANG_WARN_OBJC_IMPLICIT_RETAIN_SELF = YES;
				CLANG_WARN_OBJC_LITERAL_CONVERSION = YES;
				CLANG_WARN_OBJC_ROOT_CLASS = YES_ERROR;
				CLANG_WARN_QUOTED_INCLUDE_IN_FRAMEWORK_HEADER = YES;
				CLANG_WARN_RANGE_LOOP_ANALYSIS = YES;
				CLANG_WARN_STRICT_PROTOTYPES = YES;
				CLANG_WARN_SUSPICIOUS_MOVE = YES;
				CLANG_WARN_UNREACHABLE_CODE = YES;
				CLANG_WARN__DUPLICATE_METHOD_MATCH = YES;
				"CODE_SIGN_IDENTITY[sdk=iphoneos*]" = "iPhone Developer";
				COPY_PHASE_STRIP = NO;
				DEBUG_INFORMATION_FORMAT = "dwarf-with-dsym";
				ENABLE_NS_ASSERTIONS = NO;
				ENABLE_STRICT_OBJC_MSGSEND = YES;
				GCC_C_LANGUAGE_STANDARD = gnu99;
				GCC_NO_COMMON_BLOCKS = YES;
				GCC_PREPROCESSOR_DEFINITIONS = "RELEASE=1";
				GCC_WARN_64_TO_32_BIT_CONVERSION = YES;
				GCC_WARN_ABOUT_RETURN_TYPE = YES_ERROR;
				GCC_WARN_UNDECLARED_SELECTOR = YES;
				GCC_WARN_UNINITIALIZED_AUTOS = YES_AGGRESSIVE;
				GCC_WARN_UNUSED_FUNCTION = YES;
				GCC_WARN_UNUSED_VARIABLE = YES;
				IPHONEOS_DEPLOYMENT_TARGET = 13.0;
				MTL_ENABLE_DEBUG_INFO = NO;
				SDKROOT = iphoneos;
				SWIFT_ACTIVE_COMPILATION_CONDITIONS = RELEASE;
				SWIFT_COMPILATION_MODE = wholemodule;
				SWIFT_OPTIMIZATION_LEVEL = "-O";
				SWIFT_VERSION = 5.0;
				VALIDATE_PRODUCT = YES;
			};
			name = Release;
		};
		607FACF01AFB9204008FA782 /* Debug */ = {
			isa = XCBuildConfiguration;
			baseConfigurationReference = 894F9EFB46FE2777B54B5F13 /* Pods-FWFramework_Example.debug.xcconfig */;
			buildSettings = {
				ASSETCATALOG_COMPILER_APPICON_NAME = AppIcon;
				CLANG_ENABLE_MODULES = YES;
				CURRENT_PROJECT_VERSION = 1.0.0.1;
				DEVELOPMENT_TEAM = 3SPQYAJQY3;
				EXCLUDED_ARCHS = "";
				INFOPLIST_FILE = FWFramework/Info.plist;
				LD_RUNPATH_SEARCH_PATHS = (
					"$(inherited)",
					"@executable_path/Frameworks",
				);
				MARKETING_VERSION = 1.0.0;
				MODULE_NAME = ExampleApp;
				PRODUCT_BUNDLE_IDENTIFIER = site.wuyong.FWFramework.Example;
				PRODUCT_NAME = "$(TARGET_NAME)";
				SUPPORTED_PLATFORMS = "iphoneos iphonesimulator";
				SUPPORTS_MACCATALYST = NO;
				SUPPORTS_MAC_DESIGNED_FOR_IPHONE_IPAD = YES;
				SWIFT_OBJC_BRIDGING_HEADER = "";
				SWIFT_OPTIMIZATION_LEVEL = "-Onone";
				SWIFT_SWIFT3_OBJC_INFERENCE = Default;
				SWIFT_VERSION = 5.0;
				TARGETED_DEVICE_FAMILY = "1,2";
			};
			name = Debug;
		};
		607FACF11AFB9204008FA782 /* Release */ = {
			isa = XCBuildConfiguration;
			baseConfigurationReference = D478E69E86FD0C491E56F20A /* Pods-FWFramework_Example.release.xcconfig */;
			buildSettings = {
				ASSETCATALOG_COMPILER_APPICON_NAME = AppIcon;
				CLANG_ENABLE_MODULES = YES;
				CURRENT_PROJECT_VERSION = 1.0.0.1;
				DEVELOPMENT_TEAM = 3SPQYAJQY3;
				EXCLUDED_ARCHS = "";
				INFOPLIST_FILE = FWFramework/Info.plist;
				LD_RUNPATH_SEARCH_PATHS = (
					"$(inherited)",
					"@executable_path/Frameworks",
				);
				MARKETING_VERSION = 1.0.0;
				MODULE_NAME = ExampleApp;
				PRODUCT_BUNDLE_IDENTIFIER = site.wuyong.FWFramework.Example;
				PRODUCT_NAME = "$(TARGET_NAME)";
				SUPPORTED_PLATFORMS = "iphoneos iphonesimulator";
				SUPPORTS_MACCATALYST = NO;
				SUPPORTS_MAC_DESIGNED_FOR_IPHONE_IPAD = YES;
				SWIFT_OBJC_BRIDGING_HEADER = "";
				SWIFT_SWIFT3_OBJC_INFERENCE = Default;
				SWIFT_VERSION = 5.0;
				TARGETED_DEVICE_FAMILY = "1,2";
			};
			name = Release;
		};
/* End XCBuildConfiguration section */

/* Begin XCConfigurationList section */
		607FACCB1AFB9204008FA782 /* Build configuration list for PBXProject "FWFramework" */ = {
			isa = XCConfigurationList;
			buildConfigurations = (
				607FACED1AFB9204008FA782 /* Debug */,
				607FACEE1AFB9204008FA782 /* Release */,
				2FF08B0C28ADDA830074895A /* Testing */,
				2FF08B0628ADDA710074895A /* Staging */,
			);
			defaultConfigurationIsVisible = 0;
			defaultConfigurationName = Release;
		};
		607FACEF1AFB9204008FA782 /* Build configuration list for PBXNativeTarget "FWFramework_Example" */ = {
			isa = XCConfigurationList;
			buildConfigurations = (
				607FACF01AFB9204008FA782 /* Debug */,
				607FACF11AFB9204008FA782 /* Release */,
				2FF08B0D28ADDA830074895A /* Testing */,
				2FF08B0728ADDA710074895A /* Staging */,
			);
			defaultConfigurationIsVisible = 0;
			defaultConfigurationName = Release;
		};
/* End XCConfigurationList section */
	};
	rootObject = 607FACC81AFB9204008FA782 /* Project object */;
}
