// !$*UTF8*$!
{
	archiveVersion = 1;
	classes = {
	};
	objectVersion = 56;
	objects = {

/* Begin PBXBuildFile section */
		2F96AB082BDB8E4F007A0767 /* ExampleApp.swift in Sources */ = {isa = PBXBuildFile; fileRef = 2F96AB072BDB8E4F007A0767 /* ExampleApp.swift */; };
		2F96AB0A2BDB8E4F007A0767 /* ContentView.swift in Sources */ = {isa = PBXBuildFile; fileRef = 2F96AB092BDB8E4F007A0767 /* ContentView.swift */; };
		2F96AB0C2BDB8E50007A0767 /* Assets.xcassets in Resources */ = {isa = PBXBuildFile; fileRef = 2F96AB0B2BDB8E50007A0767 /* Assets.xcassets */; };
		2F96AB0F2BDB8E50007A0767 /* Preview Assets.xcassets in Resources */ = {isa = PBXBuildFile; fileRef = 2F96AB0E2BDB8E50007A0767 /* Preview Assets.xcassets */; };
		2FE6E84C2BE0AEF400F0CC00 /* FWExtensionAlamofire in Frameworks */ = {isa = PBXBuildFile; productRef = 2FE6E84B2BE0AEF400F0CC00 /* FWExtensionAlamofire */; };
		2FE6E84E2BE0AEF400F0CC00 /* FWExtensionCalendar in Frameworks */ = {isa = PBXBuildFile; productRef = 2FE6E84D2BE0AEF400F0CC00 /* FWExtensionCalendar */; };
		2FE6E8502BE0AEF400F0CC00 /* FWExtensionContacts in Frameworks */ = {isa = PBXBuildFile; productRef = 2FE6E84F2BE0AEF400F0CC00 /* FWExtensionContacts */; };
		2FE6E8522BE0AEF400F0CC00 /* FWExtensionLottie in Frameworks */ = {isa = PBXBuildFile; productRef = 2FE6E8512BE0AEF400F0CC00 /* FWExtensionLottie */; };
		2FE6E8542BE0AEF400F0CC00 /* FWExtensionMacros in Frameworks */ = {isa = PBXBuildFile; productRef = 2FE6E8532BE0AEF400F0CC00 /* FWExtensionMacros */; };
		2FE6E8562BE0AEF400F0CC00 /* FWExtensionMicrophone in Frameworks */ = {isa = PBXBuildFile; productRef = 2FE6E8552BE0AEF400F0CC00 /* FWExtensionMicrophone */; };
		2FE6E8582BE0AEF400F0CC00 /* FWExtensionSDWebImage in Frameworks */ = {isa = PBXBuildFile; productRef = 2FE6E8572BE0AEF400F0CC00 /* FWExtensionSDWebImage */; };
		2FE6E85A2BE0AEF400F0CC00 /* FWExtensionTracking in Frameworks */ = {isa = PBXBuildFile; productRef = 2FE6E8592BE0AEF400F0CC00 /* FWExtensionTracking */; };
		2FE6E85C2BE0AEF400F0CC00 /* FWFramework in Frameworks */ = {isa = PBXBuildFile; productRef = 2FE6E85B2BE0AEF400F0CC00 /* FWFramework */; };
		2FE6E85E2BE0AEF400F0CC00 /* FWSwiftUI in Frameworks */ = {isa = PBXBuildFile; productRef = 2FE6E85D2BE0AEF400F0CC00 /* FWSwiftUI */; };
		2FE6E8612BE0AF0100F0CC00 /* FWDebug in Frameworks */ = {isa = PBXBuildFile; productRef = 2FE6E8602BE0AF0100F0CC00 /* FWDebug */; };
/* End PBXBuildFile section */

/* Begin PBXFileReference section */
		2F96AB042BDB8E4F007A0767 /* FWFramework_SwiftUI.app */ = {isa = PBXFileReference; explicitFileType = wrapper.application; includeInIndex = 0; path = FWFramework_SwiftUI.app; sourceTree = BUILT_PRODUCTS_DIR; };
		2F96AB072BDB8E4F007A0767 /* ExampleApp.swift */ = {isa = PBXFileReference; lastKnownFileType = sourcecode.swift; path = ExampleApp.swift; sourceTree = "<group>"; };
		2F96AB092BDB8E4F007A0767 /* ContentView.swift */ = {isa = PBXFileReference; lastKnownFileType = sourcecode.swift; path = ContentView.swift; sourceTree = "<group>"; };
		2F96AB0B2BDB8E50007A0767 /* Assets.xcassets */ = {isa = PBXFileReference; lastKnownFileType = folder.assetcatalog; path = Assets.xcassets; sourceTree = "<group>"; };
		2F96AB0E2BDB8E50007A0767 /* Preview Assets.xcassets */ = {isa = PBXFileReference; lastKnownFileType = folder.assetcatalog; path = "Preview Assets.xcassets"; sourceTree = "<group>"; };
/* End PBXFileReference section */

/* Begin PBXFrameworksBuildPhase section */
		2F96AB012BDB8E4F007A0767 /* Frameworks */ = {
			isa = PBXFrameworksBuildPhase;
			buildActionMask = 2147483647;
			files = (
				2FE6E85A2BE0AEF400F0CC00 /* FWExtensionTracking in Frameworks */,
				2FE6E8522BE0AEF400F0CC00 /* FWExtensionLottie in Frameworks */,
				2FE6E8612BE0AF0100F0CC00 /* FWDebug in Frameworks */,
				2FE6E84C2BE0AEF400F0CC00 /* FWExtensionAlamofire in Frameworks */,
				2FE6E85C2BE0AEF400F0CC00 /* FWFramework in Frameworks */,
				2FE6E84E2BE0AEF400F0CC00 /* FWExtensionCalendar in Frameworks */,
				2FE6E85E2BE0AEF400F0CC00 /* FWSwiftUI in Frameworks */,
				2FE6E8502BE0AEF400F0CC00 /* FWExtensionContacts in Frameworks */,
				2FE6E8542BE0AEF400F0CC00 /* FWExtensionMacros in Frameworks */,
				2FE6E8582BE0AEF400F0CC00 /* FWExtensionSDWebImage in Frameworks */,
				2FE6E8562BE0AEF400F0CC00 /* FWExtensionMicrophone in Frameworks */,
			);
			runOnlyForDeploymentPostprocessing = 0;
		};
/* End PBXFrameworksBuildPhase section */

/* Begin PBXGroup section */
		2F96AAFB2BDB8E4F007A0767 = {
			isa = PBXGroup;
			children = (
				2F96AB062BDB8E4F007A0767 /* Example for FWFramework */,
				2F96AB052BDB8E4F007A0767 /* Products */,
			);
			sourceTree = "<group>";
		};
		2F96AB052BDB8E4F007A0767 /* Products */ = {
			isa = PBXGroup;
			children = (
				2F96AB042BDB8E4F007A0767 /* FWFramework_SwiftUI.app */,
			);
			name = Products;
			sourceTree = "<group>";
		};
		2F96AB062BDB8E4F007A0767 /* Example for FWFramework */ = {
			isa = PBXGroup;
			children = (
				2F96AB072BDB8E4F007A0767 /* ExampleApp.swift */,
				2F96AB092BDB8E4F007A0767 /* ContentView.swift */,
				2F96AB0B2BDB8E50007A0767 /* Assets.xcassets */,
				2F96AB0D2BDB8E50007A0767 /* Preview Content */,
			);
			name = "Example for FWFramework";
			path = FWSwiftUI;
			sourceTree = "<group>";
		};
		2F96AB0D2BDB8E50007A0767 /* Preview Content */ = {
			isa = PBXGroup;
			children = (
				2F96AB0E2BDB8E50007A0767 /* Preview Assets.xcassets */,
			);
			path = "Preview Content";
			sourceTree = "<group>";
		};
/* End PBXGroup section */

/* Begin PBXNativeTarget section */
		2F96AB032BDB8E4F007A0767 /* FWFramework_SwiftUI */ = {
			isa = PBXNativeTarget;
			buildConfigurationList = 2F96AB122BDB8E50007A0767 /* Build configuration list for PBXNativeTarget "FWFramework_SwiftUI" */;
			buildPhases = (
				2F96AB002BDB8E4F007A0767 /* Sources */,
				2F96AB012BDB8E4F007A0767 /* Frameworks */,
				2F96AB022BDB8E4F007A0767 /* Resources */,
			);
			buildRules = (
			);
			dependencies = (
			);
			name = FWFramework_SwiftUI;
			packageProductDependencies = (
				2FE6E84B2BE0AEF400F0CC00 /* FWExtensionAlamofire */,
				2FE6E84D2BE0AEF400F0CC00 /* FWExtensionCalendar */,
				2FE6E84F2BE0AEF400F0CC00 /* FWExtensionContacts */,
				2FE6E8512BE0AEF400F0CC00 /* FWExtensionLottie */,
				2FE6E8532BE0AEF400F0CC00 /* FWExtensionMacros */,
				2FE6E8552BE0AEF400F0CC00 /* FWExtensionMicrophone */,
				2FE6E8572BE0AEF400F0CC00 /* FWExtensionSDWebImage */,
				2FE6E8592BE0AEF400F0CC00 /* FWExtensionTracking */,
				2FE6E85B2BE0AEF400F0CC00 /* FWFramework */,
				2FE6E85D2BE0AEF400F0CC00 /* FWSwiftUI */,
				2FE6E8602BE0AF0100F0CC00 /* FWDebug */,
			);
			productName = FWSwiftUI;
			productReference = 2F96AB042BDB8E4F007A0767 /* FWFramework_SwiftUI.app */;
			productType = "com.apple.product-type.application";
		};
/* End PBXNativeTarget section */

/* Begin PBXProject section */
		2F96AAFC2BDB8E4F007A0767 /* Project object */ = {
			isa = PBXProject;
			attributes = {
				BuildIndependentTargetsInParallel = 1;
				LastSwiftUpdateCheck = 1530;
				LastUpgradeCheck = 1530;
				TargetAttributes = {
					2F96AB032BDB8E4F007A0767 = {
						CreatedOnToolsVersion = 15.3;
					};
				};
			};
			buildConfigurationList = 2F96AAFF2BDB8E4F007A0767 /* Build configuration list for PBXProject "FWSwiftUI" */;
			compatibilityVersion = "Xcode 14.0";
			developmentRegion = en;
			hasScannedForEncodings = 0;
			knownRegions = (
				en,
				Base,
			);
			mainGroup = 2F96AAFB2BDB8E4F007A0767;
			packageReferences = (
				2FE6E84A2BE0AEF400F0CC00 /* XCRemoteSwiftPackageReference "FWFramework" */,
				2FE6E85F2BE0AF0100F0CC00 /* XCRemoteSwiftPackageReference "FWDebug" */,
			);
			productRefGroup = 2F96AB052BDB8E4F007A0767 /* Products */;
			projectDirPath = "";
			projectRoot = "";
			targets = (
				2F96AB032BDB8E4F007A0767 /* FWFramework_SwiftUI */,
			);
		};
/* End PBXProject section */

/* Begin PBXResourcesBuildPhase section */
		2F96AB022BDB8E4F007A0767 /* Resources */ = {
			isa = PBXResourcesBuildPhase;
			buildActionMask = 2147483647;
			files = (
				2F96AB0F2BDB8E50007A0767 /* Preview Assets.xcassets in Resources */,
				2F96AB0C2BDB8E50007A0767 /* Assets.xcassets in Resources */,
			);
			runOnlyForDeploymentPostprocessing = 0;
		};
/* End PBXResourcesBuildPhase section */

/* Begin PBXSourcesBuildPhase section */
		2F96AB002BDB8E4F007A0767 /* Sources */ = {
			isa = PBXSourcesBuildPhase;
			buildActionMask = 2147483647;
			files = (
				2F96AB0A2BDB8E4F007A0767 /* ContentView.swift in Sources */,
				2F96AB082BDB8E4F007A0767 /* ExampleApp.swift in Sources */,
			);
			runOnlyForDeploymentPostprocessing = 0;
		};
/* End PBXSourcesBuildPhase section */

/* Begin XCBuildConfiguration section */
		2F96AB102BDB8E50007A0767 /* Debug */ = {
			isa = XCBuildConfiguration;
			buildSettings = {
				ALWAYS_SEARCH_USER_PATHS = NO;
				ASSETCATALOG_COMPILER_GENERATE_SWIFT_ASSET_SYMBOL_EXTENSIONS = YES;
				CLANG_ANALYZER_NONNULL = YES;
				CLANG_ANALYZER_NUMBER_OBJECT_CONVERSION = YES_AGGRESSIVE;
				CLANG_CXX_LANGUAGE_STANDARD = "gnu++20";
				CLANG_ENABLE_MODULES = YES;
				CLANG_ENABLE_OBJC_ARC = YES;
				CLANG_ENABLE_OBJC_WEAK = YES;
				CLANG_WARN_BLOCK_CAPTURE_AUTORELEASING = YES;
				CLANG_WARN_BOOL_CONVERSION = YES;
				CLANG_WARN_COMMA = YES;
				CLANG_WARN_CONSTANT_CONVERSION = YES;
				CLANG_WARN_DEPRECATED_OBJC_IMPLEMENTATIONS = YES;
				CLANG_WARN_DIRECT_OBJC_ISA_USAGE = YES_ERROR;
				CLANG_WARN_DOCUMENTATION_COMMENTS = YES;
				CLANG_WARN_EMPTY_BODY = YES;
				CLANG_WARN_ENUM_CONVERSION = YES;
				CLANG_WARN_INFINITE_RECURSION = YES;
				CLANG_WARN_INT_CONVERSION = YES;
				CLANG_WARN_NON_LITERAL_NULL_CONVERSION = YES;
				CLANG_WARN_OBJC_IMPLICIT_RETAIN_SELF = YES;
				CLANG_WARN_OBJC_LITERAL_CONVERSION = YES;
				CLANG_WARN_OBJC_ROOT_CLASS = YES_ERROR;
				CLANG_WARN_QUOTED_INCLUDE_IN_FRAMEWORK_HEADER = YES;
				CLANG_WARN_RANGE_LOOP_ANALYSIS = YES;
				CLANG_WARN_STRICT_PROTOTYPES = YES;
				CLANG_WARN_SUSPICIOUS_MOVE = YES;
				CLANG_WARN_UNGUARDED_AVAILABILITY = YES_AGGRESSIVE;
				CLANG_WARN_UNREACHABLE_CODE = YES;
				CLANG_WARN__DUPLICATE_METHOD_MATCH = YES;
				COPY_PHASE_STRIP = NO;
				DEBUG_INFORMATION_FORMAT = dwarf;
				ENABLE_STRICT_OBJC_MSGSEND = YES;
				ENABLE_TESTABILITY = YES;
				ENABLE_USER_SCRIPT_SANDBOXING = YES;
				GCC_C_LANGUAGE_STANDARD = gnu17;
				GCC_DYNAMIC_NO_PIC = NO;
				GCC_NO_COMMON_BLOCKS = YES;
				GCC_OPTIMIZATION_LEVEL = 0;
				GCC_PREPROCESSOR_DEFINITIONS = (
					"DEBUG=1",
					"$(inherited)",
				);
				GCC_WARN_64_TO_32_BIT_CONVERSION = YES;
				GCC_WARN_ABOUT_RETURN_TYPE = YES_ERROR;
				GCC_WARN_UNDECLARED_SELECTOR = YES;
				GCC_WARN_UNINITIALIZED_AUTOS = YES_AGGRESSIVE;
				GCC_WARN_UNUSED_FUNCTION = YES;
				GCC_WARN_UNUSED_VARIABLE = YES;
				IPHONEOS_DEPLOYMENT_TARGET = 14.0;
				LOCALIZATION_PREFERS_STRING_CATALOGS = YES;
				MTL_ENABLE_DEBUG_INFO = INCLUDE_SOURCE;
				MTL_FAST_MATH = YES;
				ONLY_ACTIVE_ARCH = YES;
				SDKROOT = iphoneos;
				SWIFT_ACTIVE_COMPILATION_CONDITIONS = "DEBUG $(inherited)";
				SWIFT_OPTIMIZATION_LEVEL = "-Onone";
			};
			name = Debug;
		};
		2F96AB112BDB8E50007A0767 /* Release */ = {
			isa = XCBuildConfiguration;
			buildSettings = {
				ALWAYS_SEARCH_USER_PATHS = NO;
				ASSETCATALOG_COMPILER_GENERATE_SWIFT_ASSET_SYMBOL_EXTENSIONS = YES;
				CLANG_ANALYZER_NONNULL = YES;
				CLANG_ANALYZER_NUMBER_OBJECT_CONVERSION = YES_AGGRESSIVE;
				CLANG_CXX_LANGUAGE_STANDARD = "gnu++20";
				CLANG_ENABLE_MODULES = YES;
				CLANG_ENABLE_OBJC_ARC = YES;
				CLANG_ENABLE_OBJC_WEAK = YES;
				CLANG_WARN_BLOCK_CAPTURE_AUTORELEASING = YES;
				CLANG_WARN_BOOL_CONVERSION = YES;
				CLANG_WARN_COMMA = YES;
				CLANG_WARN_CONSTANT_CONVERSION = YES;
				CLANG_WARN_DEPRECATED_OBJC_IMPLEMENTATIONS = YES;
				CLANG_WARN_DIRECT_OBJC_ISA_USAGE = YES_ERROR;
				CLANG_WARN_DOCUMENTATION_COMMENTS = YES;
				CLANG_WARN_EMPTY_BODY = YES;
				CLANG_WARN_ENUM_CONVERSION = YES;
				CLANG_WARN_INFINITE_RECURSION = YES;
				CLANG_WARN_INT_CONVERSION = YES;
				CLANG_WARN_NON_LITERAL_NULL_CONVERSION = YES;
				CLANG_WARN_OBJC_IMPLICIT_RETAIN_SELF = YES;
				CLANG_WARN_OBJC_LITERAL_CONVERSION = YES;
				CLANG_WARN_OBJC_ROOT_CLASS = YES_ERROR;
				CLANG_WARN_QUOTED_INCLUDE_IN_FRAMEWORK_HEADER = YES;
				CLANG_WARN_RANGE_LOOP_ANALYSIS = YES;
				CLANG_WARN_STRICT_PROTOTYPES = YES;
				CLANG_WARN_SUSPICIOUS_MOVE = YES;
				CLANG_WARN_UNGUARDED_AVAILABILITY = YES_AGGRESSIVE;
				CLANG_WARN_UNREACHABLE_CODE = YES;
				CLANG_WARN__DUPLICATE_METHOD_MATCH = YES;
				COPY_PHASE_STRIP = NO;
				DEBUG_INFORMATION_FORMAT = "dwarf-with-dsym";
				ENABLE_NS_ASSERTIONS = NO;
				ENABLE_STRICT_OBJC_MSGSEND = YES;
				ENABLE_USER_SCRIPT_SANDBOXING = YES;
				GCC_C_LANGUAGE_STANDARD = gnu17;
				GCC_NO_COMMON_BLOCKS = YES;
				GCC_WARN_64_TO_32_BIT_CONVERSION = YES;
				GCC_WARN_ABOUT_RETURN_TYPE = YES_ERROR;
				GCC_WARN_UNDECLARED_SELECTOR = YES;
				GCC_WARN_UNINITIALIZED_AUTOS = YES_AGGRESSIVE;
				GCC_WARN_UNUSED_FUNCTION = YES;
				GCC_WARN_UNUSED_VARIABLE = YES;
				IPHONEOS_DEPLOYMENT_TARGET = 14.0;
				LOCALIZATION_PREFERS_STRING_CATALOGS = YES;
				MTL_ENABLE_DEBUG_INFO = NO;
				MTL_FAST_MATH = YES;
				SDKROOT = iphoneos;
				SWIFT_COMPILATION_MODE = wholemodule;
				VALIDATE_PRODUCT = YES;
			};
			name = Release;
		};
		2F96AB132BDB8E50007A0767 /* Debug */ = {
			isa = XCBuildConfiguration;
			buildSettings = {
				ASSETCATALOG_COMPILER_APPICON_NAME = AppIcon;
				ASSETCATALOG_COMPILER_GLOBAL_ACCENT_COLOR_NAME = AccentColor;
				CODE_SIGN_STYLE = Automatic;
				CURRENT_PROJECT_VERSION = 1;
				DEVELOPMENT_ASSET_PATHS = "\"FWSwiftUI/Preview Content\"";
				DEVELOPMENT_TEAM = 3SPQYAJQY3;
				ENABLE_PREVIEWS = YES;
				GENERATE_INFOPLIST_FILE = YES;
				INFOPLIST_KEY_CFBundleDisplayName = FWSwiftUI;
				INFOPLIST_KEY_UIApplicationSceneManifest_Generation = YES;
				INFOPLIST_KEY_UIApplicationSupportsIndirectInputEvents = YES;
				INFOPLIST_KEY_UILaunchScreen_Generation = YES;
				INFOPLIST_KEY_UISupportedInterfaceOrientations_iPad = "UIInterfaceOrientationPortrait UIInterfaceOrientationPortraitUpsideDown UIInterfaceOrientationLandscapeLeft UIInterfaceOrientationLandscapeRight";
				INFOPLIST_KEY_UISupportedInterfaceOrientations_iPhone = "UIInterfaceOrientationPortrait UIInterfaceOrientationLandscapeLeft UIInterfaceOrientationLandscapeRight";
				LD_RUNPATH_SEARCH_PATHS = (
					"$(inherited)",
					"@executable_path/Frameworks",
				);
				MARKETING_VERSION = 1.0;
				PRODUCT_BUNDLE_IDENTIFIER = site.wuyong.FWFramework.SwiftUI.FWSwiftUI;
				PRODUCT_NAME = "$(TARGET_NAME)";
				SWIFT_EMIT_LOC_STRINGS = YES;
				SWIFT_VERSION = 5.0;
				TARGETED_DEVICE_FAMILY = "1,2";
			};
			name = Debug;
		};
		2F96AB142BDB8E50007A0767 /* Release */ = {
			isa = XCBuildConfiguration;
			buildSettings = {
				ASSETCATALOG_COMPILER_APPICON_NAME = AppIcon;
				ASSETCATALOG_COMPILER_GLOBAL_ACCENT_COLOR_NAME = AccentColor;
				CODE_SIGN_STYLE = Automatic;
				CURRENT_PROJECT_VERSION = 1;
				DEVELOPMENT_ASSET_PATHS = "\"FWSwiftUI/Preview Content\"";
				DEVELOPMENT_TEAM = 3SPQYAJQY3;
				ENABLE_PREVIEWS = YES;
				GENERATE_INFOPLIST_FILE = YES;
				INFOPLIST_KEY_CFBundleDisplayName = FWSwiftUI;
				INFOPLIST_KEY_UIApplicationSceneManifest_Generation = YES;
				INFOPLIST_KEY_UIApplicationSupportsIndirectInputEvents = YES;
				INFOPLIST_KEY_UILaunchScreen_Generation = YES;
				INFOPLIST_KEY_UISupportedInterfaceOrientations_iPad = "UIInterfaceOrientationPortrait UIInterfaceOrientationPortraitUpsideDown UIInterfaceOrientationLandscapeLeft UIInterfaceOrientationLandscapeRight";
				INFOPLIST_KEY_UISupportedInterfaceOrientations_iPhone = "UIInterfaceOrientationPortrait UIInterfaceOrientationLandscapeLeft UIInterfaceOrientationLandscapeRight";
				LD_RUNPATH_SEARCH_PATHS = (
					"$(inherited)",
					"@executable_path/Frameworks",
				);
				MARKETING_VERSION = 1.0;
				PRODUCT_BUNDLE_IDENTIFIER = site.wuyong.FWFramework.SwiftUI.FWSwiftUI;
				PRODUCT_NAME = "$(TARGET_NAME)";
				SWIFT_EMIT_LOC_STRINGS = YES;
				SWIFT_VERSION = 5.0;
				TARGETED_DEVICE_FAMILY = "1,2";
			};
			name = Release;
		};
/* End XCBuildConfiguration section */

/* Begin XCConfigurationList section */
		2F96AAFF2BDB8E4F007A0767 /* Build configuration list for PBXProject "FWSwiftUI" */ = {
			isa = XCConfigurationList;
			buildConfigurations = (
				2F96AB102BDB8E50007A0767 /* Debug */,
				2F96AB112BDB8E50007A0767 /* Release */,
			);
			defaultConfigurationIsVisible = 0;
			defaultConfigurationName = Release;
		};
		2F96AB122BDB8E50007A0767 /* Build configuration list for PBXNativeTarget "FWFramework_SwiftUI" */ = {
			isa = XCConfigurationList;
			buildConfigurations = (
				2F96AB132BDB8E50007A0767 /* Debug */,
				2F96AB142BDB8E50007A0767 /* Release */,
			);
			defaultConfigurationIsVisible = 0;
			defaultConfigurationName = Release;
		};
/* End XCConfigurationList section */

/* Begin XCRemoteSwiftPackageReference section */
		2FE6E84A2BE0AEF400F0CC00 /* XCRemoteSwiftPackageReference "FWFramework" */ = {
			isa = XCRemoteSwiftPackageReference;
			repositoryURL = "https://github.com/lszzy/FWFramework.git";
			requirement = {
				kind = upToNextMajorVersion;
				minimumVersion = 5.3.2;
			};
		};
		2FE6E85F2BE0AF0100F0CC00 /* XCRemoteSwiftPackageReference "FWDebug" */ = {
			isa = XCRemoteSwiftPackageReference;
			repositoryURL = "https://github.com/lszzy/FWDebug.git";
			requirement = {
				kind = upToNextMajorVersion;
				minimumVersion = 5.3.1;
			};
		};
/* End XCRemoteSwiftPackageReference section */

/* Begin XCSwiftPackageProductDependency section */
		2FE6E84B2BE0AEF400F0CC00 /* FWExtensionAlamofire */ = {
			isa = XCSwiftPackageProductDependency;
			package = 2FE6E84A2BE0AEF400F0CC00 /* XCRemoteSwiftPackageReference "FWFramework" */;
			productName = FWExtensionAlamofire;
		};
		2FE6E84D2BE0AEF400F0CC00 /* FWExtensionCalendar */ = {
			isa = XCSwiftPackageProductDependency;
			package = 2FE6E84A2BE0AEF400F0CC00 /* XCRemoteSwiftPackageReference "FWFramework" */;
			productName = FWExtensionCalendar;
		};
		2FE6E84F2BE0AEF400F0CC00 /* FWExtensionContacts */ = {
			isa = XCSwiftPackageProductDependency;
			package = 2FE6E84A2BE0AEF400F0CC00 /* XCRemoteSwiftPackageReference "FWFramework" */;
			productName = FWExtensionContacts;
		};
		2FE6E8512BE0AEF400F0CC00 /* FWExtensionLottie */ = {
			isa = XCSwiftPackageProductDependency;
			package = 2FE6E84A2BE0AEF400F0CC00 /* XCRemoteSwiftPackageReference "FWFramework" */;
			productName = FWExtensionLottie;
		};
		2FE6E8532BE0AEF400F0CC00 /* FWExtensionMacros */ = {
			isa = XCSwiftPackageProductDependency;
			package = 2FE6E84A2BE0AEF400F0CC00 /* XCRemoteSwiftPackageReference "FWFramework" */;
			productName = FWExtensionMacros;
		};
		2FE6E8552BE0AEF400F0CC00 /* FWExtensionMicrophone */ = {
			isa = XCSwiftPackageProductDependency;
			package = 2FE6E84A2BE0AEF400F0CC00 /* XCRemoteSwiftPackageReference "FWFramework" */;
			productName = FWExtensionMicrophone;
		};
		2FE6E8572BE0AEF400F0CC00 /* FWExtensionSDWebImage */ = {
			isa = XCSwiftPackageProductDependency;
			package = 2FE6E84A2BE0AEF400F0CC00 /* XCRemoteSwiftPackageReference "FWFramework" */;
			productName = FWExtensionSDWebImage;
		};
		2FE6E8592BE0AEF400F0CC00 /* FWExtensionTracking */ = {
			isa = XCSwiftPackageProductDependency;
			package = 2FE6E84A2BE0AEF400F0CC00 /* XCRemoteSwiftPackageReference "FWFramework" */;
			productName = FWExtensionTracking;
		};
		2FE6E85B2BE0AEF400F0CC00 /* FWFramework */ = {
			isa = XCSwiftPackageProductDependency;
			package = 2FE6E84A2BE0AEF400F0CC00 /* XCRemoteSwiftPackageReference "FWFramework" */;
			productName = FWFramework;
		};
		2FE6E85D2BE0AEF400F0CC00 /* FWSwiftUI */ = {
			isa = XCSwiftPackageProductDependency;
			package = 2FE6E84A2BE0AEF400F0CC00 /* XCRemoteSwiftPackageReference "FWFramework" */;
			productName = FWSwiftUI;
		};
		2FE6E8602BE0AF0100F0CC00 /* FWDebug */ = {
			isa = XCSwiftPackageProductDependency;
			package = 2FE6E85F2BE0AF0100F0CC00 /* XCRemoteSwiftPackageReference "FWDebug" */;
			productName = FWDebug;
		};
/* End XCSwiftPackageProductDependency section */
	};
	rootObject = 2F96AAFC2BDB8E4F007A0767 /* Project object */;
}
