// !$*UTF8*$!
{
	archiveVersion = 1;
	classes = {
	};
	objectVersion = 46;
	objects = {

/* Begin PBXBuildFile section */
		2F06BE5F2097137C000F8587 /* ObjcController.m in Sources */ = {isa = PBXBuildFile; fileRef = 2F06BE5E2097137C000F8587 /* ObjcController.m */; };
		2F06BE6520971483000F8587 /* SwiftController.swift in Sources */ = {isa = PBXBuildFile; fileRef = 2F06BE6420971483000F8587 /* SwiftController.swift */; };
		2F0D297A215DFFEF005F1466 /* DZNWebView.m in Sources */ = {isa = PBXBuildFile; fileRef = 2F0D2932215DFFEF005F1466 /* DZNWebView.m */; };
		2F0D297B215DFFEF005F1466 /* DZNWebViewController.m in Sources */ = {isa = PBXBuildFile; fileRef = 2F0D2933215DFFEF005F1466 /* DZNWebViewController.m */; };
		2F0D297C215DFFEF005F1466 /* DZNPolyActivity.m in Sources */ = {isa = PBXBuildFile; fileRef = 2F0D2934215DFFEF005F1466 /* DZNPolyActivity.m */; };
		2F0D2986215DFFEF005F1466 /* FMDatabaseQueue.m in Sources */ = {isa = PBXBuildFile; fileRef = 2F0D294F215DFFEF005F1466 /* FMDatabaseQueue.m */; };
		2F0D2987215DFFEF005F1466 /* FMDatabaseAdditions.m in Sources */ = {isa = PBXBuildFile; fileRef = 2F0D2952215DFFEF005F1466 /* FMDatabaseAdditions.m */; };
		2F0D2988215DFFEF005F1466 /* FMDatabase.m in Sources */ = {isa = PBXBuildFile; fileRef = 2F0D2953215DFFEF005F1466 /* FMDatabase.m */; };
		2F0D2989215DFFEF005F1466 /* FMDatabasePool.m in Sources */ = {isa = PBXBuildFile; fileRef = 2F0D2957215DFFEF005F1466 /* FMDatabasePool.m */; };
		2F0D298A215DFFEF005F1466 /* FMResultSet.m in Sources */ = {isa = PBXBuildFile; fileRef = 2F0D2958215DFFEF005F1466 /* FMResultSet.m */; };
		2F0D298B215DFFEF005F1466 /* UIScrollView+SVInfiniteScrolling.m in Sources */ = {isa = PBXBuildFile; fileRef = 2F0D295B215DFFEF005F1466 /* UIScrollView+SVInfiniteScrolling.m */; };
		2F0D298C215DFFEF005F1466 /* UIScrollView+SVPullToRefresh.m in Sources */ = {isa = PBXBuildFile; fileRef = 2F0D295C215DFFEF005F1466 /* UIScrollView+SVPullToRefresh.m */; };
		2F0D298D215DFFEF005F1466 /* JQFMDB.m in Sources */ = {isa = PBXBuildFile; fileRef = 2F0D2960215DFFEF005F1466 /* JQFMDB.m */; };
		2F0D298E215DFFEF005F1466 /* UIScrollView+EmptyDataSet.m in Sources */ = {isa = PBXBuildFile; fileRef = 2F0D2963215DFFEF005F1466 /* UIScrollView+EmptyDataSet.m */; };
		2F1D93DC216F18B00021F936 /* TestWindowViewController.m in Sources */ = {isa = PBXBuildFile; fileRef = 2F1D93DB216F18B00021F936 /* TestWindowViewController.m */; };
		2F30D8952153775B000F0A1D /* InfoPlist.strings in Resources */ = {isa = PBXBuildFile; fileRef = 2F30D8972153775B000F0A1D /* InfoPlist.strings */; };
		2F30D8982153775E000F0A1D /* Localizable.strings in Resources */ = {isa = PBXBuildFile; fileRef = 2F30D89A2153775E000F0A1D /* Localizable.strings */; };
		2F4CFA45215522D200203A37 /* TestViewController.m in Sources */ = {isa = PBXBuildFile; fileRef = 2F4CFA43215522D200203A37 /* TestViewController.m */; };
		2F4CFA4E2155285500203A37 /* BaseTableViewController.m in Sources */ = {isa = PBXBuildFile; fileRef = 2F4CFA4D2155285500203A37 /* BaseTableViewController.m */; };
		2F4CFA5121552A7700203A37 /* BaseViewController.m in Sources */ = {isa = PBXBuildFile; fileRef = 2F4CFA5021552A7700203A37 /* BaseViewController.m */; };
		2F4CFA5521552CFF00203A37 /* TestBadgeViewController.m in Sources */ = {isa = PBXBuildFile; fileRef = 2F4CFA5421552CFE00203A37 /* TestBadgeViewController.m */; };
		2F4CFA5721552E9D00203A37 /* Images.xcassets in Resources */ = {isa = PBXBuildFile; fileRef = 2F4CFA5621552E9D00203A37 /* Images.xcassets */; };
		2F4CFA5A2155302E00203A37 /* TestTableLayoutViewController.m in Sources */ = {isa = PBXBuildFile; fileRef = 2F4CFA592155302E00203A37 /* TestTableLayoutViewController.m */; };
		2F4CFA62215531A100203A37 /* AppStandard.m in Sources */ = {isa = PBXBuildFile; fileRef = 2F4CFA5E215531A100203A37 /* AppStandard.m */; };
		2F51D7731E5C1330009FD40F /* main.m in Sources */ = {isa = PBXBuildFile; fileRef = 2F51D7721E5C1330009FD40F /* main.m */; };
		2F51D7F01E5C2357009FD40F /* AppDelegate.m in Sources */ = {isa = PBXBuildFile; fileRef = 2F51D78B1E5C2357009FD40F /* AppDelegate.m */; };
		2F51D8141E5C2357009FD40F /* Assets.xcassets in Resources */ = {isa = PBXBuildFile; fileRef = 2F51D7E71E5C2357009FD40F /* Assets.xcassets */; };
		2F593FDD21560B000022137F /* TestIndicatorViewController.m in Sources */ = {isa = PBXBuildFile; fileRef = 2F593FDC21560B000022137F /* TestIndicatorViewController.m */; };
		2F593FF42157E7D30022137F /* ExampleTests.m in Sources */ = {isa = PBXBuildFile; fileRef = 2F593FF32157E7D30022137F /* ExampleTests.m */; };
		2F5940032157E8BF0022137F /* ExampleUITests.m in Sources */ = {isa = PBXBuildFile; fileRef = 2F5940022157E8BF0022137F /* ExampleUITests.m */; };
		2F5A5BE61FB1B18B00EA39D0 /* FWFramework.framework in Frameworks */ = {isa = PBXBuildFile; fileRef = 2F5A5BE51FB1B18600EA39D0 /* FWFramework.framework */; };
		2FB38DC1215B7058009F0450 /* TestModelViewController.m in Sources */ = {isa = PBXBuildFile; fileRef = 2FB38DC0215B7058009F0450 /* TestModelViewController.m */; };
/* End PBXBuildFile section */

/* Begin PBXContainerItemProxy section */
		2F593FF62157E7D30022137F /* PBXContainerItemProxy */ = {
			isa = PBXContainerItemProxy;
			containerPortal = 2F51D7661E5C1330009FD40F /* Project object */;
			proxyType = 1;
			remoteGlobalIDString = 2F51D76D1E5C1330009FD40F;
			remoteInfo = Example;
		};
		2F5940052157E8BF0022137F /* PBXContainerItemProxy */ = {
			isa = PBXContainerItemProxy;
			containerPortal = 2F51D7661E5C1330009FD40F /* Project object */;
			proxyType = 1;
			remoteGlobalIDString = 2F51D76D1E5C1330009FD40F;
			remoteInfo = Example;
		};
		2F5A5BE41FB1B18600EA39D0 /* PBXContainerItemProxy */ = {
			isa = PBXContainerItemProxy;
			containerPortal = 2F5A5BE01FB1B18500EA39D0 /* FWFramework.xcodeproj */;
			proxyType = 2;
			remoteGlobalIDString = 2F51D75A1E5C1274009FD40F;
			remoteInfo = FWFramework;
		};
/* End PBXContainerItemProxy section */

/* Begin PBXFileReference section */
		2F06BE5D2097137C000F8587 /* ObjcController.h */ = {isa = PBXFileReference; lastKnownFileType = sourcecode.c.h; path = ObjcController.h; sourceTree = "<group>"; };
		2F06BE5E2097137C000F8587 /* ObjcController.m */ = {isa = PBXFileReference; lastKnownFileType = sourcecode.c.objc; path = ObjcController.m; sourceTree = "<group>"; };
		2F06BE6420971483000F8587 /* SwiftController.swift */ = {isa = PBXFileReference; fileEncoding = 4; lastKnownFileType = sourcecode.swift; path = SwiftController.swift; sourceTree = "<group>"; };
		2F06BE672097152C000F8587 /* BridgingHeader.h */ = {isa = PBXFileReference; fileEncoding = 4; lastKnownFileType = sourcecode.c.h; path = BridgingHeader.h; sourceTree = "<group>"; };
		2F0D2931215DFFEF005F1466 /* DZNPolyActivity.h */ = {isa = PBXFileReference; fileEncoding = 4; lastKnownFileType = sourcecode.c.h; path = DZNPolyActivity.h; sourceTree = "<group>"; };
		2F0D2932215DFFEF005F1466 /* DZNWebView.m */ = {isa = PBXFileReference; fileEncoding = 4; lastKnownFileType = sourcecode.c.objc; path = DZNWebView.m; sourceTree = "<group>"; };
		2F0D2933215DFFEF005F1466 /* DZNWebViewController.m */ = {isa = PBXFileReference; fileEncoding = 4; lastKnownFileType = sourcecode.c.objc; path = DZNWebViewController.m; sourceTree = "<group>"; };
		2F0D2934215DFFEF005F1466 /* DZNPolyActivity.m */ = {isa = PBXFileReference; fileEncoding = 4; lastKnownFileType = sourcecode.c.objc; path = DZNPolyActivity.m; sourceTree = "<group>"; };
		2F0D2935215DFFEF005F1466 /* DZNWebView.h */ = {isa = PBXFileReference; fileEncoding = 4; lastKnownFileType = sourcecode.c.h; path = DZNWebView.h; sourceTree = "<group>"; };
		2F0D2936215DFFEF005F1466 /* DZNWebViewController.h */ = {isa = PBXFileReference; fileEncoding = 4; lastKnownFileType = sourcecode.c.h; path = DZNWebViewController.h; sourceTree = "<group>"; };
		2F0D294E215DFFEF005F1466 /* FMDatabase.h */ = {isa = PBXFileReference; fileEncoding = 4; lastKnownFileType = sourcecode.c.h; path = FMDatabase.h; sourceTree = "<group>"; };
		2F0D294F215DFFEF005F1466 /* FMDatabaseQueue.m */ = {isa = PBXFileReference; fileEncoding = 4; lastKnownFileType = sourcecode.c.objc; path = FMDatabaseQueue.m; sourceTree = "<group>"; };
		2F0D2950215DFFEF005F1466 /* FMResultSet.h */ = {isa = PBXFileReference; fileEncoding = 4; lastKnownFileType = sourcecode.c.h; path = FMResultSet.h; sourceTree = "<group>"; };
		2F0D2951215DFFEF005F1466 /* FMDatabasePool.h */ = {isa = PBXFileReference; fileEncoding = 4; lastKnownFileType = sourcecode.c.h; path = FMDatabasePool.h; sourceTree = "<group>"; };
		2F0D2952215DFFEF005F1466 /* FMDatabaseAdditions.m */ = {isa = PBXFileReference; fileEncoding = 4; lastKnownFileType = sourcecode.c.objc; path = FMDatabaseAdditions.m; sourceTree = "<group>"; };
		2F0D2953215DFFEF005F1466 /* FMDatabase.m */ = {isa = PBXFileReference; fileEncoding = 4; lastKnownFileType = sourcecode.c.objc; path = FMDatabase.m; sourceTree = "<group>"; };
		2F0D2954215DFFEF005F1466 /* FMDatabaseQueue.h */ = {isa = PBXFileReference; fileEncoding = 4; lastKnownFileType = sourcecode.c.h; path = FMDatabaseQueue.h; sourceTree = "<group>"; };
		2F0D2955215DFFEF005F1466 /* FMDB.h */ = {isa = PBXFileReference; fileEncoding = 4; lastKnownFileType = sourcecode.c.h; path = FMDB.h; sourceTree = "<group>"; };
		2F0D2956215DFFEF005F1466 /* FMDatabaseAdditions.h */ = {isa = PBXFileReference; fileEncoding = 4; lastKnownFileType = sourcecode.c.h; path = FMDatabaseAdditions.h; sourceTree = "<group>"; };
		2F0D2957215DFFEF005F1466 /* FMDatabasePool.m */ = {isa = PBXFileReference; fileEncoding = 4; lastKnownFileType = sourcecode.c.objc; path = FMDatabasePool.m; sourceTree = "<group>"; };
		2F0D2958215DFFEF005F1466 /* FMResultSet.m */ = {isa = PBXFileReference; fileEncoding = 4; lastKnownFileType = sourcecode.c.objc; path = FMResultSet.m; sourceTree = "<group>"; };
		2F0D295A215DFFEF005F1466 /* SVPullToRefresh.h */ = {isa = PBXFileReference; fileEncoding = 4; lastKnownFileType = sourcecode.c.h; path = SVPullToRefresh.h; sourceTree = "<group>"; };
		2F0D295B215DFFEF005F1466 /* UIScrollView+SVInfiniteScrolling.m */ = {isa = PBXFileReference; fileEncoding = 4; lastKnownFileType = sourcecode.c.objc; path = "UIScrollView+SVInfiniteScrolling.m"; sourceTree = "<group>"; };
		2F0D295C215DFFEF005F1466 /* UIScrollView+SVPullToRefresh.m */ = {isa = PBXFileReference; fileEncoding = 4; lastKnownFileType = sourcecode.c.objc; path = "UIScrollView+SVPullToRefresh.m"; sourceTree = "<group>"; };
		2F0D295D215DFFEF005F1466 /* UIScrollView+SVInfiniteScrolling.h */ = {isa = PBXFileReference; fileEncoding = 4; lastKnownFileType = sourcecode.c.h; path = "UIScrollView+SVInfiniteScrolling.h"; sourceTree = "<group>"; };
		2F0D295E215DFFEF005F1466 /* UIScrollView+SVPullToRefresh.h */ = {isa = PBXFileReference; fileEncoding = 4; lastKnownFileType = sourcecode.c.h; path = "UIScrollView+SVPullToRefresh.h"; sourceTree = "<group>"; };
		2F0D2960215DFFEF005F1466 /* JQFMDB.m */ = {isa = PBXFileReference; fileEncoding = 4; lastKnownFileType = sourcecode.c.objc; path = JQFMDB.m; sourceTree = "<group>"; };
		2F0D2961215DFFEF005F1466 /* JQFMDB.h */ = {isa = PBXFileReference; fileEncoding = 4; lastKnownFileType = sourcecode.c.h; path = JQFMDB.h; sourceTree = "<group>"; };
		2F0D2963215DFFEF005F1466 /* UIScrollView+EmptyDataSet.m */ = {isa = PBXFileReference; fileEncoding = 4; lastKnownFileType = sourcecode.c.objc; path = "UIScrollView+EmptyDataSet.m"; sourceTree = "<group>"; };
		2F0D2964215DFFEF005F1466 /* UIScrollView+EmptyDataSet.h */ = {isa = PBXFileReference; fileEncoding = 4; lastKnownFileType = sourcecode.c.h; path = "UIScrollView+EmptyDataSet.h"; sourceTree = "<group>"; };
		2F1D93DA216F18B00021F936 /* TestWindowViewController.h */ = {isa = PBXFileReference; lastKnownFileType = sourcecode.c.h; path = TestWindowViewController.h; sourceTree = "<group>"; };
		2F1D93DB216F18B00021F936 /* TestWindowViewController.m */ = {isa = PBXFileReference; lastKnownFileType = sourcecode.c.objc; path = TestWindowViewController.m; sourceTree = "<group>"; };
		2F30D8962153775B000F0A1D /* en */ = {isa = PBXFileReference; lastKnownFileType = text.plist.strings; name = en; path = en.lproj/InfoPlist.strings; sourceTree = "<group>"; };
		2F30D8992153775E000F0A1D /* en */ = {isa = PBXFileReference; lastKnownFileType = text.plist.strings; name = en; path = en.lproj/Localizable.strings; sourceTree = "<group>"; };
		2F30D89B2153776B000F0A1D /* zh-Hans */ = {isa = PBXFileReference; lastKnownFileType = text.plist.strings; name = "zh-Hans"; path = "zh-Hans.lproj/InfoPlist.strings"; sourceTree = "<group>"; };
		2F30D89C2153776B000F0A1D /* zh-Hans */ = {isa = PBXFileReference; lastKnownFileType = text.plist.strings; name = "zh-Hans"; path = "zh-Hans.lproj/Localizable.strings"; sourceTree = "<group>"; };
		2F4CFA43215522D200203A37 /* TestViewController.m */ = {isa = PBXFileReference; fileEncoding = 4; lastKnownFileType = sourcecode.c.objc; path = TestViewController.m; sourceTree = "<group>"; };
		2F4CFA44215522D200203A37 /* TestViewController.h */ = {isa = PBXFileReference; fileEncoding = 4; lastKnownFileType = sourcecode.c.h; path = TestViewController.h; sourceTree = "<group>"; };
		2F4CFA4C2155285500203A37 /* BaseTableViewController.h */ = {isa = PBXFileReference; lastKnownFileType = sourcecode.c.h; path = BaseTableViewController.h; sourceTree = "<group>"; };
		2F4CFA4D2155285500203A37 /* BaseTableViewController.m */ = {isa = PBXFileReference; lastKnownFileType = sourcecode.c.objc; path = BaseTableViewController.m; sourceTree = "<group>"; };
		2F4CFA4F21552A7700203A37 /* BaseViewController.h */ = {isa = PBXFileReference; lastKnownFileType = sourcecode.c.h; path = BaseViewController.h; sourceTree = "<group>"; };
		2F4CFA5021552A7700203A37 /* BaseViewController.m */ = {isa = PBXFileReference; lastKnownFileType = sourcecode.c.objc; path = BaseViewController.m; sourceTree = "<group>"; };
		2F4CFA5321552CFE00203A37 /* TestBadgeViewController.h */ = {isa = PBXFileReference; lastKnownFileType = sourcecode.c.h; path = TestBadgeViewController.h; sourceTree = "<group>"; };
		2F4CFA5421552CFE00203A37 /* TestBadgeViewController.m */ = {isa = PBXFileReference; lastKnownFileType = sourcecode.c.objc; path = TestBadgeViewController.m; sourceTree = "<group>"; };
		2F4CFA5621552E9D00203A37 /* Images.xcassets */ = {isa = PBXFileReference; lastKnownFileType = folder.assetcatalog; path = Images.xcassets; sourceTree = "<group>"; };
		2F4CFA582155302E00203A37 /* TestTableLayoutViewController.h */ = {isa = PBXFileReference; lastKnownFileType = sourcecode.c.h; path = TestTableLayoutViewController.h; sourceTree = "<group>"; };
		2F4CFA592155302E00203A37 /* TestTableLayoutViewController.m */ = {isa = PBXFileReference; lastKnownFileType = sourcecode.c.objc; path = TestTableLayoutViewController.m; sourceTree = "<group>"; };
		2F4CFA5E215531A100203A37 /* AppStandard.m */ = {isa = PBXFileReference; fileEncoding = 4; lastKnownFileType = sourcecode.c.objc; path = AppStandard.m; sourceTree = "<group>"; };
		2F4CFA5F215531A100203A37 /* AppStandard.h */ = {isa = PBXFileReference; fileEncoding = 4; lastKnownFileType = sourcecode.c.h; path = AppStandard.h; sourceTree = "<group>"; };
		2F4CFA61215531A100203A37 /* AppConfig.h */ = {isa = PBXFileReference; fileEncoding = 4; lastKnownFileType = sourcecode.c.h; path = AppConfig.h; sourceTree = "<group>"; };
		2F4D6B661E6E539300F4A52D /* PrefixHeader.pch */ = {isa = PBXFileReference; fileEncoding = 4; lastKnownFileType = sourcecode.c.h; path = PrefixHeader.pch; sourceTree = "<group>"; };
		2F51D76E1E5C1330009FD40F /* Example.app */ = {isa = PBXFileReference; explicitFileType = wrapper.application; includeInIndex = 0; path = Example.app; sourceTree = BUILT_PRODUCTS_DIR; };
		2F51D7721E5C1330009FD40F /* main.m */ = {isa = PBXFileReference; lastKnownFileType = sourcecode.c.objc; path = main.m; sourceTree = "<group>"; };
		2F51D7821E5C1330009FD40F /* Info.plist */ = {isa = PBXFileReference; lastKnownFileType = text.plist.xml; path = Info.plist; sourceTree = "<group>"; };
		2F51D78A1E5C2357009FD40F /* AppDelegate.h */ = {isa = PBXFileReference; fileEncoding = 4; lastKnownFileType = sourcecode.c.h; path = AppDelegate.h; sourceTree = "<group>"; };
		2F51D78B1E5C2357009FD40F /* AppDelegate.m */ = {isa = PBXFileReference; fileEncoding = 4; lastKnownFileType = sourcecode.c.objc; path = AppDelegate.m; sourceTree = "<group>"; };
		2F51D7E71E5C2357009FD40F /* Assets.xcassets */ = {isa = PBXFileReference; lastKnownFileType = folder.assetcatalog; path = Assets.xcassets; sourceTree = "<group>"; };
		2F593FDB21560B000022137F /* TestIndicatorViewController.h */ = {isa = PBXFileReference; lastKnownFileType = sourcecode.c.h; path = TestIndicatorViewController.h; sourceTree = "<group>"; };
		2F593FDC21560B000022137F /* TestIndicatorViewController.m */ = {isa = PBXFileReference; lastKnownFileType = sourcecode.c.objc; path = TestIndicatorViewController.m; sourceTree = "<group>"; };
		2F593FF12157E7D30022137F /* ExampleTests.xctest */ = {isa = PBXFileReference; explicitFileType = wrapper.cfbundle; includeInIndex = 0; path = ExampleTests.xctest; sourceTree = BUILT_PRODUCTS_DIR; };
		2F593FF32157E7D30022137F /* ExampleTests.m */ = {isa = PBXFileReference; lastKnownFileType = sourcecode.c.objc; path = ExampleTests.m; sourceTree = "<group>"; };
		2F593FF52157E7D30022137F /* Info.plist */ = {isa = PBXFileReference; lastKnownFileType = text.plist.xml; path = Info.plist; sourceTree = "<group>"; };
		2F5940002157E8BF0022137F /* ExampleUITests.xctest */ = {isa = PBXFileReference; explicitFileType = wrapper.cfbundle; includeInIndex = 0; path = ExampleUITests.xctest; sourceTree = BUILT_PRODUCTS_DIR; };
		2F5940022157E8BF0022137F /* ExampleUITests.m */ = {isa = PBXFileReference; lastKnownFileType = sourcecode.c.objc; path = ExampleUITests.m; sourceTree = "<group>"; };
		2F5940042157E8BF0022137F /* Info.plist */ = {isa = PBXFileReference; lastKnownFileType = text.plist.xml; path = Info.plist; sourceTree = "<group>"; };
		2F5A5BE01FB1B18500EA39D0 /* FWFramework.xcodeproj */ = {isa = PBXFileReference; lastKnownFileType = "wrapper.pb-project"; name = FWFramework.xcodeproj; path = ../Framework/FWFramework.xcodeproj; sourceTree = "<group>"; };
		2F7E423220FC327D00CE3E2F /* SwiftHeader.h */ = {isa = PBXFileReference; lastKnownFileType = sourcecode.c.h; path = SwiftHeader.h; sourceTree = "<group>"; };
		2FB38DBF215B7058009F0450 /* TestModelViewController.h */ = {isa = PBXFileReference; lastKnownFileType = sourcecode.c.h; path = TestModelViewController.h; sourceTree = "<group>"; };
		2FB38DC0215B7058009F0450 /* TestModelViewController.m */ = {isa = PBXFileReference; lastKnownFileType = sourcecode.c.objc; path = TestModelViewController.m; sourceTree = "<group>"; };
/* End PBXFileReference section */

/* Begin PBXFrameworksBuildPhase section */
		2F51D76B1E5C1330009FD40F /* Frameworks */ = {
			isa = PBXFrameworksBuildPhase;
			buildActionMask = 2147483647;
			files = (
				2F5A5BE61FB1B18B00EA39D0 /* FWFramework.framework in Frameworks */,
			);
			runOnlyForDeploymentPostprocessing = 0;
		};
		2F593FEE2157E7D30022137F /* Frameworks */ = {
			isa = PBXFrameworksBuildPhase;
			buildActionMask = 2147483647;
			files = (
			);
			runOnlyForDeploymentPostprocessing = 0;
		};
		2F593FFD2157E8BF0022137F /* Frameworks */ = {
			isa = PBXFrameworksBuildPhase;
			buildActionMask = 2147483647;
			files = (
			);
			runOnlyForDeploymentPostprocessing = 0;
		};
/* End PBXFrameworksBuildPhase section */

/* Begin PBXGroup section */
		2F0D292F215DFFEF005F1466 /* Vendor */ = {
			isa = PBXGroup;
			children = (
				2F0D2930215DFFEF005F1466 /* DZNWebViewController */,
				2F0D294D215DFFEF005F1466 /* FMDB */,
				2F0D2959215DFFEF005F1466 /* SVPullToRefresh */,
				2F0D295F215DFFEF005F1466 /* JQFMDB */,
				2F0D2962215DFFEF005F1466 /* DZNEmptyDataSet */,
			);
			path = Vendor;
			sourceTree = "<group>";
		};
		2F0D2930215DFFEF005F1466 /* DZNWebViewController */ = {
			isa = PBXGroup;
			children = (
				2F0D2931215DFFEF005F1466 /* DZNPolyActivity.h */,
				2F0D2934215DFFEF005F1466 /* DZNPolyActivity.m */,
				2F0D2935215DFFEF005F1466 /* DZNWebView.h */,
				2F0D2932215DFFEF005F1466 /* DZNWebView.m */,
				2F0D2936215DFFEF005F1466 /* DZNWebViewController.h */,
				2F0D2933215DFFEF005F1466 /* DZNWebViewController.m */,
			);
			path = DZNWebViewController;
			sourceTree = "<group>";
		};
		2F0D294D215DFFEF005F1466 /* FMDB */ = {
			isa = PBXGroup;
			children = (
				2F0D294E215DFFEF005F1466 /* FMDatabase.h */,
				2F0D2953215DFFEF005F1466 /* FMDatabase.m */,
				2F0D2956215DFFEF005F1466 /* FMDatabaseAdditions.h */,
				2F0D2952215DFFEF005F1466 /* FMDatabaseAdditions.m */,
				2F0D2951215DFFEF005F1466 /* FMDatabasePool.h */,
				2F0D2957215DFFEF005F1466 /* FMDatabasePool.m */,
				2F0D2954215DFFEF005F1466 /* FMDatabaseQueue.h */,
				2F0D294F215DFFEF005F1466 /* FMDatabaseQueue.m */,
				2F0D2955215DFFEF005F1466 /* FMDB.h */,
				2F0D2950215DFFEF005F1466 /* FMResultSet.h */,
				2F0D2958215DFFEF005F1466 /* FMResultSet.m */,
			);
			path = FMDB;
			sourceTree = "<group>";
		};
		2F0D2959215DFFEF005F1466 /* SVPullToRefresh */ = {
			isa = PBXGroup;
			children = (
				2F0D295A215DFFEF005F1466 /* SVPullToRefresh.h */,
				2F0D295D215DFFEF005F1466 /* UIScrollView+SVInfiniteScrolling.h */,
				2F0D295B215DFFEF005F1466 /* UIScrollView+SVInfiniteScrolling.m */,
				2F0D295E215DFFEF005F1466 /* UIScrollView+SVPullToRefresh.h */,
				2F0D295C215DFFEF005F1466 /* UIScrollView+SVPullToRefresh.m */,
			);
			path = SVPullToRefresh;
			sourceTree = "<group>";
		};
		2F0D295F215DFFEF005F1466 /* JQFMDB */ = {
			isa = PBXGroup;
			children = (
				2F0D2961215DFFEF005F1466 /* JQFMDB.h */,
				2F0D2960215DFFEF005F1466 /* JQFMDB.m */,
			);
			path = JQFMDB;
			sourceTree = "<group>";
		};
		2F0D2962215DFFEF005F1466 /* DZNEmptyDataSet */ = {
			isa = PBXGroup;
			children = (
				2F0D2964215DFFEF005F1466 /* UIScrollView+EmptyDataSet.h */,
				2F0D2963215DFFEF005F1466 /* UIScrollView+EmptyDataSet.m */,
			);
			path = DZNEmptyDataSet;
			sourceTree = "<group>";
		};
		2F30D89D215377E0000F0A1D /* Service */ = {
			isa = PBXGroup;
			children = (
			);
			path = Service;
			sourceTree = "<group>";
		};
		2F30D89E215377E8000F0A1D /* Model */ = {
			isa = PBXGroup;
			children = (
			);
			path = Model;
			sourceTree = "<group>";
		};
		2F30D89F215377ED000F0A1D /* View */ = {
			isa = PBXGroup;
			children = (
			);
			path = View;
			sourceTree = "<group>";
		};
		2F4CFA3021551BC900203A37 /* Library */ = {
			isa = PBXGroup;
			children = (
				2F0D292F215DFFEF005F1466 /* Vendor */,
			);
			path = Library;
			sourceTree = "<group>";
		};
		2F4CFA41215522D200203A37 /* Home */ = {
			isa = PBXGroup;
			children = (
			);
			path = Home;
			sourceTree = "<group>";
		};
		2F4CFA42215522D200203A37 /* Test */ = {
			isa = PBXGroup;
			children = (
				2F4CFA44215522D200203A37 /* TestViewController.h */,
				2F4CFA43215522D200203A37 /* TestViewController.m */,
				2F4CFA5221552CBB00203A37 /* FWFramework */,
			);
			path = Test;
			sourceTree = "<group>";
		};
		2F4CFA4B2155280800203A37 /* Base */ = {
			isa = PBXGroup;
			children = (
				2F4CFA4F21552A7700203A37 /* BaseViewController.h */,
				2F4CFA5021552A7700203A37 /* BaseViewController.m */,
				2F4CFA4C2155285500203A37 /* BaseTableViewController.h */,
				2F4CFA4D2155285500203A37 /* BaseTableViewController.m */,
			);
			path = Base;
			sourceTree = "<group>";
		};
		2F4CFA5221552CBB00203A37 /* FWFramework */ = {
			isa = PBXGroup;
			children = (
				2F4CFA5321552CFE00203A37 /* TestBadgeViewController.h */,
				2F4CFA5421552CFE00203A37 /* TestBadgeViewController.m */,
				2F4CFA582155302E00203A37 /* TestTableLayoutViewController.h */,
				2F4CFA592155302E00203A37 /* TestTableLayoutViewController.m */,
				2F593FDB21560B000022137F /* TestIndicatorViewController.h */,
				2F593FDC21560B000022137F /* TestIndicatorViewController.m */,
				2FB38DBF215B7058009F0450 /* TestModelViewController.h */,
				2FB38DC0215B7058009F0450 /* TestModelViewController.m */,
				2F1D93DA216F18B00021F936 /* TestWindowViewController.h */,
				2F1D93DB216F18B00021F936 /* TestWindowViewController.m */,
			);
			path = FWFramework;
			sourceTree = "<group>";
		};
		2F4CFA5D215531A100203A37 /* Standard */ = {
			isa = PBXGroup;
			children = (
				2F4CFA5E215531A100203A37 /* AppStandard.m */,
				2F4CFA5F215531A100203A37 /* AppStandard.h */,
			);
			path = Standard;
			sourceTree = "<group>";
		};
		2F4CFA60215531A100203A37 /* Config */ = {
			isa = PBXGroup;
			children = (
				2F4CFA61215531A100203A37 /* AppConfig.h */,
			);
			path = Config;
			sourceTree = "<group>";
		};
		2F51D7651E5C1330009FD40F = {
			isa = PBXGroup;
			children = (
				2F5A5BE01FB1B18500EA39D0 /* FWFramework.xcodeproj */,
				2F51D7701E5C1330009FD40F /* Example */,
				2F593FF22157E7D30022137F /* ExampleTests */,
				2F5940012157E8BF0022137F /* ExampleUITests */,
				2F51D76F1E5C1330009FD40F /* Products */,
			);
			sourceTree = "<group>";
		};
		2F51D76F1E5C1330009FD40F /* Products */ = {
			isa = PBXGroup;
			children = (
				2F51D76E1E5C1330009FD40F /* Example.app */,
				2F593FF12157E7D30022137F /* ExampleTests.xctest */,
				2F5940002157E8BF0022137F /* ExampleUITests.xctest */,
			);
			name = Products;
			sourceTree = "<group>";
		};
		2F51D7701E5C1330009FD40F /* Example */ = {
			isa = PBXGroup;
			children = (
				2F51D7881E5C2357009FD40F /* Classes */,
				2F51D7E61E5C2357009FD40F /* Resources */,
				2F51D7711E5C1330009FD40F /* Supporting Files */,
			);
			path = Example;
			sourceTree = "<group>";
		};
		2F51D7711E5C1330009FD40F /* Supporting Files */ = {
			isa = PBXGroup;
			children = (
				2F51D7821E5C1330009FD40F /* Info.plist */,
				2F4D6B661E6E539300F4A52D /* PrefixHeader.pch */,
				2F7E423220FC327D00CE3E2F /* SwiftHeader.h */,
				2F06BE672097152C000F8587 /* BridgingHeader.h */,
				2F51D7721E5C1330009FD40F /* main.m */,
			);
			name = "Supporting Files";
			sourceTree = "<group>";
		};
		2F51D7881E5C2357009FD40F /* Classes */ = {
			isa = PBXGroup;
			children = (
				2F51D7891E5C2357009FD40F /* App */,
				2F4CFA3021551BC900203A37 /* Library */,
				2F30D89D215377E0000F0A1D /* Service */,
				2F51D78C1E5C2357009FD40F /* Controller */,
				2F30D89E215377E8000F0A1D /* Model */,
				2F30D89F215377ED000F0A1D /* View */,
			);
			path = Classes;
			sourceTree = "<group>";
		};
		2F51D7891E5C2357009FD40F /* App */ = {
			isa = PBXGroup;
			children = (
				2F51D78A1E5C2357009FD40F /* AppDelegate.h */,
				2F51D78B1E5C2357009FD40F /* AppDelegate.m */,
				2F4CFA60215531A100203A37 /* Config */,
				2F4CFA5D215531A100203A37 /* Standard */,
			);
			path = App;
			sourceTree = "<group>";
		};
		2F51D78C1E5C2357009FD40F /* Controller */ = {
			isa = PBXGroup;
			children = (
				2F4CFA4B2155280800203A37 /* Base */,
				2F4CFA41215522D200203A37 /* Home */,
				2F4CFA42215522D200203A37 /* Test */,
				2F06BE5D2097137C000F8587 /* ObjcController.h */,
				2F06BE5E2097137C000F8587 /* ObjcController.m */,
				2F06BE6420971483000F8587 /* SwiftController.swift */,
			);
			path = Controller;
			sourceTree = "<group>";
		};
		2F51D7E61E5C2357009FD40F /* Resources */ = {
			isa = PBXGroup;
			children = (
				2F51D7E71E5C2357009FD40F /* Assets.xcassets */,
				2F4CFA5621552E9D00203A37 /* Images.xcassets */,
				2F30D8972153775B000F0A1D /* InfoPlist.strings */,
				2F30D89A2153775E000F0A1D /* Localizable.strings */,
			);
			path = Resources;
			sourceTree = "<group>";
		};
		2F593FF22157E7D30022137F /* ExampleTests */ = {
			isa = PBXGroup;
			children = (
				2F593FF32157E7D30022137F /* ExampleTests.m */,
				2F593FF52157E7D30022137F /* Info.plist */,
			);
			path = ExampleTests;
			sourceTree = "<group>";
		};
		2F5940012157E8BF0022137F /* ExampleUITests */ = {
			isa = PBXGroup;
			children = (
				2F5940022157E8BF0022137F /* ExampleUITests.m */,
				2F5940042157E8BF0022137F /* Info.plist */,
			);
			path = ExampleUITests;
			sourceTree = "<group>";
		};
		2F5A5BE11FB1B18500EA39D0 /* Products */ = {
			isa = PBXGroup;
			children = (
				2F5A5BE51FB1B18600EA39D0 /* FWFramework.framework */,
			);
			name = Products;
			sourceTree = "<group>";
		};
/* End PBXGroup section */

/* Begin PBXNativeTarget section */
		2F51D76D1E5C1330009FD40F /* Example */ = {
			isa = PBXNativeTarget;
			buildConfigurationList = 2F51D7851E5C1330009FD40F /* Build configuration list for PBXNativeTarget "Example" */;
			buildPhases = (
				2F51D76A1E5C1330009FD40F /* Sources */,
				2F51D76B1E5C1330009FD40F /* Frameworks */,
				2F51D76C1E5C1330009FD40F /* Resources */,
			);
			buildRules = (
			);
			dependencies = (
			);
			name = Example;
			productName = Example;
			productReference = 2F51D76E1E5C1330009FD40F /* Example.app */;
			productType = "com.apple.product-type.application";
		};
		2F593FF02157E7D30022137F /* ExampleTests */ = {
			isa = PBXNativeTarget;
			buildConfigurationList = 2F593FFB2157E7D30022137F /* Build configuration list for PBXNativeTarget "ExampleTests" */;
			buildPhases = (
				2F593FED2157E7D30022137F /* Sources */,
				2F593FEE2157E7D30022137F /* Frameworks */,
				2F593FEF2157E7D30022137F /* Resources */,
			);
			buildRules = (
			);
			dependencies = (
				2F593FF72157E7D30022137F /* PBXTargetDependency */,
			);
			name = ExampleTests;
			productName = ExampleTests;
			productReference = 2F593FF12157E7D30022137F /* ExampleTests.xctest */;
			productType = "com.apple.product-type.bundle.unit-test";
		};
		2F593FFF2157E8BF0022137F /* ExampleUITests */ = {
			isa = PBXNativeTarget;
			buildConfigurationList = 2F5940072157E8BF0022137F /* Build configuration list for PBXNativeTarget "ExampleUITests" */;
			buildPhases = (
				2F593FFC2157E8BF0022137F /* Sources */,
				2F593FFD2157E8BF0022137F /* Frameworks */,
				2F593FFE2157E8BF0022137F /* Resources */,
			);
			buildRules = (
			);
			dependencies = (
				2F5940062157E8BF0022137F /* PBXTargetDependency */,
			);
			name = ExampleUITests;
			productName = ExampleUITests;
			productReference = 2F5940002157E8BF0022137F /* ExampleUITests.xctest */;
			productType = "com.apple.product-type.bundle.ui-testing";
		};
/* End PBXNativeTarget section */

/* Begin PBXProject section */
		2F51D7661E5C1330009FD40F /* Project object */ = {
			isa = PBXProject;
			attributes = {
				LastUpgradeCheck = 0930;
				ORGANIZATIONNAME = wuyong.site;
				TargetAttributes = {
					2F51D76D1E5C1330009FD40F = {
						CreatedOnToolsVersion = 8.2.1;
						LastSwiftMigration = 0930;
						ProvisioningStyle = Automatic;
						SystemCapabilities = {
							com.apple.BackgroundModes = {
								enabled = 0;
							};
						};
					};
					2F593FF02157E7D30022137F = {
						CreatedOnToolsVersion = 10.0;
						ProvisioningStyle = Automatic;
						TestTargetID = 2F51D76D1E5C1330009FD40F;
					};
					2F593FFF2157E8BF0022137F = {
						CreatedOnToolsVersion = 10.0;
						ProvisioningStyle = Automatic;
						TestTargetID = 2F51D76D1E5C1330009FD40F;
					};
				};
			};
			buildConfigurationList = 2F51D7691E5C1330009FD40F /* Build configuration list for PBXProject "Example" */;
			compatibilityVersion = "Xcode 3.2";
			developmentRegion = English;
			hasScannedForEncodings = 0;
			knownRegions = (
				en,
				Base,
				"zh-Hans",
			);
			mainGroup = 2F51D7651E5C1330009FD40F;
			productRefGroup = 2F51D76F1E5C1330009FD40F /* Products */;
			projectDirPath = "";
			projectReferences = (
				{
					ProductGroup = 2F5A5BE11FB1B18500EA39D0 /* Products */;
					ProjectRef = 2F5A5BE01FB1B18500EA39D0 /* FWFramework.xcodeproj */;
				},
			);
			projectRoot = "";
			targets = (
				2F51D76D1E5C1330009FD40F /* Example */,
				2F593FF02157E7D30022137F /* ExampleTests */,
				2F593FFF2157E8BF0022137F /* ExampleUITests */,
			);
		};
/* End PBXProject section */

/* Begin PBXReferenceProxy section */
		2F5A5BE51FB1B18600EA39D0 /* FWFramework.framework */ = {
			isa = PBXReferenceProxy;
			fileType = wrapper.framework;
			path = FWFramework.framework;
			remoteRef = 2F5A5BE41FB1B18600EA39D0 /* PBXContainerItemProxy */;
			sourceTree = BUILT_PRODUCTS_DIR;
		};
/* End PBXReferenceProxy section */

/* Begin PBXResourcesBuildPhase section */
		2F51D76C1E5C1330009FD40F /* Resources */ = {
			isa = PBXResourcesBuildPhase;
			buildActionMask = 2147483647;
			files = (
				2F51D8141E5C2357009FD40F /* Assets.xcassets in Resources */,
				2F4CFA5721552E9D00203A37 /* Images.xcassets in Resources */,
				2F30D8952153775B000F0A1D /* InfoPlist.strings in Resources */,
				2F30D8982153775E000F0A1D /* Localizable.strings in Resources */,
			);
			runOnlyForDeploymentPostprocessing = 0;
		};
		2F593FEF2157E7D30022137F /* Resources */ = {
			isa = PBXResourcesBuildPhase;
			buildActionMask = 2147483647;
			files = (
			);
			runOnlyForDeploymentPostprocessing = 0;
		};
		2F593FFE2157E8BF0022137F /* Resources */ = {
			isa = PBXResourcesBuildPhase;
			buildActionMask = 2147483647;
			files = (
			);
			runOnlyForDeploymentPostprocessing = 0;
		};
/* End PBXResourcesBuildPhase section */

/* Begin PBXSourcesBuildPhase section */
		2F51D76A1E5C1330009FD40F /* Sources */ = {
			isa = PBXSourcesBuildPhase;
			buildActionMask = 2147483647;
			files = (
				2F51D7F01E5C2357009FD40F /* AppDelegate.m in Sources */,
				2F593FDD21560B000022137F /* TestIndicatorViewController.m in Sources */,
				2F0D298C215DFFEF005F1466 /* UIScrollView+SVPullToRefresh.m in Sources */,
				2F06BE6520971483000F8587 /* SwiftController.swift in Sources */,
				2F51D7731E5C1330009FD40F /* main.m in Sources */,
				2F0D297C215DFFEF005F1466 /* DZNPolyActivity.m in Sources */,
				2F4CFA5A2155302E00203A37 /* TestTableLayoutViewController.m in Sources */,
				2F0D2986215DFFEF005F1466 /* FMDatabaseQueue.m in Sources */,
				2F0D2988215DFFEF005F1466 /* FMDatabase.m in Sources */,
				2F0D297A215DFFEF005F1466 /* DZNWebView.m in Sources */,
				2F0D298B215DFFEF005F1466 /* UIScrollView+SVInfiniteScrolling.m in Sources */,
				2F06BE5F2097137C000F8587 /* ObjcController.m in Sources */,
				2F4CFA4E2155285500203A37 /* BaseTableViewController.m in Sources */,
				2F4CFA62215531A100203A37 /* AppStandard.m in Sources */,
				2F0D298A215DFFEF005F1466 /* FMResultSet.m in Sources */,
				2F0D298E215DFFEF005F1466 /* UIScrollView+EmptyDataSet.m in Sources */,
				2F0D298D215DFFEF005F1466 /* JQFMDB.m in Sources */,
				2FB38DC1215B7058009F0450 /* TestModelViewController.m in Sources */,
				2F0D2987215DFFEF005F1466 /* FMDatabaseAdditions.m in Sources */,
				2F0D297B215DFFEF005F1466 /* DZNWebViewController.m in Sources */,
				2F4CFA5121552A7700203A37 /* BaseViewController.m in Sources */,
				2F0D2989215DFFEF005F1466 /* FMDatabasePool.m in Sources */,
				2F4CFA5521552CFF00203A37 /* TestBadgeViewController.m in Sources */,
				2F4CFA45215522D200203A37 /* TestViewController.m in Sources */,
				2F1D93DC216F18B00021F936 /* TestWindowViewController.m in Sources */,
			);
			runOnlyForDeploymentPostprocessing = 0;
		};
		2F593FED2157E7D30022137F /* Sources */ = {
			isa = PBXSourcesBuildPhase;
			buildActionMask = 2147483647;
			files = (
				2F593FF42157E7D30022137F /* ExampleTests.m in Sources */,
			);
			runOnlyForDeploymentPostprocessing = 0;
		};
		2F593FFC2157E8BF0022137F /* Sources */ = {
			isa = PBXSourcesBuildPhase;
			buildActionMask = 2147483647;
			files = (
				2F5940032157E8BF0022137F /* ExampleUITests.m in Sources */,
			);
			runOnlyForDeploymentPostprocessing = 0;
		};
/* End PBXSourcesBuildPhase section */

/* Begin PBXTargetDependency section */
		2F593FF72157E7D30022137F /* PBXTargetDependency */ = {
			isa = PBXTargetDependency;
			target = 2F51D76D1E5C1330009FD40F /* Example */;
			targetProxy = 2F593FF62157E7D30022137F /* PBXContainerItemProxy */;
		};
		2F5940062157E8BF0022137F /* PBXTargetDependency */ = {
			isa = PBXTargetDependency;
			target = 2F51D76D1E5C1330009FD40F /* Example */;
			targetProxy = 2F5940052157E8BF0022137F /* PBXContainerItemProxy */;
		};
/* End PBXTargetDependency section */

/* Begin PBXVariantGroup section */
		2F30D8972153775B000F0A1D /* InfoPlist.strings */ = {
			isa = PBXVariantGroup;
			children = (
				2F30D8962153775B000F0A1D /* en */,
				2F30D89B2153776B000F0A1D /* zh-Hans */,
			);
			name = InfoPlist.strings;
			sourceTree = "<group>";
		};
		2F30D89A2153775E000F0A1D /* Localizable.strings */ = {
			isa = PBXVariantGroup;
			children = (
				2F30D8992153775E000F0A1D /* en */,
				2F30D89C2153776B000F0A1D /* zh-Hans */,
			);
			name = Localizable.strings;
			sourceTree = "<group>";
		};
/* End PBXVariantGroup section */

/* Begin XCBuildConfiguration section */
		2F51D7831E5C1330009FD40F /* Debug */ = {
			isa = XCBuildConfiguration;
			buildSettings = {
				ALWAYS_SEARCH_USER_PATHS = NO;
				CLANG_ANALYZER_LOCALIZABILITY_NONLOCALIZED = YES;
				CLANG_ANALYZER_NONNULL = YES;
				CLANG_CXX_LANGUAGE_STANDARD = "gnu++0x";
				CLANG_CXX_LIBRARY = "libc++";
				CLANG_ENABLE_MODULES = YES;
				CLANG_ENABLE_OBJC_ARC = YES;
				CLANG_WARN_BLOCK_CAPTURE_AUTORELEASING = YES;
				CLANG_WARN_BOOL_CONVERSION = YES;
				CLANG_WARN_COMMA = YES;
				CLANG_WARN_CONSTANT_CONVERSION = YES;
				CLANG_WARN_DEPRECATED_OBJC_IMPLEMENTATIONS = YES;
				CLANG_WARN_DIRECT_OBJC_ISA_USAGE = YES_ERROR;
				CLANG_WARN_DOCUMENTATION_COMMENTS = YES;
				CLANG_WARN_EMPTY_BODY = YES;
				CLANG_WARN_ENUM_CONVERSION = YES;
				CLANG_WARN_INFINITE_RECURSION = YES;
				CLANG_WARN_INT_CONVERSION = YES;
				CLANG_WARN_NON_LITERAL_NULL_CONVERSION = YES;
				CLANG_WARN_OBJC_IMPLICIT_RETAIN_SELF = YES;
				CLANG_WARN_OBJC_LITERAL_CONVERSION = YES;
				CLANG_WARN_OBJC_ROOT_CLASS = YES_ERROR;
				CLANG_WARN_RANGE_LOOP_ANALYSIS = YES;
				CLANG_WARN_STRICT_PROTOTYPES = YES;
				CLANG_WARN_SUSPICIOUS_MOVE = YES;
				CLANG_WARN_UNREACHABLE_CODE = YES;
				CLANG_WARN__DUPLICATE_METHOD_MATCH = YES;
				"CODE_SIGN_IDENTITY[sdk=iphoneos*]" = "iPhone Developer";
				COPY_PHASE_STRIP = NO;
				DEBUG_INFORMATION_FORMAT = dwarf;
				ENABLE_STRICT_OBJC_MSGSEND = YES;
				ENABLE_TESTABILITY = YES;
				GCC_C_LANGUAGE_STANDARD = gnu99;
				GCC_DYNAMIC_NO_PIC = NO;
				GCC_NO_COMMON_BLOCKS = YES;
				GCC_OPTIMIZATION_LEVEL = 0;
				GCC_PREPROCESSOR_DEFINITIONS = (
					"DEBUG=1",
					"$(inherited)",
				);
				GCC_WARN_64_TO_32_BIT_CONVERSION = YES;
				GCC_WARN_ABOUT_RETURN_TYPE = YES_ERROR;
				GCC_WARN_UNDECLARED_SELECTOR = YES;
				GCC_WARN_UNINITIALIZED_AUTOS = YES_AGGRESSIVE;
				GCC_WARN_UNUSED_FUNCTION = YES;
				GCC_WARN_UNUSED_VARIABLE = YES;
				IPHONEOS_DEPLOYMENT_TARGET = 8.0;
				MTL_ENABLE_DEBUG_INFO = YES;
				ONLY_ACTIVE_ARCH = YES;
				SDKROOT = iphoneos;
				TARGETED_DEVICE_FAMILY = "1,2";
			};
			name = Debug;
		};
		2F51D7841E5C1330009FD40F /* Release */ = {
			isa = XCBuildConfiguration;
			buildSettings = {
				ALWAYS_SEARCH_USER_PATHS = NO;
				CLANG_ANALYZER_LOCALIZABILITY_NONLOCALIZED = YES;
				CLANG_ANALYZER_NONNULL = YES;
				CLANG_CXX_LANGUAGE_STANDARD = "gnu++0x";
				CLANG_CXX_LIBRARY = "libc++";
				CLANG_ENABLE_MODULES = YES;
				CLANG_ENABLE_OBJC_ARC = YES;
				CLANG_WARN_BLOCK_CAPTURE_AUTORELEASING = YES;
				CLANG_WARN_BOOL_CONVERSION = YES;
				CLANG_WARN_COMMA = YES;
				CLANG_WARN_CONSTANT_CONVERSION = YES;
				CLANG_WARN_DEPRECATED_OBJC_IMPLEMENTATIONS = YES;
				CLANG_WARN_DIRECT_OBJC_ISA_USAGE = YES_ERROR;
				CLANG_WARN_DOCUMENTATION_COMMENTS = YES;
				CLANG_WARN_EMPTY_BODY = YES;
				CLANG_WARN_ENUM_CONVERSION = YES;
				CLANG_WARN_INFINITE_RECURSION = YES;
				CLANG_WARN_INT_CONVERSION = YES;
				CLANG_WARN_NON_LITERAL_NULL_CONVERSION = YES;
				CLANG_WARN_OBJC_IMPLICIT_RETAIN_SELF = YES;
				CLANG_WARN_OBJC_LITERAL_CONVERSION = YES;
				CLANG_WARN_OBJC_ROOT_CLASS = YES_ERROR;
				CLANG_WARN_RANGE_LOOP_ANALYSIS = YES;
				CLANG_WARN_STRICT_PROTOTYPES = YES;
				CLANG_WARN_SUSPICIOUS_MOVE = YES;
				CLANG_WARN_UNREACHABLE_CODE = YES;
				CLANG_WARN__DUPLICATE_METHOD_MATCH = YES;
				"CODE_SIGN_IDENTITY[sdk=iphoneos*]" = "iPhone Developer";
				COPY_PHASE_STRIP = NO;
				DEBUG_INFORMATION_FORMAT = "dwarf-with-dsym";
				ENABLE_NS_ASSERTIONS = NO;
				ENABLE_STRICT_OBJC_MSGSEND = YES;
				GCC_C_LANGUAGE_STANDARD = gnu99;
				GCC_NO_COMMON_BLOCKS = YES;
				GCC_WARN_64_TO_32_BIT_CONVERSION = YES;
				GCC_WARN_ABOUT_RETURN_TYPE = YES_ERROR;
				GCC_WARN_UNDECLARED_SELECTOR = YES;
				GCC_WARN_UNINITIALIZED_AUTOS = YES_AGGRESSIVE;
				GCC_WARN_UNUSED_FUNCTION = YES;
				GCC_WARN_UNUSED_VARIABLE = YES;
				IPHONEOS_DEPLOYMENT_TARGET = 8.0;
				MTL_ENABLE_DEBUG_INFO = NO;
				SDKROOT = iphoneos;
				SWIFT_COMPILATION_MODE = wholemodule;
				TARGETED_DEVICE_FAMILY = "1,2";
				VALIDATE_PRODUCT = YES;
			};
			name = Release;
		};
		2F51D7861E5C1330009FD40F /* Debug */ = {
			isa = XCBuildConfiguration;
			buildSettings = {
				ASSETCATALOG_COMPILER_APPICON_NAME = AppIcon;
				ASSETCATALOG_COMPILER_LAUNCHIMAGE_NAME = LaunchImage;
				CLANG_ENABLE_MODULES = YES;
				DEVELOPMENT_TEAM = "";
				GCC_PREFIX_HEADER = Example/PrefixHeader.pch;
				GCC_PREPROCESSOR_DEFINITIONS = (
					"DEBUG=1",
					"$(inherited)",
				);
				INFOPLIST_FILE = Example/Info.plist;
				IPHONEOS_DEPLOYMENT_TARGET = 8.0;
				LD_RUNPATH_SEARCH_PATHS = "$(inherited) @executable_path/Frameworks";
				OTHER_LDFLAGS = (
					"$(inherited)",
					"-ObjC",
				);
				PRODUCT_BUNDLE_IDENTIFIER = site.wuyong.Example;
				PRODUCT_NAME = "$(TARGET_NAME)";
				SWIFT_OBJC_BRIDGING_HEADER = Example/BridgingHeader.h;
				SWIFT_OPTIMIZATION_LEVEL = "-Onone";
				SWIFT_VERSION = 4.2;
				TARGETED_DEVICE_FAMILY = "1,2";
			};
			name = Debug;
		};
		2F51D7871E5C1330009FD40F /* Release */ = {
			isa = XCBuildConfiguration;
			buildSettings = {
				ASSETCATALOG_COMPILER_APPICON_NAME = AppIcon;
				ASSETCATALOG_COMPILER_LAUNCHIMAGE_NAME = LaunchImage;
				CLANG_ENABLE_MODULES = YES;
				DEVELOPMENT_TEAM = "";
				GCC_PREFIX_HEADER = Example/PrefixHeader.pch;
				GCC_PREPROCESSOR_DEFINITIONS = "$(inherited)";
				INFOPLIST_FILE = Example/Info.plist;
				IPHONEOS_DEPLOYMENT_TARGET = 8.0;
				LD_RUNPATH_SEARCH_PATHS = "$(inherited) @executable_path/Frameworks";
				OTHER_LDFLAGS = (
					"$(inherited)",
					"-ObjC",
				);
				PRODUCT_BUNDLE_IDENTIFIER = site.wuyong.Example;
				PRODUCT_NAME = "$(TARGET_NAME)";
				SWIFT_OBJC_BRIDGING_HEADER = Example/BridgingHeader.h;
				SWIFT_VERSION = 4.2;
				TARGETED_DEVICE_FAMILY = "1,2";
			};
			name = Release;
		};
		2F593FF82157E7D30022137F /* Debug */ = {
			isa = XCBuildConfiguration;
			buildSettings = {
				ALWAYS_EMBED_SWIFT_STANDARD_LIBRARIES = YES;
				BUNDLE_LOADER = "$(TEST_HOST)";
				CLANG_ANALYZER_NUMBER_OBJECT_CONVERSION = YES_AGGRESSIVE;
				CLANG_CXX_LANGUAGE_STANDARD = "gnu++14";
				CLANG_ENABLE_OBJC_WEAK = YES;
				CLANG_WARN_UNGUARDED_AVAILABILITY = YES_AGGRESSIVE;
				CODE_SIGN_IDENTITY = "iPhone Developer";
				CODE_SIGN_STYLE = Automatic;
				GCC_C_LANGUAGE_STANDARD = gnu11;
				INFOPLIST_FILE = ExampleTests/Info.plist;
				IPHONEOS_DEPLOYMENT_TARGET = 12.0;
				LD_RUNPATH_SEARCH_PATHS = "$(inherited) @executable_path/Frameworks @loader_path/Frameworks";
				MTL_ENABLE_DEBUG_INFO = INCLUDE_SOURCE;
				MTL_FAST_MATH = YES;
				PRODUCT_BUNDLE_IDENTIFIER = site.wuyong.ExampleTests;
				PRODUCT_NAME = "$(TARGET_NAME)";
				TARGETED_DEVICE_FAMILY = "1,2";
				TEST_HOST = "$(BUILT_PRODUCTS_DIR)/Example.app/Example";
			};
			name = Debug;
		};
		2F593FF92157E7D30022137F /* Release */ = {
			isa = XCBuildConfiguration;
			buildSettings = {
				ALWAYS_EMBED_SWIFT_STANDARD_LIBRARIES = YES;
				BUNDLE_LOADER = "$(TEST_HOST)";
				CLANG_ANALYZER_NUMBER_OBJECT_CONVERSION = YES_AGGRESSIVE;
				CLANG_CXX_LANGUAGE_STANDARD = "gnu++14";
				CLANG_ENABLE_OBJC_WEAK = YES;
				CLANG_WARN_UNGUARDED_AVAILABILITY = YES_AGGRESSIVE;
				CODE_SIGN_IDENTITY = "iPhone Developer";
				CODE_SIGN_STYLE = Automatic;
				GCC_C_LANGUAGE_STANDARD = gnu11;
				INFOPLIST_FILE = ExampleTests/Info.plist;
				IPHONEOS_DEPLOYMENT_TARGET = 12.0;
				LD_RUNPATH_SEARCH_PATHS = "$(inherited) @executable_path/Frameworks @loader_path/Frameworks";
				MTL_FAST_MATH = YES;
				PRODUCT_BUNDLE_IDENTIFIER = site.wuyong.ExampleTests;
				PRODUCT_NAME = "$(TARGET_NAME)";
				TARGETED_DEVICE_FAMILY = "1,2";
				TEST_HOST = "$(BUILT_PRODUCTS_DIR)/Example.app/Example";
			};
			name = Release;
		};
		2F5940082157E8BF0022137F /* Debug */ = {
			isa = XCBuildConfiguration;
			buildSettings = {
				ALWAYS_EMBED_SWIFT_STANDARD_LIBRARIES = YES;
				CLANG_ANALYZER_NUMBER_OBJECT_CONVERSION = YES_AGGRESSIVE;
				CLANG_CXX_LANGUAGE_STANDARD = "gnu++14";
				CLANG_ENABLE_OBJC_WEAK = YES;
				CLANG_WARN_UNGUARDED_AVAILABILITY = YES_AGGRESSIVE;
				CODE_SIGN_IDENTITY = "iPhone Developer";
				CODE_SIGN_STYLE = Automatic;
				GCC_C_LANGUAGE_STANDARD = gnu11;
				INFOPLIST_FILE = ExampleUITests/Info.plist;
				IPHONEOS_DEPLOYMENT_TARGET = 12.0;
				LD_RUNPATH_SEARCH_PATHS = "$(inherited) @executable_path/Frameworks @loader_path/Frameworks";
				MTL_ENABLE_DEBUG_INFO = INCLUDE_SOURCE;
				MTL_FAST_MATH = YES;
				PRODUCT_BUNDLE_IDENTIFIER = site.wuyong.ExampleUITests;
				PRODUCT_NAME = "$(TARGET_NAME)";
				TARGETED_DEVICE_FAMILY = "1,2";
				TEST_TARGET_NAME = Example;
			};
			name = Debug;
		};
		2F5940092157E8BF0022137F /* Release */ = {
			isa = XCBuildConfiguration;
			buildSettings = {
				ALWAYS_EMBED_SWIFT_STANDARD_LIBRARIES = YES;
				CLANG_ANALYZER_NUMBER_OBJECT_CONVERSION = YES_AGGRESSIVE;
				CLANG_CXX_LANGUAGE_STANDARD = "gnu++14";
				CLANG_ENABLE_OBJC_WEAK = YES;
				CLANG_WARN_UNGUARDED_AVAILABILITY = YES_AGGRESSIVE;
				CODE_SIGN_IDENTITY = "iPhone Developer";
				CODE_SIGN_STYLE = Automatic;
				GCC_C_LANGUAGE_STANDARD = gnu11;
				INFOPLIST_FILE = ExampleUITests/Info.plist;
				IPHONEOS_DEPLOYMENT_TARGET = 12.0;
				LD_RUNPATH_SEARCH_PATHS = "$(inherited) @executable_path/Frameworks @loader_path/Frameworks";
				MTL_FAST_MATH = YES;
				PRODUCT_BUNDLE_IDENTIFIER = site.wuyong.ExampleUITests;
				PRODUCT_NAME = "$(TARGET_NAME)";
				TARGETED_DEVICE_FAMILY = "1,2";
				TEST_TARGET_NAME = Example;
			};
			name = Release;
		};
/* End XCBuildConfiguration section */

/* Begin XCConfigurationList section */
		2F51D7691E5C1330009FD40F /* Build configuration list for PBXProject "Example" */ = {
			isa = XCConfigurationList;
			buildConfigurations = (
				2F51D7831E5C1330009FD40F /* Debug */,
				2F51D7841E5C1330009FD40F /* Release */,
			);
			defaultConfigurationIsVisible = 0;
			defaultConfigurationName = Release;
		};
		2F51D7851E5C1330009FD40F /* Build configuration list for PBXNativeTarget "Example" */ = {
			isa = XCConfigurationList;
			buildConfigurations = (
				2F51D7861E5C1330009FD40F /* Debug */,
				2F51D7871E5C1330009FD40F /* Release */,
			);
			defaultConfigurationIsVisible = 0;
			defaultConfigurationName = Release;
		};
		2F593FFB2157E7D30022137F /* Build configuration list for PBXNativeTarget "ExampleTests" */ = {
			isa = XCConfigurationList;
			buildConfigurations = (
				2F593FF82157E7D30022137F /* Debug */,
				2F593FF92157E7D30022137F /* Release */,
			);
			defaultConfigurationIsVisible = 0;
			defaultConfigurationName = Release;
		};
		2F5940072157E8BF0022137F /* Build configuration list for PBXNativeTarget "ExampleUITests" */ = {
			isa = XCConfigurationList;
			buildConfigurations = (
				2F5940082157E8BF0022137F /* Debug */,
				2F5940092157E8BF0022137F /* Release */,
			);
			defaultConfigurationIsVisible = 0;
			defaultConfigurationName = Release;
		};
/* End XCConfigurationList section */
	};
	rootObject = 2F51D7661E5C1330009FD40F /* Project object */;
}
